// !$*UTF8*$!
{
	archiveVersion = 1;
	classes = {
	};
	objectVersion = 51;
	objects = {

/* Begin PBXBuildFile section */
		3B14B19A22C5F57800FD9B28 /* TTNavigationController.swift in Sources */ = {isa = PBXBuildFile; fileRef = 3B14B19922C5F57800FD9B28 /* TTNavigationController.swift */; };
		3B14B1A222C5FDCE00FD9B28 /* TTPageContentView.swift in Sources */ = {isa = PBXBuildFile; fileRef = 3B14B1A122C5FDCE00FD9B28 /* TTPageContentView.swift */; };
		3B14B1A422C6038D00FD9B28 /* TTPageStyle.swift in Sources */ = {isa = PBXBuildFile; fileRef = 3B14B1A322C6038D00FD9B28 /* TTPageStyle.swift */; };
		3B14B1A622C60C1600FD9B28 /* TTPageViewProtocol.swift in Sources */ = {isa = PBXBuildFile; fileRef = 3B14B1A522C60C1600FD9B28 /* TTPageViewProtocol.swift */; };
		3B14B1A822C613A700FD9B28 /* TTPageTitleView.swift in Sources */ = {isa = PBXBuildFile; fileRef = 3B14B1A722C613A700FD9B28 /* TTPageTitleView.swift */; };
		3B14B1AA22C9D63800FD9B28 /* TTPageView.swift in Sources */ = {isa = PBXBuildFile; fileRef = 3B14B1A922C9D63800FD9B28 /* TTPageView.swift */; };
		3B14B1AC22C9DD9700FD9B28 /* TTPageViewUntils.swift in Sources */ = {isa = PBXBuildFile; fileRef = 3B14B1AB22C9DD9700FD9B28 /* TTPageViewUntils.swift */; };
		3B14B1AE22C9E79700FD9B28 /* TTPageViewManager.swift in Sources */ = {isa = PBXBuildFile; fileRef = 3B14B1AD22C9E79700FD9B28 /* TTPageViewManager.swift */; };
		3B14B1B422C9EA7300FD9B28 /* TTHomeViewController.swift in Sources */ = {isa = PBXBuildFile; fileRef = 3B14B1B322C9EA7300FD9B28 /* TTHomeViewController.swift */; };
		3B14B1B822C9EC2200FD9B28 /* TTHomeRecommendViewController.swift in Sources */ = {isa = PBXBuildFile; fileRef = 3B14B1B722C9EC2200FD9B28 /* TTHomeRecommendViewController.swift */; };
		3B14B1BB22C9FB0900FD9B28 /* TTFMBasicContentView.swift in Sources */ = {isa = PBXBuildFile; fileRef = 3B14B1BA22C9FB0900FD9B28 /* TTFMBasicContentView.swift */; };
		3B14B1BD22C9FC6900FD9B28 /* TTFMBouncesContentView.swift in Sources */ = {isa = PBXBuildFile; fileRef = 3B14B1BC22C9FC6900FD9B28 /* TTFMBouncesContentView.swift */; };
		3B14B1BF22C9FD5200FD9B28 /* TTFMIrregularityBasicContentView.swift in Sources */ = {isa = PBXBuildFile; fileRef = 3B14B1BE22C9FD5200FD9B28 /* TTFMIrregularityBasicContentView.swift */; };
		3B14B1C422CA0F4400FD9B28 /* TTListenViewController.swift in Sources */ = {isa = PBXBuildFile; fileRef = 3B14B1C322CA0F4400FD9B28 /* TTListenViewController.swift */; };
		3B14B1C722CA0F8400FD9B28 /* TTFindViewController.swift in Sources */ = {isa = PBXBuildFile; fileRef = 3B14B1C622CA0F8400FD9B28 /* TTFindViewController.swift */; };
		3B14B1CB22CA0FB300FD9B28 /* TTPlayViewController.swift in Sources */ = {isa = PBXBuildFile; fileRef = 3B14B1CA22CA0FB300FD9B28 /* TTPlayViewController.swift */; };
		3B14B1CD22CA0FC000FD9B28 /* TTMineViewController.swift in Sources */ = {isa = PBXBuildFile; fileRef = 3B14B1CC22CA0FC000FD9B28 /* TTMineViewController.swift */; };
		3B14B1CF22CAFEBA00FD9B28 /* TTFMRecommendModel.swift in Sources */ = {isa = PBXBuildFile; fileRef = 3B14B1CE22CAFEBA00FD9B28 /* TTFMRecommendModel.swift */; };
		3B14B1D122CB0C7000FD9B28 /* TTFMRecommendAPI.swift in Sources */ = {isa = PBXBuildFile; fileRef = 3B14B1D022CB0C7000FD9B28 /* TTFMRecommendAPI.swift */; };
		3B14B1D322CB470000FD9B28 /* TTFMRecommendViewModel.swift in Sources */ = {isa = PBXBuildFile; fileRef = 3B14B1D222CB470000FD9B28 /* TTFMRecommendViewModel.swift */; };
		3B14B1D522CB5A3600FD9B28 /* TTFMRecommendAdCell.swift in Sources */ = {isa = PBXBuildFile; fileRef = 3B14B1D422CB5A3600FD9B28 /* TTFMRecommendAdCell.swift */; };
		3B14B1D722CB660700FD9B28 /* TTFMRecommendCarouselCell.swift in Sources */ = {isa = PBXBuildFile; fileRef = 3B14B1D622CB660700FD9B28 /* TTFMRecommendCarouselCell.swift */; };
		3B14B1D922CC3FED00FD9B28 /* TTFMRecommendNewsCell.swift in Sources */ = {isa = PBXBuildFile; fileRef = 3B14B1D822CC3FED00FD9B28 /* TTFMRecommendNewsCell.swift */; };
		3B14B1DC22CC402F00FD9B28 /* TTFMRecommendGridCell.swift in Sources */ = {isa = PBXBuildFile; fileRef = 3B14B1DB22CC402F00FD9B28 /* TTFMRecommendGridCell.swift */; };
		3B14B1DF22CC4AB300FD9B28 /* TTCarouselViewCell.swift in Sources */ = {isa = PBXBuildFile; fileRef = 3B14B1DE22CC4AB300FD9B28 /* TTCarouselViewCell.swift */; };
		3B14B1E122CC7BAA00FD9B28 /* TTCarouselCollectionView.swift in Sources */ = {isa = PBXBuildFile; fileRef = 3B14B1E022CC7BAA00FD9B28 /* TTCarouselCollectionView.swift */; };
		3B14B1E322CC7DE900FD9B28 /* TTCarouselView.swift in Sources */ = {isa = PBXBuildFile; fileRef = 3B14B1E222CC7DE900FD9B28 /* TTCarouselView.swift */; };
		3B14B1E522CC802D00FD9B28 /* TTCarouselViewProtocol.swift in Sources */ = {isa = PBXBuildFile; fileRef = 3B14B1E422CC802D00FD9B28 /* TTCarouselViewProtocol.swift */; };
		3B14B1E722CC8B1500FD9B28 /* TTCarouselViewTransformer.swift in Sources */ = {isa = PBXBuildFile; fileRef = 3B14B1E622CC8B1500FD9B28 /* TTCarouselViewTransformer.swift */; };
		3B14B1E922CC993400FD9B28 /* TTCarouselViewLayoutAttributes.swift in Sources */ = {isa = PBXBuildFile; fileRef = 3B14B1E822CC993400FD9B28 /* TTCarouselViewLayoutAttributes.swift */; };
		3B14B1EB22CCA51000FD9B28 /* TTCarouselViewLayout.swift in Sources */ = {isa = PBXBuildFile; fileRef = 3B14B1EA22CCA51000FD9B28 /* TTCarouselViewLayout.swift */; };
		3B14B1EE22CE011A00FD9B28 /* TTFMRecommendGuessULikeCell.swift in Sources */ = {isa = PBXBuildFile; fileRef = 3B14B1ED22CE011900FD9B28 /* TTFMRecommendGuessULikeCell.swift */; };
		3B14B1F022CEEB0F00FD9B28 /* TTFMGuessULikeCell.swift in Sources */ = {isa = PBXBuildFile; fileRef = 3B14B1EF22CEEB0E00FD9B28 /* TTFMGuessULikeCell.swift */; };
		3B14B1F322CF067E00FD9B28 /* TTFMRecommendHeaderView.swift in Sources */ = {isa = PBXBuildFile; fileRef = 3B14B1F222CF067E00FD9B28 /* TTFMRecommendHeaderView.swift */; };
		3B14B1F522CF1EEC00FD9B28 /* TTFMRecommendFooterView.swift in Sources */ = {isa = PBXBuildFile; fileRef = 3B14B1F422CF1EEC00FD9B28 /* TTFMRecommendFooterView.swift */; };
		3B14B1F722CF454E00FD9B28 /* TTFMRecommendSquareCell.swift in Sources */ = {isa = PBXBuildFile; fileRef = 3B14B1F622CF454E00FD9B28 /* TTFMRecommendSquareCell.swift */; };
		3B14B1FC22CF4F3100FD9B28 /* TTFMRecommendAudioBookCell.swift in Sources */ = {isa = PBXBuildFile; fileRef = 3B14B1FB22CF4F3100FD9B28 /* TTFMRecommendAudioBookCell.swift */; };
		3B14B1FE22CF58A100FD9B28 /* TTFMAudioBookCell.swift in Sources */ = {isa = PBXBuildFile; fileRef = 3B14B1FD22CF58A100FD9B28 /* TTFMAudioBookCell.swift */; };
		3B14B20022CF614000FD9B28 /* String.swift in Sources */ = {isa = PBXBuildFile; fileRef = 3B14B1FF22CF614000FD9B28 /* String.swift */; };
		3B14B20322D2D6E600FD9B28 /* TTFMReCommendOneKeyListenCell.swift in Sources */ = {isa = PBXBuildFile; fileRef = 3B14B20222D2D6E600FD9B28 /* TTFMReCommendOneKeyListenCell.swift */; };
		3B14B20522D2DE5000FD9B28 /* TTFMOneKeyListenCell.swift in Sources */ = {isa = PBXBuildFile; fileRef = 3B14B20422D2DE5000FD9B28 /* TTFMOneKeyListenCell.swift */; };
		3B14B20822D2ED0B00FD9B28 /* TTFMRecommendLiveCell.swift in Sources */ = {isa = PBXBuildFile; fileRef = 3B14B20722D2ED0B00FD9B28 /* TTFMRecommendLiveCell.swift */; };
		3B14B20A22D2EE3C00FD9B28 /* TTFMLiveCell.swift in Sources */ = {isa = PBXBuildFile; fileRef = 3B14B20922D2EE3C00FD9B28 /* TTFMLiveCell.swift */; };
		3B14B20D22D30E8C00FD9B28 /* TTReplicatorLayer.swift in Sources */ = {isa = PBXBuildFile; fileRef = 3B14B20C22D30E8C00FD9B28 /* TTReplicatorLayer.swift */; };
		3B14B21022D317AE00FD9B28 /* TTFMRecommendForUCell.swift in Sources */ = {isa = PBXBuildFile; fileRef = 3B14B20F22D317AE00FD9B28 /* TTFMRecommendForUCell.swift */; };
		3B14B21222D3188300FD9B28 /* TTFMForUCell.swift in Sources */ = {isa = PBXBuildFile; fileRef = 3B14B21122D3188300FD9B28 /* TTFMForUCell.swift */; };
		3B14B21922D3331500FD9B28 /* TTHomeCategoryViewController.swift in Sources */ = {isa = PBXBuildFile; fileRef = 3B14B21822D3331500FD9B28 /* TTHomeCategoryViewController.swift */; };
		3B14B21B22D33D6A00FD9B28 /* TTFMCategoryModel.swift in Sources */ = {isa = PBXBuildFile; fileRef = 3B14B21A22D33D6A00FD9B28 /* TTFMCategoryModel.swift */; };
		3B14B21D22D33F0100FD9B28 /* TTFMCategoryViewModel.swift in Sources */ = {isa = PBXBuildFile; fileRef = 3B14B21C22D33F0100FD9B28 /* TTFMCategoryViewModel.swift */; };
		3B14B21F22D42A3500FD9B28 /* TTFMCategoryAPI.swift in Sources */ = {isa = PBXBuildFile; fileRef = 3B14B21E22D42A3400FD9B28 /* TTFMCategoryAPI.swift */; };
		3B14B22122D4371E00FD9B28 /* TTFMCategoryCell.swift in Sources */ = {isa = PBXBuildFile; fileRef = 3B14B22022D4371E00FD9B28 /* TTFMCategoryCell.swift */; };
		3B14B22322D43EAA00FD9B28 /* TTFMCategoryHeaderView.swift in Sources */ = {isa = PBXBuildFile; fileRef = 3B14B22222D43EAA00FD9B28 /* TTFMCategoryHeaderView.swift */; };
		3B14B22522D43FE900FD9B28 /* TTFMCategoryFooterView.swift in Sources */ = {isa = PBXBuildFile; fileRef = 3B14B22422D43FE900FD9B28 /* TTFMCategoryFooterView.swift */; };
		3B14B22B22D444C100FD9B28 /* TTHomeVIPViewController.swift in Sources */ = {isa = PBXBuildFile; fileRef = 3B14B22A22D444C100FD9B28 /* TTHomeVIPViewController.swift */; };
		3B14B22D22D4675D00FD9B28 /* TTFMHomeVipModel.swift in Sources */ = {isa = PBXBuildFile; fileRef = 3B14B22C22D4675D00FD9B28 /* TTFMHomeVipModel.swift */; };
		3B14B22F22D46D6A00FD9B28 /* TTFMHomeVipViewModel.swift in Sources */ = {isa = PBXBuildFile; fileRef = 3B14B22E22D46D6A00FD9B28 /* TTFMHomeVipViewModel.swift */; };
		3B14B23122D4705200FD9B28 /* TTFMHomeVipAPI.swift in Sources */ = {isa = PBXBuildFile; fileRef = 3B14B23022D4705200FD9B28 /* TTFMHomeVipAPI.swift */; };
		3B14B23322D4909000FD9B28 /* TTFMVipBannerCell.swift in Sources */ = {isa = PBXBuildFile; fileRef = 3B14B23222D4909000FD9B28 /* TTFMVipBannerCell.swift */; };
		3B14B23522D4A46F00FD9B28 /* TTFMVipHeaderView.swift in Sources */ = {isa = PBXBuildFile; fileRef = 3B14B23422D4A46F00FD9B28 /* TTFMVipHeaderView.swift */; };
		3B14B23722D57D1100FD9B28 /* TTFMVipFooterView.swift in Sources */ = {isa = PBXBuildFile; fileRef = 3B14B23622D57D1100FD9B28 /* TTFMVipFooterView.swift */; };
		3B14B23922D581B700FD9B28 /* TTFMVipCategoryCell.swift in Sources */ = {isa = PBXBuildFile; fileRef = 3B14B23822D581B700FD9B28 /* TTFMVipCategoryCell.swift */; };
		3B14B23C22D5835200FD9B28 /* TTFMVipCategoryButtonCell.swift in Sources */ = {isa = PBXBuildFile; fileRef = 3B14B23B22D5835200FD9B28 /* TTFMVipCategoryButtonCell.swift */; };
		3B14B23F22D590A900FD9B28 /* TTFMHomeVipHotCell.swift in Sources */ = {isa = PBXBuildFile; fileRef = 3B14B23E22D590A900FD9B28 /* TTFMHomeVipHotCell.swift */; };
		3B14B24122D5B1C500FD9B28 /* TTFMVipHotCell.swift in Sources */ = {isa = PBXBuildFile; fileRef = 3B14B24022D5B1C500FD9B28 /* TTFMVipHotCell.swift */; };
		3B14B24522D5B70900FD9B28 /* TTFMHomeVipEnjoyCell.swift in Sources */ = {isa = PBXBuildFile; fileRef = 3B14B24422D5B70900FD9B28 /* TTFMHomeVipEnjoyCell.swift */; };
		3B14B24722D5B71F00FD9B28 /* TTFMVipEnjoyCell.swift in Sources */ = {isa = PBXBuildFile; fileRef = 3B14B24622D5B71F00FD9B28 /* TTFMVipEnjoyCell.swift */; };
		3B14B24A22D5BDA200FD9B28 /* TTFMHomeVipCell.swift in Sources */ = {isa = PBXBuildFile; fileRef = 3B14B24922D5BDA200FD9B28 /* TTFMHomeVipCell.swift */; };
		3B14B25022D5C35800FD9B28 /* TTHomeLiveViewController.swift in Sources */ = {isa = PBXBuildFile; fileRef = 3B14B24F22D5C35800FD9B28 /* TTHomeLiveViewController.swift */; };
		3B14B25222D5C6A200FD9B28 /* TTHomeLiveModel.swift in Sources */ = {isa = PBXBuildFile; fileRef = 3B14B25122D5C6A200FD9B28 /* TTHomeLiveModel.swift */; };
		3B14B25422D5CA2D00FD9B28 /* TTFMHomeLiveViewModel.swift in Sources */ = {isa = PBXBuildFile; fileRef = 3B14B25322D5CA2D00FD9B28 /* TTFMHomeLiveViewModel.swift */; };
		3B14B25622D5CB6200FD9B28 /* TTFMHomeLiveAPI.swift in Sources */ = {isa = PBXBuildFile; fileRef = 3B14B25522D5CB6200FD9B28 /* TTFMHomeLiveAPI.swift */; };
		3B14B25822D5EB4700FD9B28 /* TTFMHomeLiveBannerCell.swift in Sources */ = {isa = PBXBuildFile; fileRef = 3B14B25722D5EB4700FD9B28 /* TTFMHomeLiveBannerCell.swift */; };
		3B14B25A22D5EF4600FD9B28 /* TTFMHomeLiveHeaderView.swift in Sources */ = {isa = PBXBuildFile; fileRef = 3B14B25922D5EF4600FD9B28 /* TTFMHomeLiveHeaderView.swift */; };
		3B14B25E22D6CEB700FD9B28 /* TTFMLiveCategoryCell.swift in Sources */ = {isa = PBXBuildFile; fileRef = 3B14B25D22D6CEB700FD9B28 /* TTFMLiveCategoryCell.swift */; };
		3B14B26122D6D18E00FD9B28 /* TTFMHomeLiveCategoryCell.swift in Sources */ = {isa = PBXBuildFile; fileRef = 3B14B26022D6D18E00FD9B28 /* TTFMHomeLiveCategoryCell.swift */; };
		3B14B26422D6D57400FD9B28 /* TTFMHomeLiveRankCell.swift in Sources */ = {isa = PBXBuildFile; fileRef = 3B14B26322D6D57400FD9B28 /* TTFMHomeLiveRankCell.swift */; };
		3B14B26622D6D58C00FD9B28 /* TTFMLiveRankCell.swift in Sources */ = {isa = PBXBuildFile; fileRef = 3B14B26522D6D58C00FD9B28 /* TTFMLiveRankCell.swift */; };
		3B14B26822D6E84F00FD9B28 /* TTFMHomeLiveFooterView.swift in Sources */ = {isa = PBXBuildFile; fileRef = 3B14B26722D6E84F00FD9B28 /* TTFMHomeLiveFooterView.swift */; };
		3B14B26A22D7017A00FD9B28 /* TTFMHomeLiveRecommendCell.swift in Sources */ = {isa = PBXBuildFile; fileRef = 3B14B26922D7017A00FD9B28 /* TTFMHomeLiveRecommendCell.swift */; };
		3B14B27022D70B2900FD9B28 /* TTHomeBroadcastViewController.swift in Sources */ = {isa = PBXBuildFile; fileRef = 3B14B26F22D70B2900FD9B28 /* TTHomeBroadcastViewController.swift */; };
		3B14B27222D70C5C00FD9B28 /* TTFMHomeBroadcastAPI.swift in Sources */ = {isa = PBXBuildFile; fileRef = 3B14B27122D70C5C00FD9B28 /* TTFMHomeBroadcastAPI.swift */; };
		3B14B27422D70ECA00FD9B28 /* TTFMHomeBroadcastViewModel.swift in Sources */ = {isa = PBXBuildFile; fileRef = 3B14B27322D70ECA00FD9B28 /* TTFMHomeBroadcastViewModel.swift */; };
		3B14B27622D70EE600FD9B28 /* TTFMHomeBroadcastModel.swift in Sources */ = {isa = PBXBuildFile; fileRef = 3B14B27522D70EE600FD9B28 /* TTFMHomeBroadcastModel.swift */; };
		3B14B33722DC1B3E00FD9B28 /* TTFMHomeBroadcastHeaderView.swift in Sources */ = {isa = PBXBuildFile; fileRef = 3B14B33622DC1B3E00FD9B28 /* TTFMHomeBroadcastHeaderView.swift */; };
		3B14B33922DC1D5B00FD9B28 /* TTFMHomeBroadcastFooterView.swift in Sources */ = {isa = PBXBuildFile; fileRef = 3B14B33822DC1D5B00FD9B28 /* TTFMHomeBroadcastFooterView.swift */; };
		3B14B33B22DC1EFB00FD9B28 /* TTFMBroadcastRadioCell.swift in Sources */ = {isa = PBXBuildFile; fileRef = 3B14B33A22DC1EFB00FD9B28 /* TTFMBroadcastRadioCell.swift */; };
		3B14B33E22DC4C0E00FD9B28 /* TTFMRadioSquareResultsCell.swift in Sources */ = {isa = PBXBuildFile; fileRef = 3B14B33D22DC4C0E00FD9B28 /* TTFMRadioSquareResultsCell.swift */; };
		3B14B34022DC4C2700FD9B28 /* TTFMRadioSquareCell.swift in Sources */ = {isa = PBXBuildFile; fileRef = 3B14B33F22DC4C2700FD9B28 /* TTFMRadioSquareCell.swift */; };
		3B14B34322DC583700FD9B28 /* TTFMRadioExpandableCell.swift in Sources */ = {isa = PBXBuildFile; fileRef = 3B14B34222DC583700FD9B28 /* TTFMRadioExpandableCell.swift */; };
		3B1B9DAD22EACEA20053627E /* TTListenApi.swift in Sources */ = {isa = PBXBuildFile; fileRef = 3B1B9DAC22EACEA20053627E /* TTListenApi.swift */; };
		3B1B9DAF22EAD9500053627E /* listenMoreChannel.json in Resources */ = {isa = PBXBuildFile; fileRef = 3B1B9DAE22EAD9500053627E /* listenMoreChannel.json */; };
		3B1B9DB222EAD95E0053627E /* listenSubscibe.json in Resources */ = {isa = PBXBuildFile; fileRef = 3B1B9DB022EAD95E0053627E /* listenSubscibe.json */; };
		3B1B9DB322EAD95E0053627E /* listenRecommend.json in Resources */ = {isa = PBXBuildFile; fileRef = 3B1B9DB122EAD95E0053627E /* listenRecommend.json */; };
		3B1B9DB622EAD99B0053627E /* TTListenModel.swift in Sources */ = {isa = PBXBuildFile; fileRef = 3B1B9DB522EAD99B0053627E /* TTListenModel.swift */; };
		3B1B9DB822EADE7C0053627E /* TTFMListenHeaderView.swift in Sources */ = {isa = PBXBuildFile; fileRef = 3B1B9DB722EADE7C0053627E /* TTFMListenHeaderView.swift */; };
		3B1B9DBE22EAF65A0053627E /* TTFMListenSubscribeVC.swift in Sources */ = {isa = PBXBuildFile; fileRef = 3B1B9DBD22EAF65A0053627E /* TTFMListenSubscribeVC.swift */; };
		3B1B9DC422EAF6D30053627E /* TTFMListenChannelVC.swift in Sources */ = {isa = PBXBuildFile; fileRef = 3B1B9DC322EAF6D30053627E /* TTFMListenChannelVC.swift */; };
		3B1B9DCA22EAF7300053627E /* TTFMListenRecommendVC.swift in Sources */ = {isa = PBXBuildFile; fileRef = 3B1B9DC922EAF7300053627E /* TTFMListenRecommendVC.swift */; };
		3B20FC5E22C34F940026F0C8 /* AppDelegate.swift in Sources */ = {isa = PBXBuildFile; fileRef = 3B20FC5D22C34F940026F0C8 /* AppDelegate.swift */; };
		3B20FC6322C34F940026F0C8 /* Main.storyboard in Resources */ = {isa = PBXBuildFile; fileRef = 3B20FC6122C34F940026F0C8 /* Main.storyboard */; };
		3B20FC6522C34F980026F0C8 /* Assets.xcassets in Resources */ = {isa = PBXBuildFile; fileRef = 3B20FC6422C34F980026F0C8 /* Assets.xcassets */; };
		3B20FC6822C34F980026F0C8 /* LaunchScreen.storyboard in Resources */ = {isa = PBXBuildFile; fileRef = 3B20FC6622C34F980026F0C8 /* LaunchScreen.storyboard */; };
		3B20FC7322C34F980026F0C8 /* TTXMLYTests.swift in Sources */ = {isa = PBXBuildFile; fileRef = 3B20FC7222C34F980026F0C8 /* TTXMLYTests.swift */; };
		3B20FC8322C3609B0026F0C8 /* TTNavigationBar.swift in Sources */ = {isa = PBXBuildFile; fileRef = 3B20FC8222C3609B0026F0C8 /* TTNavigationBar.swift */; };
		3B20FC8722C363F50026F0C8 /* UIApplication.swift in Sources */ = {isa = PBXBuildFile; fileRef = 3B20FC8622C363F50026F0C8 /* UIApplication.swift */; };
		3B20FC8922C364230026F0C8 /* UIViewController.swift in Sources */ = {isa = PBXBuildFile; fileRef = 3B20FC8822C364230026F0C8 /* UIViewController.swift */; };
		3B20FC8B22C3769D0026F0C8 /* DispatchQueue.swift in Sources */ = {isa = PBXBuildFile; fileRef = 3B20FC8A22C3769D0026F0C8 /* DispatchQueue.swift */; };
		3B20FC8E22C379B40026F0C8 /* Utils.swift in Sources */ = {isa = PBXBuildFile; fileRef = 3B20FC8D22C379B40026F0C8 /* Utils.swift */; };
		3B20FC9022C37D0B0026F0C8 /* UINavigationController.swift in Sources */ = {isa = PBXBuildFile; fileRef = 3B20FC8F22C37D0B0026F0C8 /* UINavigationController.swift */; };
		3B20FC9222C380F70026F0C8 /* UINavigationBar.swift in Sources */ = {isa = PBXBuildFile; fileRef = 3B20FC9122C380F70026F0C8 /* UINavigationBar.swift */; };
		3B20FC9422C46C4D0026F0C8 /* TTCustomNavBar.swift in Sources */ = {isa = PBXBuildFile; fileRef = 3B20FC9322C46C4D0026F0C8 /* TTCustomNavBar.swift */; };
		3B20FC9622C46E360026F0C8 /* UIButton.swift in Sources */ = {isa = PBXBuildFile; fileRef = 3B20FC9522C46E360026F0C8 /* UIButton.swift */; };
		3B7D67F925F0B67B00F93EF7 /* TTFMRecommendViewCellDelegate.swift in Sources */ = {isa = PBXBuildFile; fileRef = 3B7D67F825F0B67B00F93EF7 /* TTFMRecommendViewCellDelegate.swift */; };
		3B7D680825F0BF4F00F93EF7 /* TTFMNetworkManger.swift in Sources */ = {isa = PBXBuildFile; fileRef = 3B7D680725F0BF4F00F93EF7 /* TTFMNetworkManger.swift */; };
		3B7D680F25F1E25400F93EF7 /* TTFMSubCategoryHorizontalCell.swift in Sources */ = {isa = PBXBuildFile; fileRef = 3B7D680D25F1E25400F93EF7 /* TTFMSubCategoryHorizontalCell.swift */; };
		3B7D681025F1E25500F93EF7 /* TTFMSubCategoryHorizontalCell.xib in Resources */ = {isa = PBXBuildFile; fileRef = 3B7D680E25F1E25400F93EF7 /* TTFMSubCategoryHorizontalCell.xib */; };
		3B7D681725F1E5B500F93EF7 /* TTFMSubCategoryApi.swift in Sources */ = {isa = PBXBuildFile; fileRef = 3B7D681625F1E5B500F93EF7 /* TTFMSubCategoryApi.swift */; };
		3B7D681E25F214B100F93EF7 /* TTFMSubCategoryViewModel.swift in Sources */ = {isa = PBXBuildFile; fileRef = 3B7D681D25F214B100F93EF7 /* TTFMSubCategoryViewModel.swift */; };
		3B7D682425F216F300F93EF7 /* TTFMSubCategoryMainController.swift in Sources */ = {isa = PBXBuildFile; fileRef = 3B7D682325F216F300F93EF7 /* TTFMSubCategoryMainController.swift */; };
		C7047EA6CA7202593720AD26 /* Pods_TTXMLY.framework in Frameworks */ = {isa = PBXBuildFile; fileRef = 10AE901FB3A2A4747D2F0959 /* Pods_TTXMLY.framework */; };
		F03BDD1DAB37361FD671F15F /* Pods_TTXMLYTests.framework in Frameworks */ = {isa = PBXBuildFile; fileRef = DE126CF8AC4EEA7CA656E633 /* Pods_TTXMLYTests.framework */; };
/* End PBXBuildFile section */

/* Begin PBXContainerItemProxy section */
		3B20FC6F22C34F980026F0C8 /* PBXContainerItemProxy */ = {
			isa = PBXContainerItemProxy;
			containerPortal = 3B20FC5222C34F940026F0C8 /* Project object */;
			proxyType = 1;
			remoteGlobalIDString = 3B20FC5922C34F940026F0C8;
			remoteInfo = TTXMLY;
		};
/* End PBXContainerItemProxy section */

/* Begin PBXFileReference section */
		10AE901FB3A2A4747D2F0959 /* Pods_TTXMLY.framework */ = {isa = PBXFileReference; explicitFileType = wrapper.framework; includeInIndex = 0; path = Pods_TTXMLY.framework; sourceTree = BUILT_PRODUCTS_DIR; };
		3B14B19922C5F57800FD9B28 /* TTNavigationController.swift */ = {isa = PBXFileReference; lastKnownFileType = sourcecode.swift; path = TTNavigationController.swift; sourceTree = "<group>"; };
		3B14B1A122C5FDCE00FD9B28 /* TTPageContentView.swift */ = {isa = PBXFileReference; lastKnownFileType = sourcecode.swift; path = TTPageContentView.swift; sourceTree = "<group>"; };
		3B14B1A322C6038D00FD9B28 /* TTPageStyle.swift */ = {isa = PBXFileReference; lastKnownFileType = sourcecode.swift; path = TTPageStyle.swift; sourceTree = "<group>"; };
		3B14B1A522C60C1600FD9B28 /* TTPageViewProtocol.swift */ = {isa = PBXFileReference; lastKnownFileType = sourcecode.swift; path = TTPageViewProtocol.swift; sourceTree = "<group>"; };
		3B14B1A722C613A700FD9B28 /* TTPageTitleView.swift */ = {isa = PBXFileReference; lastKnownFileType = sourcecode.swift; path = TTPageTitleView.swift; sourceTree = "<group>"; };
		3B14B1A922C9D63800FD9B28 /* TTPageView.swift */ = {isa = PBXFileReference; lastKnownFileType = sourcecode.swift; path = TTPageView.swift; sourceTree = "<group>"; };
		3B14B1AB22C9DD9700FD9B28 /* TTPageViewUntils.swift */ = {isa = PBXFileReference; lastKnownFileType = sourcecode.swift; path = TTPageViewUntils.swift; sourceTree = "<group>"; };
		3B14B1AD22C9E79700FD9B28 /* TTPageViewManager.swift */ = {isa = PBXFileReference; lastKnownFileType = sourcecode.swift; path = TTPageViewManager.swift; sourceTree = "<group>"; };
		3B14B1B322C9EA7300FD9B28 /* TTHomeViewController.swift */ = {isa = PBXFileReference; lastKnownFileType = sourcecode.swift; path = TTHomeViewController.swift; sourceTree = "<group>"; };
		3B14B1B722C9EC2200FD9B28 /* TTHomeRecommendViewController.swift */ = {isa = PBXFileReference; lastKnownFileType = sourcecode.swift; path = TTHomeRecommendViewController.swift; sourceTree = "<group>"; };
		3B14B1BA22C9FB0900FD9B28 /* TTFMBasicContentView.swift */ = {isa = PBXFileReference; lastKnownFileType = sourcecode.swift; path = TTFMBasicContentView.swift; sourceTree = "<group>"; };
		3B14B1BC22C9FC6900FD9B28 /* TTFMBouncesContentView.swift */ = {isa = PBXFileReference; lastKnownFileType = sourcecode.swift; path = TTFMBouncesContentView.swift; sourceTree = "<group>"; };
		3B14B1BE22C9FD5200FD9B28 /* TTFMIrregularityBasicContentView.swift */ = {isa = PBXFileReference; lastKnownFileType = sourcecode.swift; path = TTFMIrregularityBasicContentView.swift; sourceTree = "<group>"; };
		3B14B1C322CA0F4400FD9B28 /* TTListenViewController.swift */ = {isa = PBXFileReference; lastKnownFileType = sourcecode.swift; path = TTListenViewController.swift; sourceTree = "<group>"; };
		3B14B1C622CA0F8400FD9B28 /* TTFindViewController.swift */ = {isa = PBXFileReference; lastKnownFileType = sourcecode.swift; path = TTFindViewController.swift; sourceTree = "<group>"; };
		3B14B1CA22CA0FB300FD9B28 /* TTPlayViewController.swift */ = {isa = PBXFileReference; lastKnownFileType = sourcecode.swift; path = TTPlayViewController.swift; sourceTree = "<group>"; };
		3B14B1CC22CA0FC000FD9B28 /* TTMineViewController.swift */ = {isa = PBXFileReference; lastKnownFileType = sourcecode.swift; path = TTMineViewController.swift; sourceTree = "<group>"; };
		3B14B1CE22CAFEBA00FD9B28 /* TTFMRecommendModel.swift */ = {isa = PBXFileReference; lastKnownFileType = sourcecode.swift; path = TTFMRecommendModel.swift; sourceTree = "<group>"; };
		3B14B1D022CB0C7000FD9B28 /* TTFMRecommendAPI.swift */ = {isa = PBXFileReference; lastKnownFileType = sourcecode.swift; path = TTFMRecommendAPI.swift; sourceTree = "<group>"; };
		3B14B1D222CB470000FD9B28 /* TTFMRecommendViewModel.swift */ = {isa = PBXFileReference; lastKnownFileType = sourcecode.swift; path = TTFMRecommendViewModel.swift; sourceTree = "<group>"; };
		3B14B1D422CB5A3600FD9B28 /* TTFMRecommendAdCell.swift */ = {isa = PBXFileReference; lastKnownFileType = sourcecode.swift; path = TTFMRecommendAdCell.swift; sourceTree = "<group>"; };
		3B14B1D622CB660700FD9B28 /* TTFMRecommendCarouselCell.swift */ = {isa = PBXFileReference; lastKnownFileType = sourcecode.swift; path = TTFMRecommendCarouselCell.swift; sourceTree = "<group>"; };
		3B14B1D822CC3FED00FD9B28 /* TTFMRecommendNewsCell.swift */ = {isa = PBXFileReference; lastKnownFileType = sourcecode.swift; path = TTFMRecommendNewsCell.swift; sourceTree = "<group>"; };
		3B14B1DB22CC402F00FD9B28 /* TTFMRecommendGridCell.swift */ = {isa = PBXFileReference; lastKnownFileType = sourcecode.swift; path = TTFMRecommendGridCell.swift; sourceTree = "<group>"; };
		3B14B1DE22CC4AB300FD9B28 /* TTCarouselViewCell.swift */ = {isa = PBXFileReference; lastKnownFileType = sourcecode.swift; path = TTCarouselViewCell.swift; sourceTree = "<group>"; };
		3B14B1E022CC7BAA00FD9B28 /* TTCarouselCollectionView.swift */ = {isa = PBXFileReference; lastKnownFileType = sourcecode.swift; path = TTCarouselCollectionView.swift; sourceTree = "<group>"; };
		3B14B1E222CC7DE900FD9B28 /* TTCarouselView.swift */ = {isa = PBXFileReference; lastKnownFileType = sourcecode.swift; path = TTCarouselView.swift; sourceTree = "<group>"; };
		3B14B1E422CC802D00FD9B28 /* TTCarouselViewProtocol.swift */ = {isa = PBXFileReference; lastKnownFileType = sourcecode.swift; path = TTCarouselViewProtocol.swift; sourceTree = "<group>"; };
		3B14B1E622CC8B1500FD9B28 /* TTCarouselViewTransformer.swift */ = {isa = PBXFileReference; lastKnownFileType = sourcecode.swift; path = TTCarouselViewTransformer.swift; sourceTree = "<group>"; };
		3B14B1E822CC993400FD9B28 /* TTCarouselViewLayoutAttributes.swift */ = {isa = PBXFileReference; lastKnownFileType = sourcecode.swift; path = TTCarouselViewLayoutAttributes.swift; sourceTree = "<group>"; };
		3B14B1EA22CCA51000FD9B28 /* TTCarouselViewLayout.swift */ = {isa = PBXFileReference; lastKnownFileType = sourcecode.swift; path = TTCarouselViewLayout.swift; sourceTree = "<group>"; };
		3B14B1ED22CE011900FD9B28 /* TTFMRecommendGuessULikeCell.swift */ = {isa = PBXFileReference; lastKnownFileType = sourcecode.swift; path = TTFMRecommendGuessULikeCell.swift; sourceTree = "<group>"; };
		3B14B1EF22CEEB0E00FD9B28 /* TTFMGuessULikeCell.swift */ = {isa = PBXFileReference; lastKnownFileType = sourcecode.swift; path = TTFMGuessULikeCell.swift; sourceTree = "<group>"; };
		3B14B1F222CF067E00FD9B28 /* TTFMRecommendHeaderView.swift */ = {isa = PBXFileReference; lastKnownFileType = sourcecode.swift; path = TTFMRecommendHeaderView.swift; sourceTree = "<group>"; };
		3B14B1F422CF1EEC00FD9B28 /* TTFMRecommendFooterView.swift */ = {isa = PBXFileReference; lastKnownFileType = sourcecode.swift; path = TTFMRecommendFooterView.swift; sourceTree = "<group>"; };
		3B14B1F622CF454E00FD9B28 /* TTFMRecommendSquareCell.swift */ = {isa = PBXFileReference; lastKnownFileType = sourcecode.swift; path = TTFMRecommendSquareCell.swift; sourceTree = "<group>"; };
		3B14B1FB22CF4F3100FD9B28 /* TTFMRecommendAudioBookCell.swift */ = {isa = PBXFileReference; lastKnownFileType = sourcecode.swift; path = TTFMRecommendAudioBookCell.swift; sourceTree = "<group>"; };
		3B14B1FD22CF58A100FD9B28 /* TTFMAudioBookCell.swift */ = {isa = PBXFileReference; lastKnownFileType = sourcecode.swift; path = TTFMAudioBookCell.swift; sourceTree = "<group>"; };
		3B14B1FF22CF614000FD9B28 /* String.swift */ = {isa = PBXFileReference; lastKnownFileType = sourcecode.swift; path = String.swift; sourceTree = "<group>"; };
		3B14B20222D2D6E600FD9B28 /* TTFMReCommendOneKeyListenCell.swift */ = {isa = PBXFileReference; lastKnownFileType = sourcecode.swift; path = TTFMReCommendOneKeyListenCell.swift; sourceTree = "<group>"; };
		3B14B20422D2DE5000FD9B28 /* TTFMOneKeyListenCell.swift */ = {isa = PBXFileReference; lastKnownFileType = sourcecode.swift; path = TTFMOneKeyListenCell.swift; sourceTree = "<group>"; };
		3B14B20722D2ED0B00FD9B28 /* TTFMRecommendLiveCell.swift */ = {isa = PBXFileReference; lastKnownFileType = sourcecode.swift; path = TTFMRecommendLiveCell.swift; sourceTree = "<group>"; };
		3B14B20922D2EE3C00FD9B28 /* TTFMLiveCell.swift */ = {isa = PBXFileReference; lastKnownFileType = sourcecode.swift; path = TTFMLiveCell.swift; sourceTree = "<group>"; };
		3B14B20C22D30E8C00FD9B28 /* TTReplicatorLayer.swift */ = {isa = PBXFileReference; lastKnownFileType = sourcecode.swift; path = TTReplicatorLayer.swift; sourceTree = "<group>"; };
		3B14B20F22D317AE00FD9B28 /* TTFMRecommendForUCell.swift */ = {isa = PBXFileReference; lastKnownFileType = sourcecode.swift; path = TTFMRecommendForUCell.swift; sourceTree = "<group>"; };
		3B14B21122D3188300FD9B28 /* TTFMForUCell.swift */ = {isa = PBXFileReference; lastKnownFileType = sourcecode.swift; path = TTFMForUCell.swift; sourceTree = "<group>"; };
		3B14B21822D3331500FD9B28 /* TTHomeCategoryViewController.swift */ = {isa = PBXFileReference; lastKnownFileType = sourcecode.swift; path = TTHomeCategoryViewController.swift; sourceTree = "<group>"; };
		3B14B21A22D33D6A00FD9B28 /* TTFMCategoryModel.swift */ = {isa = PBXFileReference; lastKnownFileType = sourcecode.swift; path = TTFMCategoryModel.swift; sourceTree = "<group>"; };
		3B14B21C22D33F0100FD9B28 /* TTFMCategoryViewModel.swift */ = {isa = PBXFileReference; lastKnownFileType = sourcecode.swift; path = TTFMCategoryViewModel.swift; sourceTree = "<group>"; };
		3B14B21E22D42A3400FD9B28 /* TTFMCategoryAPI.swift */ = {isa = PBXFileReference; lastKnownFileType = sourcecode.swift; path = TTFMCategoryAPI.swift; sourceTree = "<group>"; };
		3B14B22022D4371E00FD9B28 /* TTFMCategoryCell.swift */ = {isa = PBXFileReference; lastKnownFileType = sourcecode.swift; path = TTFMCategoryCell.swift; sourceTree = "<group>"; };
		3B14B22222D43EAA00FD9B28 /* TTFMCategoryHeaderView.swift */ = {isa = PBXFileReference; lastKnownFileType = sourcecode.swift; path = TTFMCategoryHeaderView.swift; sourceTree = "<group>"; };
		3B14B22422D43FE900FD9B28 /* TTFMCategoryFooterView.swift */ = {isa = PBXFileReference; lastKnownFileType = sourcecode.swift; path = TTFMCategoryFooterView.swift; sourceTree = "<group>"; };
		3B14B22A22D444C100FD9B28 /* TTHomeVIPViewController.swift */ = {isa = PBXFileReference; lastKnownFileType = sourcecode.swift; path = TTHomeVIPViewController.swift; sourceTree = "<group>"; };
		3B14B22C22D4675D00FD9B28 /* TTFMHomeVipModel.swift */ = {isa = PBXFileReference; lastKnownFileType = sourcecode.swift; path = TTFMHomeVipModel.swift; sourceTree = "<group>"; };
		3B14B22E22D46D6A00FD9B28 /* TTFMHomeVipViewModel.swift */ = {isa = PBXFileReference; lastKnownFileType = sourcecode.swift; path = TTFMHomeVipViewModel.swift; sourceTree = "<group>"; };
		3B14B23022D4705200FD9B28 /* TTFMHomeVipAPI.swift */ = {isa = PBXFileReference; lastKnownFileType = sourcecode.swift; path = TTFMHomeVipAPI.swift; sourceTree = "<group>"; };
		3B14B23222D4909000FD9B28 /* TTFMVipBannerCell.swift */ = {isa = PBXFileReference; lastKnownFileType = sourcecode.swift; path = TTFMVipBannerCell.swift; sourceTree = "<group>"; };
		3B14B23422D4A46F00FD9B28 /* TTFMVipHeaderView.swift */ = {isa = PBXFileReference; lastKnownFileType = sourcecode.swift; path = TTFMVipHeaderView.swift; sourceTree = "<group>"; };
		3B14B23622D57D1100FD9B28 /* TTFMVipFooterView.swift */ = {isa = PBXFileReference; lastKnownFileType = sourcecode.swift; path = TTFMVipFooterView.swift; sourceTree = "<group>"; };
		3B14B23822D581B700FD9B28 /* TTFMVipCategoryCell.swift */ = {isa = PBXFileReference; lastKnownFileType = sourcecode.swift; path = TTFMVipCategoryCell.swift; sourceTree = "<group>"; };
		3B14B23B22D5835200FD9B28 /* TTFMVipCategoryButtonCell.swift */ = {isa = PBXFileReference; lastKnownFileType = sourcecode.swift; path = TTFMVipCategoryButtonCell.swift; sourceTree = "<group>"; };
		3B14B23E22D590A900FD9B28 /* TTFMHomeVipHotCell.swift */ = {isa = PBXFileReference; lastKnownFileType = sourcecode.swift; path = TTFMHomeVipHotCell.swift; sourceTree = "<group>"; };
		3B14B24022D5B1C500FD9B28 /* TTFMVipHotCell.swift */ = {isa = PBXFileReference; lastKnownFileType = sourcecode.swift; path = TTFMVipHotCell.swift; sourceTree = "<group>"; };
		3B14B24422D5B70900FD9B28 /* TTFMHomeVipEnjoyCell.swift */ = {isa = PBXFileReference; lastKnownFileType = sourcecode.swift; path = TTFMHomeVipEnjoyCell.swift; sourceTree = "<group>"; };
		3B14B24622D5B71F00FD9B28 /* TTFMVipEnjoyCell.swift */ = {isa = PBXFileReference; lastKnownFileType = sourcecode.swift; path = TTFMVipEnjoyCell.swift; sourceTree = "<group>"; };
		3B14B24922D5BDA200FD9B28 /* TTFMHomeVipCell.swift */ = {isa = PBXFileReference; lastKnownFileType = sourcecode.swift; path = TTFMHomeVipCell.swift; sourceTree = "<group>"; };
		3B14B24F22D5C35800FD9B28 /* TTHomeLiveViewController.swift */ = {isa = PBXFileReference; lastKnownFileType = sourcecode.swift; path = TTHomeLiveViewController.swift; sourceTree = "<group>"; };
		3B14B25122D5C6A200FD9B28 /* TTHomeLiveModel.swift */ = {isa = PBXFileReference; lastKnownFileType = sourcecode.swift; path = TTHomeLiveModel.swift; sourceTree = "<group>"; };
		3B14B25322D5CA2D00FD9B28 /* TTFMHomeLiveViewModel.swift */ = {isa = PBXFileReference; lastKnownFileType = sourcecode.swift; path = TTFMHomeLiveViewModel.swift; sourceTree = "<group>"; };
		3B14B25522D5CB6200FD9B28 /* TTFMHomeLiveAPI.swift */ = {isa = PBXFileReference; lastKnownFileType = sourcecode.swift; path = TTFMHomeLiveAPI.swift; sourceTree = "<group>"; };
		3B14B25722D5EB4700FD9B28 /* TTFMHomeLiveBannerCell.swift */ = {isa = PBXFileReference; lastKnownFileType = sourcecode.swift; path = TTFMHomeLiveBannerCell.swift; sourceTree = "<group>"; };
		3B14B25922D5EF4600FD9B28 /* TTFMHomeLiveHeaderView.swift */ = {isa = PBXFileReference; lastKnownFileType = sourcecode.swift; path = TTFMHomeLiveHeaderView.swift; sourceTree = "<group>"; };
		3B14B25D22D6CEB700FD9B28 /* TTFMLiveCategoryCell.swift */ = {isa = PBXFileReference; lastKnownFileType = sourcecode.swift; path = TTFMLiveCategoryCell.swift; sourceTree = "<group>"; };
		3B14B26022D6D18E00FD9B28 /* TTFMHomeLiveCategoryCell.swift */ = {isa = PBXFileReference; lastKnownFileType = sourcecode.swift; path = TTFMHomeLiveCategoryCell.swift; sourceTree = "<group>"; };
		3B14B26322D6D57400FD9B28 /* TTFMHomeLiveRankCell.swift */ = {isa = PBXFileReference; lastKnownFileType = sourcecode.swift; path = TTFMHomeLiveRankCell.swift; sourceTree = "<group>"; };
		3B14B26522D6D58C00FD9B28 /* TTFMLiveRankCell.swift */ = {isa = PBXFileReference; lastKnownFileType = sourcecode.swift; path = TTFMLiveRankCell.swift; sourceTree = "<group>"; };
		3B14B26722D6E84F00FD9B28 /* TTFMHomeLiveFooterView.swift */ = {isa = PBXFileReference; lastKnownFileType = sourcecode.swift; path = TTFMHomeLiveFooterView.swift; sourceTree = "<group>"; };
		3B14B26922D7017A00FD9B28 /* TTFMHomeLiveRecommendCell.swift */ = {isa = PBXFileReference; lastKnownFileType = sourcecode.swift; path = TTFMHomeLiveRecommendCell.swift; sourceTree = "<group>"; };
		3B14B26F22D70B2900FD9B28 /* TTHomeBroadcastViewController.swift */ = {isa = PBXFileReference; lastKnownFileType = sourcecode.swift; path = TTHomeBroadcastViewController.swift; sourceTree = "<group>"; };
		3B14B27122D70C5C00FD9B28 /* TTFMHomeBroadcastAPI.swift */ = {isa = PBXFileReference; lastKnownFileType = sourcecode.swift; path = TTFMHomeBroadcastAPI.swift; sourceTree = "<group>"; };
		3B14B27322D70ECA00FD9B28 /* TTFMHomeBroadcastViewModel.swift */ = {isa = PBXFileReference; lastKnownFileType = sourcecode.swift; path = TTFMHomeBroadcastViewModel.swift; sourceTree = "<group>"; };
		3B14B27522D70EE600FD9B28 /* TTFMHomeBroadcastModel.swift */ = {isa = PBXFileReference; lastKnownFileType = sourcecode.swift; path = TTFMHomeBroadcastModel.swift; sourceTree = "<group>"; };
		3B14B33622DC1B3E00FD9B28 /* TTFMHomeBroadcastHeaderView.swift */ = {isa = PBXFileReference; lastKnownFileType = sourcecode.swift; path = TTFMHomeBroadcastHeaderView.swift; sourceTree = "<group>"; };
		3B14B33822DC1D5B00FD9B28 /* TTFMHomeBroadcastFooterView.swift */ = {isa = PBXFileReference; lastKnownFileType = sourcecode.swift; path = TTFMHomeBroadcastFooterView.swift; sourceTree = "<group>"; };
		3B14B33A22DC1EFB00FD9B28 /* TTFMBroadcastRadioCell.swift */ = {isa = PBXFileReference; lastKnownFileType = sourcecode.swift; path = TTFMBroadcastRadioCell.swift; sourceTree = "<group>"; };
		3B14B33D22DC4C0E00FD9B28 /* TTFMRadioSquareResultsCell.swift */ = {isa = PBXFileReference; lastKnownFileType = sourcecode.swift; path = TTFMRadioSquareResultsCell.swift; sourceTree = "<group>"; };
		3B14B33F22DC4C2700FD9B28 /* TTFMRadioSquareCell.swift */ = {isa = PBXFileReference; lastKnownFileType = sourcecode.swift; path = TTFMRadioSquareCell.swift; sourceTree = "<group>"; };
		3B14B34222DC583700FD9B28 /* TTFMRadioExpandableCell.swift */ = {isa = PBXFileReference; lastKnownFileType = sourcecode.swift; path = TTFMRadioExpandableCell.swift; sourceTree = "<group>"; };
		3B1B9DAC22EACEA20053627E /* TTListenApi.swift */ = {isa = PBXFileReference; lastKnownFileType = sourcecode.swift; path = TTListenApi.swift; sourceTree = "<group>"; };
		3B1B9DAE22EAD9500053627E /* listenMoreChannel.json */ = {isa = PBXFileReference; fileEncoding = 4; lastKnownFileType = text.json; path = listenMoreChannel.json; sourceTree = "<group>"; };
		3B1B9DB022EAD95E0053627E /* listenSubscibe.json */ = {isa = PBXFileReference; fileEncoding = 4; lastKnownFileType = text.json; path = listenSubscibe.json; sourceTree = "<group>"; };
		3B1B9DB122EAD95E0053627E /* listenRecommend.json */ = {isa = PBXFileReference; fileEncoding = 4; lastKnownFileType = text.json; path = listenRecommend.json; sourceTree = "<group>"; };
		3B1B9DB522EAD99B0053627E /* TTListenModel.swift */ = {isa = PBXFileReference; lastKnownFileType = sourcecode.swift; path = TTListenModel.swift; sourceTree = "<group>"; };
		3B1B9DB722EADE7C0053627E /* TTFMListenHeaderView.swift */ = {isa = PBXFileReference; lastKnownFileType = sourcecode.swift; path = TTFMListenHeaderView.swift; sourceTree = "<group>"; };
		3B1B9DBD22EAF65A0053627E /* TTFMListenSubscribeVC.swift */ = {isa = PBXFileReference; lastKnownFileType = sourcecode.swift; path = TTFMListenSubscribeVC.swift; sourceTree = "<group>"; };
		3B1B9DC322EAF6D30053627E /* TTFMListenChannelVC.swift */ = {isa = PBXFileReference; lastKnownFileType = sourcecode.swift; path = TTFMListenChannelVC.swift; sourceTree = "<group>"; };
		3B1B9DC922EAF7300053627E /* TTFMListenRecommendVC.swift */ = {isa = PBXFileReference; lastKnownFileType = sourcecode.swift; path = TTFMListenRecommendVC.swift; sourceTree = "<group>"; };
		3B20FC5A22C34F940026F0C8 /* TTXMLY.app */ = {isa = PBXFileReference; explicitFileType = wrapper.application; includeInIndex = 0; path = TTXMLY.app; sourceTree = BUILT_PRODUCTS_DIR; };
		3B20FC5D22C34F940026F0C8 /* AppDelegate.swift */ = {isa = PBXFileReference; lastKnownFileType = sourcecode.swift; path = AppDelegate.swift; sourceTree = "<group>"; };
		3B20FC6222C34F940026F0C8 /* Base */ = {isa = PBXFileReference; lastKnownFileType = file.storyboard; name = Base; path = Base.lproj/Main.storyboard; sourceTree = "<group>"; };
		3B20FC6422C34F980026F0C8 /* Assets.xcassets */ = {isa = PBXFileReference; lastKnownFileType = folder.assetcatalog; path = Assets.xcassets; sourceTree = "<group>"; };
		3B20FC6722C34F980026F0C8 /* Base */ = {isa = PBXFileReference; lastKnownFileType = file.storyboard; name = Base; path = Base.lproj/LaunchScreen.storyboard; sourceTree = "<group>"; };
		3B20FC6922C34F980026F0C8 /* Info.plist */ = {isa = PBXFileReference; lastKnownFileType = text.plist.xml; path = Info.plist; sourceTree = "<group>"; };
		3B20FC6E22C34F980026F0C8 /* TTXMLYTests.xctest */ = {isa = PBXFileReference; explicitFileType = wrapper.cfbundle; includeInIndex = 0; path = TTXMLYTests.xctest; sourceTree = BUILT_PRODUCTS_DIR; };
		3B20FC7222C34F980026F0C8 /* TTXMLYTests.swift */ = {isa = PBXFileReference; lastKnownFileType = sourcecode.swift; path = TTXMLYTests.swift; sourceTree = "<group>"; };
		3B20FC7422C34F980026F0C8 /* Info.plist */ = {isa = PBXFileReference; lastKnownFileType = text.plist.xml; path = Info.plist; sourceTree = "<group>"; };
		3B20FC8222C3609B0026F0C8 /* TTNavigationBar.swift */ = {isa = PBXFileReference; lastKnownFileType = sourcecode.swift; path = TTNavigationBar.swift; sourceTree = "<group>"; };
		3B20FC8622C363F50026F0C8 /* UIApplication.swift */ = {isa = PBXFileReference; lastKnownFileType = sourcecode.swift; path = UIApplication.swift; sourceTree = "<group>"; };
		3B20FC8822C364230026F0C8 /* UIViewController.swift */ = {isa = PBXFileReference; lastKnownFileType = sourcecode.swift; path = UIViewController.swift; sourceTree = "<group>"; };
		3B20FC8A22C3769D0026F0C8 /* DispatchQueue.swift */ = {isa = PBXFileReference; lastKnownFileType = sourcecode.swift; path = DispatchQueue.swift; sourceTree = "<group>"; };
		3B20FC8D22C379B40026F0C8 /* Utils.swift */ = {isa = PBXFileReference; lastKnownFileType = sourcecode.swift; path = Utils.swift; sourceTree = "<group>"; };
		3B20FC8F22C37D0B0026F0C8 /* UINavigationController.swift */ = {isa = PBXFileReference; lastKnownFileType = sourcecode.swift; path = UINavigationController.swift; sourceTree = "<group>"; };
		3B20FC9122C380F70026F0C8 /* UINavigationBar.swift */ = {isa = PBXFileReference; lastKnownFileType = sourcecode.swift; path = UINavigationBar.swift; sourceTree = "<group>"; };
		3B20FC9322C46C4D0026F0C8 /* TTCustomNavBar.swift */ = {isa = PBXFileReference; lastKnownFileType = sourcecode.swift; path = TTCustomNavBar.swift; sourceTree = "<group>"; };
		3B20FC9522C46E360026F0C8 /* UIButton.swift */ = {isa = PBXFileReference; lastKnownFileType = sourcecode.swift; path = UIButton.swift; sourceTree = "<group>"; };
		3B7D67F825F0B67B00F93EF7 /* TTFMRecommendViewCellDelegate.swift */ = {isa = PBXFileReference; lastKnownFileType = sourcecode.swift; path = TTFMRecommendViewCellDelegate.swift; sourceTree = "<group>"; };
		3B7D680725F0BF4F00F93EF7 /* TTFMNetworkManger.swift */ = {isa = PBXFileReference; lastKnownFileType = sourcecode.swift; path = TTFMNetworkManger.swift; sourceTree = "<group>"; };
		3B7D680D25F1E25400F93EF7 /* TTFMSubCategoryHorizontalCell.swift */ = {isa = PBXFileReference; lastKnownFileType = sourcecode.swift; path = TTFMSubCategoryHorizontalCell.swift; sourceTree = "<group>"; };
		3B7D680E25F1E25400F93EF7 /* TTFMSubCategoryHorizontalCell.xib */ = {isa = PBXFileReference; lastKnownFileType = file.xib; path = TTFMSubCategoryHorizontalCell.xib; sourceTree = "<group>"; };
		3B7D681625F1E5B500F93EF7 /* TTFMSubCategoryApi.swift */ = {isa = PBXFileReference; lastKnownFileType = sourcecode.swift; path = TTFMSubCategoryApi.swift; sourceTree = "<group>"; };
		3B7D681D25F214B100F93EF7 /* TTFMSubCategoryViewModel.swift */ = {isa = PBXFileReference; lastKnownFileType = sourcecode.swift; path = TTFMSubCategoryViewModel.swift; sourceTree = "<group>"; };
		3B7D682325F216F300F93EF7 /* TTFMSubCategoryMainController.swift */ = {isa = PBXFileReference; lastKnownFileType = sourcecode.swift; path = TTFMSubCategoryMainController.swift; sourceTree = "<group>"; };
		A231BEACAF01636B86277F6F /* Pods-TTXMLY.release.xcconfig */ = {isa = PBXFileReference; includeInIndex = 1; lastKnownFileType = text.xcconfig; name = "Pods-TTXMLY.release.xcconfig"; path = "Target Support Files/Pods-TTXMLY/Pods-TTXMLY.release.xcconfig"; sourceTree = "<group>"; };
		BEE95CC105A213190B898C28 /* Pods-TTXMLYTests.release.xcconfig */ = {isa = PBXFileReference; includeInIndex = 1; lastKnownFileType = text.xcconfig; name = "Pods-TTXMLYTests.release.xcconfig"; path = "Target Support Files/Pods-TTXMLYTests/Pods-TTXMLYTests.release.xcconfig"; sourceTree = "<group>"; };
		C287025B3B9DF91ED78D2B04 /* Pods-TTXMLYTests.debug.xcconfig */ = {isa = PBXFileReference; includeInIndex = 1; lastKnownFileType = text.xcconfig; name = "Pods-TTXMLYTests.debug.xcconfig"; path = "Target Support Files/Pods-TTXMLYTests/Pods-TTXMLYTests.debug.xcconfig"; sourceTree = "<group>"; };
		DE126CF8AC4EEA7CA656E633 /* Pods_TTXMLYTests.framework */ = {isa = PBXFileReference; explicitFileType = wrapper.framework; includeInIndex = 0; path = Pods_TTXMLYTests.framework; sourceTree = BUILT_PRODUCTS_DIR; };
		FD39FFB5BAB14119E318D2DA /* Pods-TTXMLY.debug.xcconfig */ = {isa = PBXFileReference; includeInIndex = 1; lastKnownFileType = text.xcconfig; name = "Pods-TTXMLY.debug.xcconfig"; path = "Target Support Files/Pods-TTXMLY/Pods-TTXMLY.debug.xcconfig"; sourceTree = "<group>"; };
/* End PBXFileReference section */

/* Begin PBXFrameworksBuildPhase section */
		3B20FC5722C34F940026F0C8 /* Frameworks */ = {
			isa = PBXFrameworksBuildPhase;
			buildActionMask = 2147483647;
			files = (
				C7047EA6CA7202593720AD26 /* Pods_TTXMLY.framework in Frameworks */,
			);
			runOnlyForDeploymentPostprocessing = 0;
		};
		3B20FC6B22C34F980026F0C8 /* Frameworks */ = {
			isa = PBXFrameworksBuildPhase;
			buildActionMask = 2147483647;
			files = (
				F03BDD1DAB37361FD671F15F /* Pods_TTXMLYTests.framework in Frameworks */,
			);
			runOnlyForDeploymentPostprocessing = 0;
		};
/* End PBXFrameworksBuildPhase section */

/* Begin PBXGroup section */
		3B14B19C22C5FC6900FD9B28 /* Common */ = {
			isa = PBXGroup;
			children = (
				3B55AE4322DF1DE000F1E829 /* ScrollView */,
				3B14B20B22D30E7A00FD9B28 /* ReplicatorLayer */,
				3B14B1DD22CC4A4900FD9B28 /* CarouselView */,
				3B14B19E22C5FC8F00FD9B28 /* PageView */,
			);
			path = Common;
			sourceTree = "<group>";
		};
		3B14B19E22C5FC8F00FD9B28 /* PageView */ = {
			isa = PBXGroup;
			children = (
				3B14B1AB22C9DD9700FD9B28 /* TTPageViewUntils.swift */,
				3B14B1A322C6038D00FD9B28 /* TTPageStyle.swift */,
				3B14B1A522C60C1600FD9B28 /* TTPageViewProtocol.swift */,
				3B14B1A122C5FDCE00FD9B28 /* TTPageContentView.swift */,
				3B14B1A722C613A700FD9B28 /* TTPageTitleView.swift */,
				3B14B1A922C9D63800FD9B28 /* TTPageView.swift */,
				3B14B1AD22C9E79700FD9B28 /* TTPageViewManager.swift */,
			);
			path = PageView;
			sourceTree = "<group>";
		};
		3B14B1AF22C9E92A00FD9B28 /* Home(首页) */ = {
			isa = PBXGroup;
			children = (
				3B14B1B322C9EA7300FD9B28 /* TTHomeViewController.swift */,
				3B14B1B622C9EBE300FD9B28 /* Recommend(推荐) */,
				3B14B21322D3326200FD9B28 /* Category(分类) */,
				3B14B22622D4446F00FD9B28 /* VIP */,
				3B14B24B22D5C2FD00FD9B28 /* Live(直播) */,
				3B14B26B22D70AE800FD9B28 /* Broadcast(广播) */,
			);
			path = "Home(首页)";
			sourceTree = "<group>";
		};
		3B14B1B022C9E93500FD9B28 /* ViewModel */ = {
			isa = PBXGroup;
			children = (
				3B14B1D022CB0C7000FD9B28 /* TTFMRecommendAPI.swift */,
				3B14B1D222CB470000FD9B28 /* TTFMRecommendViewModel.swift */,
			);
			path = ViewModel;
			sourceTree = "<group>";
		};
		3B14B1B122C9E94300FD9B28 /* View */ = {
			isa = PBXGroup;
			children = (
				3B14B20E22D3172300FD9B28 /* ForYou(为你推荐) */,
				3B14B20622D2EC7200FD9B28 /* Live(直播) */,
				3B14B20122D2D69400FD9B28 /* OneKeyListen(懒人电台) */,
				3B14B1FA22CF4F0A00FD9B28 /* AudioBook(有声书) */,
				3B14B1F122CF065400FD9B28 /* Common */,
				3B14B1DA22CC400100FD9B28 /* Carousel(轮播图) */,
				3B14B1D422CB5A3600FD9B28 /* TTFMRecommendAdCell.swift */,
				3B14B1F922CF4B2600FD9B28 /* News(听头条) */,
				3B14B1F822CF46A900FD9B28 /* Square(九宫格) */,
				3B14B1EC22CDFFB900FD9B28 /* GuessULike */,
			);
			path = View;
			sourceTree = "<group>";
		};
		3B14B1B222C9E94A00FD9B28 /* Model */ = {
			isa = PBXGroup;
			children = (
				3B14B1CE22CAFEBA00FD9B28 /* TTFMRecommendModel.swift */,
			);
			path = Model;
			sourceTree = "<group>";
		};
		3B14B1B522C9EA8200FD9B28 /* Controller */ = {
			isa = PBXGroup;
			children = (
				3B14B1B722C9EC2200FD9B28 /* TTHomeRecommendViewController.swift */,
			);
			path = Controller;
			sourceTree = "<group>";
		};
		3B14B1B622C9EBE300FD9B28 /* Recommend(推荐) */ = {
			isa = PBXGroup;
			children = (
				3B7D67F725F0B64D00F93EF7 /* Protocol */,
				3B14B1B222C9E94A00FD9B28 /* Model */,
				3B14B1B122C9E94300FD9B28 /* View */,
				3B14B1B522C9EA8200FD9B28 /* Controller */,
				3B14B1B022C9E93500FD9B28 /* ViewModel */,
			);
			path = "Recommend(推荐)";
			sourceTree = "<group>";
		};
		3B14B1B922C9FAD400FD9B28 /* TabBar */ = {
			isa = PBXGroup;
			children = (
				3B14B1BA22C9FB0900FD9B28 /* TTFMBasicContentView.swift */,
				3B14B1BC22C9FC6900FD9B28 /* TTFMBouncesContentView.swift */,
				3B14B1BE22C9FD5200FD9B28 /* TTFMIrregularityBasicContentView.swift */,
			);
			path = TabBar;
			sourceTree = "<group>";
		};
		3B14B1C222CA0F1000FD9B28 /* Listen(我听) */ = {
			isa = PBXGroup;
			children = (
				3B14B1C322CA0F4400FD9B28 /* TTListenViewController.swift */,
				3B1B9DAB22EACE7E0053627E /* Model */,
				3B1B9DAA22EACE780053627E /* View */,
				3B1B9DA922EACE640053627E /* ViewModel */,
			);
			path = "Listen(我听)";
			sourceTree = "<group>";
		};
		3B14B1C522CA0F5700FD9B28 /* Find(发现) */ = {
			isa = PBXGroup;
			children = (
				3B14B1C622CA0F8400FD9B28 /* TTFindViewController.swift */,
			);
			path = "Find(发现)";
			sourceTree = "<group>";
		};
		3B14B1C822CA0F8800FD9B28 /* Mine(我的) */ = {
			isa = PBXGroup;
			children = (
				3B14B1CC22CA0FC000FD9B28 /* TTMineViewController.swift */,
			);
			path = "Mine(我的)";
			sourceTree = "<group>";
		};
		3B14B1C922CA0F9700FD9B28 /* Play(播放) */ = {
			isa = PBXGroup;
			children = (
				3B14B1CA22CA0FB300FD9B28 /* TTPlayViewController.swift */,
			);
			path = "Play(播放)";
			sourceTree = "<group>";
		};
		3B14B1DA22CC400100FD9B28 /* Carousel(轮播图) */ = {
			isa = PBXGroup;
			children = (
				3B14B1D622CB660700FD9B28 /* TTFMRecommendCarouselCell.swift */,
			);
			path = "Carousel(轮播图)";
			sourceTree = "<group>";
		};
		3B14B1DD22CC4A4900FD9B28 /* CarouselView */ = {
			isa = PBXGroup;
			children = (
				3B14B1DE22CC4AB300FD9B28 /* TTCarouselViewCell.swift */,
				3B14B1E022CC7BAA00FD9B28 /* TTCarouselCollectionView.swift */,
				3B14B1E422CC802D00FD9B28 /* TTCarouselViewProtocol.swift */,
				3B14B1E222CC7DE900FD9B28 /* TTCarouselView.swift */,
				3B14B1E622CC8B1500FD9B28 /* TTCarouselViewTransformer.swift */,
				3B14B1E822CC993400FD9B28 /* TTCarouselViewLayoutAttributes.swift */,
				3B14B1EA22CCA51000FD9B28 /* TTCarouselViewLayout.swift */,
			);
			path = CarouselView;
			sourceTree = "<group>";
		};
		3B14B1EC22CDFFB900FD9B28 /* GuessULike */ = {
			isa = PBXGroup;
			children = (
				3B14B1ED22CE011900FD9B28 /* TTFMRecommendGuessULikeCell.swift */,
				3B14B1EF22CEEB0E00FD9B28 /* TTFMGuessULikeCell.swift */,
			);
			path = GuessULike;
			sourceTree = "<group>";
		};
		3B14B1F122CF065400FD9B28 /* Common */ = {
			isa = PBXGroup;
			children = (
				3B14B1F222CF067E00FD9B28 /* TTFMRecommendHeaderView.swift */,
				3B14B1F422CF1EEC00FD9B28 /* TTFMRecommendFooterView.swift */,
			);
			path = Common;
			sourceTree = "<group>";
		};
		3B14B1F822CF46A900FD9B28 /* Square(九宫格) */ = {
			isa = PBXGroup;
			children = (
				3B14B1F622CF454E00FD9B28 /* TTFMRecommendSquareCell.swift */,
				3B14B1DB22CC402F00FD9B28 /* TTFMRecommendGridCell.swift */,
			);
			path = "Square(九宫格)";
			sourceTree = "<group>";
		};
		3B14B1F922CF4B2600FD9B28 /* News(听头条) */ = {
			isa = PBXGroup;
			children = (
				3B14B1D822CC3FED00FD9B28 /* TTFMRecommendNewsCell.swift */,
			);
			path = "News(听头条)";
			sourceTree = "<group>";
		};
		3B14B1FA22CF4F0A00FD9B28 /* AudioBook(有声书) */ = {
			isa = PBXGroup;
			children = (
				3B14B1FB22CF4F3100FD9B28 /* TTFMRecommendAudioBookCell.swift */,
				3B14B1FD22CF58A100FD9B28 /* TTFMAudioBookCell.swift */,
			);
			path = "AudioBook(有声书)";
			sourceTree = "<group>";
		};
		3B14B20122D2D69400FD9B28 /* OneKeyListen(懒人电台) */ = {
			isa = PBXGroup;
			children = (
				3B14B20222D2D6E600FD9B28 /* TTFMReCommendOneKeyListenCell.swift */,
				3B14B20422D2DE5000FD9B28 /* TTFMOneKeyListenCell.swift */,
			);
			path = "OneKeyListen(懒人电台)";
			sourceTree = "<group>";
		};
		3B14B20622D2EC7200FD9B28 /* Live(直播) */ = {
			isa = PBXGroup;
			children = (
				3B14B20722D2ED0B00FD9B28 /* TTFMRecommendLiveCell.swift */,
				3B14B20922D2EE3C00FD9B28 /* TTFMLiveCell.swift */,
			);
			path = "Live(直播)";
			sourceTree = "<group>";
		};
		3B14B20B22D30E7A00FD9B28 /* ReplicatorLayer */ = {
			isa = PBXGroup;
			children = (
				3B14B20C22D30E8C00FD9B28 /* TTReplicatorLayer.swift */,
			);
			path = ReplicatorLayer;
			sourceTree = "<group>";
		};
		3B14B20E22D3172300FD9B28 /* ForYou(为你推荐) */ = {
			isa = PBXGroup;
			children = (
				3B14B20F22D317AE00FD9B28 /* TTFMRecommendForUCell.swift */,
				3B14B21122D3188300FD9B28 /* TTFMForUCell.swift */,
			);
			path = "ForYou(为你推荐)";
			sourceTree = "<group>";
		};
		3B14B21322D3326200FD9B28 /* Category(分类) */ = {
			isa = PBXGroup;
			children = (
				3B7D680B25F1DDFF00F93EF7 /* SubCategory(二级分类) */,
				3B14B21822D3331500FD9B28 /* TTHomeCategoryViewController.swift */,
				3B14B21622D332B700FD9B28 /* Model */,
				3B14B21522D332A900FD9B28 /* View */,
				3B14B21422D3329F00FD9B28 /* ViewModel */,
			);
			path = "Category(分类)";
			sourceTree = "<group>";
		};
		3B14B21422D3329F00FD9B28 /* ViewModel */ = {
			isa = PBXGroup;
			children = (
				3B14B21C22D33F0100FD9B28 /* TTFMCategoryViewModel.swift */,
				3B14B21E22D42A3400FD9B28 /* TTFMCategoryAPI.swift */,
			);
			path = ViewModel;
			sourceTree = "<group>";
		};
		3B14B21522D332A900FD9B28 /* View */ = {
			isa = PBXGroup;
			children = (
				3B14B22022D4371E00FD9B28 /* TTFMCategoryCell.swift */,
				3B14B22222D43EAA00FD9B28 /* TTFMCategoryHeaderView.swift */,
				3B14B22422D43FE900FD9B28 /* TTFMCategoryFooterView.swift */,
			);
			path = View;
			sourceTree = "<group>";
		};
		3B14B21622D332B700FD9B28 /* Model */ = {
			isa = PBXGroup;
			children = (
				3B14B21A22D33D6A00FD9B28 /* TTFMCategoryModel.swift */,
			);
			path = Model;
			sourceTree = "<group>";
		};
		3B14B22622D4446F00FD9B28 /* VIP */ = {
			isa = PBXGroup;
			children = (
				3B14B22A22D444C100FD9B28 /* TTHomeVIPViewController.swift */,
				3B14B22922D444A800FD9B28 /* Model */,
				3B14B22822D444A100FD9B28 /* View */,
				3B14B22722D4449900FD9B28 /* ViewModel */,
			);
			path = VIP;
			sourceTree = "<group>";
		};
		3B14B22722D4449900FD9B28 /* ViewModel */ = {
			isa = PBXGroup;
			children = (
				3B14B22E22D46D6A00FD9B28 /* TTFMHomeVipViewModel.swift */,
				3B14B23022D4705200FD9B28 /* TTFMHomeVipAPI.swift */,
			);
			path = ViewModel;
			sourceTree = "<group>";
		};
		3B14B22822D444A100FD9B28 /* View */ = {
			isa = PBXGroup;
			children = (
				3B14B23222D4909000FD9B28 /* TTFMVipBannerCell.swift */,
				3B14B23A22D5832700FD9B28 /* Category(分类) */,
				3B14B23D22D5908200FD9B28 /* Hot(热播) */,
				3B14B24322D5B6B700FD9B28 /* Enjoy(尊享) */,
				3B14B24822D5BD6D00FD9B28 /* Vip(大师课) */,
				3B14B24222D5B5E900FD9B28 /* HeaderFooter(头尾视图) */,
			);
			path = View;
			sourceTree = "<group>";
		};
		3B14B22922D444A800FD9B28 /* Model */ = {
			isa = PBXGroup;
			children = (
				3B14B22C22D4675D00FD9B28 /* TTFMHomeVipModel.swift */,
			);
			path = Model;
			sourceTree = "<group>";
		};
		3B14B23A22D5832700FD9B28 /* Category(分类) */ = {
			isa = PBXGroup;
			children = (
				3B14B23822D581B700FD9B28 /* TTFMVipCategoryCell.swift */,
				3B14B23B22D5835200FD9B28 /* TTFMVipCategoryButtonCell.swift */,
			);
			path = "Category(分类)";
			sourceTree = "<group>";
		};
		3B14B23D22D5908200FD9B28 /* Hot(热播) */ = {
			isa = PBXGroup;
			children = (
				3B14B23E22D590A900FD9B28 /* TTFMHomeVipHotCell.swift */,
				3B14B24022D5B1C500FD9B28 /* TTFMVipHotCell.swift */,
			);
			path = "Hot(热播)";
			sourceTree = "<group>";
		};
		3B14B24222D5B5E900FD9B28 /* HeaderFooter(头尾视图) */ = {
			isa = PBXGroup;
			children = (
				3B14B23422D4A46F00FD9B28 /* TTFMVipHeaderView.swift */,
				3B14B23622D57D1100FD9B28 /* TTFMVipFooterView.swift */,
			);
			path = "HeaderFooter(头尾视图)";
			sourceTree = "<group>";
		};
		3B14B24322D5B6B700FD9B28 /* Enjoy(尊享) */ = {
			isa = PBXGroup;
			children = (
				3B14B24422D5B70900FD9B28 /* TTFMHomeVipEnjoyCell.swift */,
				3B14B24622D5B71F00FD9B28 /* TTFMVipEnjoyCell.swift */,
			);
			path = "Enjoy(尊享)";
			sourceTree = "<group>";
		};
		3B14B24822D5BD6D00FD9B28 /* Vip(大师课) */ = {
			isa = PBXGroup;
			children = (
				3B14B24922D5BDA200FD9B28 /* TTFMHomeVipCell.swift */,
			);
			path = "Vip(大师课)";
			sourceTree = "<group>";
		};
		3B14B24B22D5C2FD00FD9B28 /* Live(直播) */ = {
			isa = PBXGroup;
			children = (
				3B14B24F22D5C35800FD9B28 /* TTHomeLiveViewController.swift */,
				3B14B24E22D5C32E00FD9B28 /* Model */,
				3B14B24D22D5C32900FD9B28 /* View */,
				3B14B24C22D5C32300FD9B28 /* ViewModel */,
			);
			path = "Live(直播)";
			sourceTree = "<group>";
		};
		3B14B24C22D5C32300FD9B28 /* ViewModel */ = {
			isa = PBXGroup;
			children = (
				3B14B25322D5CA2D00FD9B28 /* TTFMHomeLiveViewModel.swift */,
				3B14B25522D5CB6200FD9B28 /* TTFMHomeLiveAPI.swift */,
			);
			path = ViewModel;
			sourceTree = "<group>";
		};
		3B14B24D22D5C32900FD9B28 /* View */ = {
			isa = PBXGroup;
			children = (
				3B14B25722D5EB4700FD9B28 /* TTFMHomeLiveBannerCell.swift */,
				3B14B25922D5EF4600FD9B28 /* TTFMHomeLiveHeaderView.swift */,
				3B14B26722D6E84F00FD9B28 /* TTFMHomeLiveFooterView.swift */,
				3B14B26922D7017A00FD9B28 /* TTFMHomeLiveRecommendCell.swift */,
				3B14B25F22D6D13B00FD9B28 /* Category(分类) */,
				3B14B26222D6D55300FD9B28 /* Rank(排行榜) */,
			);
			path = View;
			sourceTree = "<group>";
		};
		3B14B24E22D5C32E00FD9B28 /* Model */ = {
			isa = PBXGroup;
			children = (
				3B14B25122D5C6A200FD9B28 /* TTHomeLiveModel.swift */,
			);
			path = Model;
			sourceTree = "<group>";
		};
		3B14B25F22D6D13B00FD9B28 /* Category(分类) */ = {
			isa = PBXGroup;
			children = (
				3B14B26022D6D18E00FD9B28 /* TTFMHomeLiveCategoryCell.swift */,
				3B14B25D22D6CEB700FD9B28 /* TTFMLiveCategoryCell.swift */,
			);
			path = "Category(分类)";
			sourceTree = "<group>";
		};
		3B14B26222D6D55300FD9B28 /* Rank(排行榜) */ = {
			isa = PBXGroup;
			children = (
				3B14B26322D6D57400FD9B28 /* TTFMHomeLiveRankCell.swift */,
				3B14B26522D6D58C00FD9B28 /* TTFMLiveRankCell.swift */,
			);
			path = "Rank(排行榜)";
			sourceTree = "<group>";
		};
		3B14B26B22D70AE800FD9B28 /* Broadcast(广播) */ = {
			isa = PBXGroup;
			children = (
				3B14B26F22D70B2900FD9B28 /* TTHomeBroadcastViewController.swift */,
				3B14B26E22D70B0E00FD9B28 /* Model */,
				3B14B26D22D70B0900FD9B28 /* View */,
				3B14B26C22D70B0100FD9B28 /* ViewModel */,
			);
			path = "Broadcast(广播)";
			sourceTree = "<group>";
		};
		3B14B26C22D70B0100FD9B28 /* ViewModel */ = {
			isa = PBXGroup;
			children = (
				3B14B27122D70C5C00FD9B28 /* TTFMHomeBroadcastAPI.swift */,
				3B14B27322D70ECA00FD9B28 /* TTFMHomeBroadcastViewModel.swift */,
			);
			path = ViewModel;
			sourceTree = "<group>";
		};
		3B14B26D22D70B0900FD9B28 /* View */ = {
			isa = PBXGroup;
			children = (
				3B14B34122DC57F300FD9B28 /* ExpandableRadio(可展开电台) */,
				3B14B33C22DC4BC400FD9B28 /* TopRadio(顶部电台) */,
				3B14B33522DC1B1600FD9B28 /* HeaderFooter */,
				3B14B33A22DC1EFB00FD9B28 /* TTFMBroadcastRadioCell.swift */,
			);
			path = View;
			sourceTree = "<group>";
		};
		3B14B26E22D70B0E00FD9B28 /* Model */ = {
			isa = PBXGroup;
			children = (
				3B14B27522D70EE600FD9B28 /* TTFMHomeBroadcastModel.swift */,
			);
			path = Model;
			sourceTree = "<group>";
		};
		3B14B33522DC1B1600FD9B28 /* HeaderFooter */ = {
			isa = PBXGroup;
			children = (
				3B14B33622DC1B3E00FD9B28 /* TTFMHomeBroadcastHeaderView.swift */,
				3B14B33822DC1D5B00FD9B28 /* TTFMHomeBroadcastFooterView.swift */,
			);
			path = HeaderFooter;
			sourceTree = "<group>";
		};
		3B14B33C22DC4BC400FD9B28 /* TopRadio(顶部电台) */ = {
			isa = PBXGroup;
			children = (
				3B14B33D22DC4C0E00FD9B28 /* TTFMRadioSquareResultsCell.swift */,
				3B14B33F22DC4C2700FD9B28 /* TTFMRadioSquareCell.swift */,
			);
			path = "TopRadio(顶部电台)";
			sourceTree = "<group>";
		};
		3B14B34122DC57F300FD9B28 /* ExpandableRadio(可展开电台) */ = {
			isa = PBXGroup;
			children = (
				3B14B34222DC583700FD9B28 /* TTFMRadioExpandableCell.swift */,
			);
			path = "ExpandableRadio(可展开电台)";
			sourceTree = "<group>";
		};
		3B1B9DA922EACE640053627E /* ViewModel */ = {
			isa = PBXGroup;
			children = (
				3B1B9DAC22EACEA20053627E /* TTListenApi.swift */,
			);
			path = ViewModel;
			sourceTree = "<group>";
		};
		3B1B9DAA22EACE780053627E /* View */ = {
			isa = PBXGroup;
			children = (
				3B1B9DC522EAF6E50053627E /* Recommend */,
				3B1B9DBF22EAF68E0053627E /* Channel */,
				3B1B9DB922EAF5F50053627E /* Subscribe */,
				3B1B9DB722EADE7C0053627E /* TTFMListenHeaderView.swift */,
			);
			path = View;
			sourceTree = "<group>";
		};
		3B1B9DAB22EACE7E0053627E /* Model */ = {
			isa = PBXGroup;
			children = (
				3B1B9DB422EAD9810053627E /* source */,
				3B1B9DB522EAD99B0053627E /* TTListenModel.swift */,
			);
			path = Model;
			sourceTree = "<group>";
		};
		3B1B9DB422EAD9810053627E /* source */ = {
			isa = PBXGroup;
			children = (
				3B1B9DB022EAD95E0053627E /* listenSubscibe.json */,
				3B1B9DB122EAD95E0053627E /* listenRecommend.json */,
				3B1B9DAE22EAD9500053627E /* listenMoreChannel.json */,
			);
			path = source;
			sourceTree = "<group>";
		};
		3B1B9DB922EAF5F50053627E /* Subscribe */ = {
			isa = PBXGroup;
			children = (
				3B1B9DBC22EAF62B0053627E /* Model */,
				3B1B9DBB22EAF6260053627E /* View */,
				3B1B9DBA22EAF61B0053627E /* ViewModel */,
			);
			path = Subscribe;
			sourceTree = "<group>";
		};
		3B1B9DBA22EAF61B0053627E /* ViewModel */ = {
			isa = PBXGroup;
			children = (
			);
			path = ViewModel;
			sourceTree = "<group>";
		};
		3B1B9DBB22EAF6260053627E /* View */ = {
			isa = PBXGroup;
			children = (
				3B1B9DBD22EAF65A0053627E /* TTFMListenSubscribeVC.swift */,
			);
			path = View;
			sourceTree = "<group>";
		};
		3B1B9DBC22EAF62B0053627E /* Model */ = {
			isa = PBXGroup;
			children = (
			);
			path = Model;
			sourceTree = "<group>";
		};
		3B1B9DBF22EAF68E0053627E /* Channel */ = {
			isa = PBXGroup;
			children = (
				3B1B9DC222EAF6B80053627E /* Model */,
				3B1B9DC122EAF6B30053627E /* View */,
				3B1B9DC022EAF6AD0053627E /* ViewModel */,
			);
			path = Channel;
			sourceTree = "<group>";
		};
		3B1B9DC022EAF6AD0053627E /* ViewModel */ = {
			isa = PBXGroup;
			children = (
			);
			path = ViewModel;
			sourceTree = "<group>";
		};
		3B1B9DC122EAF6B30053627E /* View */ = {
			isa = PBXGroup;
			children = (
				3B1B9DC322EAF6D30053627E /* TTFMListenChannelVC.swift */,
			);
			path = View;
			sourceTree = "<group>";
		};
		3B1B9DC222EAF6B80053627E /* Model */ = {
			isa = PBXGroup;
			children = (
			);
			path = Model;
			sourceTree = "<group>";
		};
		3B1B9DC522EAF6E50053627E /* Recommend */ = {
			isa = PBXGroup;
			children = (
				3B1B9DC822EAF6FC0053627E /* Model */,
				3B1B9DC722EAF6F70053627E /* View */,
				3B1B9DC622EAF6F00053627E /* ViewModel */,
			);
			path = Recommend;
			sourceTree = "<group>";
		};
		3B1B9DC622EAF6F00053627E /* ViewModel */ = {
			isa = PBXGroup;
			children = (
			);
			path = ViewModel;
			sourceTree = "<group>";
		};
		3B1B9DC722EAF6F70053627E /* View */ = {
			isa = PBXGroup;
			children = (
				3B1B9DC922EAF7300053627E /* TTFMListenRecommendVC.swift */,
			);
			path = View;
			sourceTree = "<group>";
		};
		3B1B9DC822EAF6FC0053627E /* Model */ = {
			isa = PBXGroup;
			children = (
			);
			path = Model;
			sourceTree = "<group>";
		};
		3B20FC5122C34F940026F0C8 = {
			isa = PBXGroup;
			children = (
				3B20FC5C22C34F940026F0C8 /* TTXMLY */,
				3B20FC7122C34F980026F0C8 /* TTXMLYTests */,
				3B20FC5B22C34F940026F0C8 /* Products */,
				73A726CB65912867194D9934 /* Pods */,
				A830AED30E0F8CF88007DD60 /* Frameworks */,
			);
			sourceTree = "<group>";
		};
		3B20FC5B22C34F940026F0C8 /* Products */ = {
			isa = PBXGroup;
			children = (
				3B20FC5A22C34F940026F0C8 /* TTXMLY.app */,
				3B20FC6E22C34F980026F0C8 /* TTXMLYTests.xctest */,
			);
			name = Products;
			sourceTree = "<group>";
		};
		3B20FC5C22C34F940026F0C8 /* TTXMLY */ = {
			isa = PBXGroup;
			children = (
				3B20FC7F22C360420026F0C8 /* Modules */,
				3B20FC7D22C35FFE0026F0C8 /* AppDelegate */,
				3B20FC8422C363CC0026F0C8 /* Core */,
				3B20FC7E22C3602A0026F0C8 /* Support File */,
			);
			path = TTXMLY;
			sourceTree = "<group>";
		};
		3B20FC7122C34F980026F0C8 /* TTXMLYTests */ = {
			isa = PBXGroup;
			children = (
				3B20FC7222C34F980026F0C8 /* TTXMLYTests.swift */,
				3B20FC7422C34F980026F0C8 /* Info.plist */,
			);
			path = TTXMLYTests;
			sourceTree = "<group>";
		};
		3B20FC7D22C35FFE0026F0C8 /* AppDelegate */ = {
			isa = PBXGroup;
			children = (
				3B20FC5D22C34F940026F0C8 /* AppDelegate.swift */,
			);
			path = AppDelegate;
			sourceTree = "<group>";
		};
		3B20FC7E22C3602A0026F0C8 /* Support File */ = {
			isa = PBXGroup;
			children = (
				3B20FC6122C34F940026F0C8 /* Main.storyboard */,
				3B20FC6422C34F980026F0C8 /* Assets.xcassets */,
				3B20FC6622C34F980026F0C8 /* LaunchScreen.storyboard */,
				3B20FC6922C34F980026F0C8 /* Info.plist */,
			);
			path = "Support File";
			sourceTree = "<group>";
		};
		3B20FC7F22C360420026F0C8 /* Modules */ = {
			isa = PBXGroup;
			children = (
				3B14B1C922CA0F9700FD9B28 /* Play(播放) */,
				3B14B1C822CA0F8800FD9B28 /* Mine(我的) */,
				3B14B1C522CA0F5700FD9B28 /* Find(发现) */,
				3B14B1C222CA0F1000FD9B28 /* Listen(我听) */,
				3B14B1AF22C9E92A00FD9B28 /* Home(首页) */,
				3B20FC8022C3604C0026F0C8 /* Main */,
			);
			path = Modules;
			sourceTree = "<group>";
		};
		3B20FC8022C3604C0026F0C8 /* Main */ = {
			isa = PBXGroup;
			children = (
				3B14B1B922C9FAD400FD9B28 /* TabBar */,
				3B20FC8122C3606D0026F0C8 /* Navigation */,
			);
			path = Main;
			sourceTree = "<group>";
		};
		3B20FC8122C3606D0026F0C8 /* Navigation */ = {
			isa = PBXGroup;
			children = (
				3B20FC8222C3609B0026F0C8 /* TTNavigationBar.swift */,
				3B20FC9322C46C4D0026F0C8 /* TTCustomNavBar.swift */,
				3B14B19922C5F57800FD9B28 /* TTNavigationController.swift */,
			);
			path = Navigation;
			sourceTree = "<group>";
		};
		3B20FC8422C363CC0026F0C8 /* Core */ = {
			isa = PBXGroup;
			children = (
				3B7D67FE25F0BEC200F93EF7 /* Net */,
				3B14B19C22C5FC6900FD9B28 /* Common */,
				3B20FC8C22C379940026F0C8 /* Utils */,
				3B20FC8522C363DE0026F0C8 /* Extension */,
			);
			path = Core;
			sourceTree = "<group>";
		};
		3B20FC8522C363DE0026F0C8 /* Extension */ = {
			isa = PBXGroup;
			children = (
				3B20FC8622C363F50026F0C8 /* UIApplication.swift */,
				3B20FC8F22C37D0B0026F0C8 /* UINavigationController.swift */,
				3B20FC9122C380F70026F0C8 /* UINavigationBar.swift */,
				3B20FC8822C364230026F0C8 /* UIViewController.swift */,
				3B20FC8A22C3769D0026F0C8 /* DispatchQueue.swift */,
				3B20FC9522C46E360026F0C8 /* UIButton.swift */,
				3B14B1FF22CF614000FD9B28 /* String.swift */,
			);
			path = Extension;
			sourceTree = "<group>";
		};
		3B20FC8C22C379940026F0C8 /* Utils */ = {
			isa = PBXGroup;
			children = (
				3B20FC8D22C379B40026F0C8 /* Utils.swift */,
			);
			path = Utils;
			sourceTree = "<group>";
		};
		3B55AE4322DF1DE000F1E829 /* ScrollView */ = {
			isa = PBXGroup;
			children = (
			);
			path = ScrollView;
			sourceTree = "<group>";
		};
		3B7D67F725F0B64D00F93EF7 /* Protocol */ = {
			isa = PBXGroup;
			children = (
				3B7D67F825F0B67B00F93EF7 /* TTFMRecommendViewCellDelegate.swift */,
			);
			path = Protocol;
			sourceTree = "<group>";
		};
		3B7D67FE25F0BEC200F93EF7 /* Net */ = {
			isa = PBXGroup;
			children = (
				3B7D680725F0BF4F00F93EF7 /* TTFMNetworkManger.swift */,
			);
			path = Net;
			sourceTree = "<group>";
		};
		3B7D680B25F1DDFF00F93EF7 /* SubCategory(二级分类) */ = {
			isa = PBXGroup;
			children = (
				3B7D680C25F1E17C00F93EF7 /* Views */,
				3B7D681C25F2148E00F93EF7 /* ViewModel */,
				3B7D681525F1E58D00F93EF7 /* Api */,
				3B7D682925F216FE00F93EF7 /* Controllers */,
			);
			path = "SubCategory(二级分类)";
			sourceTree = "<group>";
		};
		3B7D680C25F1E17C00F93EF7 /* Views */ = {
			isa = PBXGroup;
			children = (
				3B7D680D25F1E25400F93EF7 /* TTFMSubCategoryHorizontalCell.swift */,
				3B7D680E25F1E25400F93EF7 /* TTFMSubCategoryHorizontalCell.xib */,
			);
			path = Views;
			sourceTree = "<group>";
		};
		3B7D681525F1E58D00F93EF7 /* Api */ = {
			isa = PBXGroup;
			children = (
				3B7D681625F1E5B500F93EF7 /* TTFMSubCategoryApi.swift */,
			);
			path = Api;
			sourceTree = "<group>";
		};
		3B7D681C25F2148E00F93EF7 /* ViewModel */ = {
			isa = PBXGroup;
			children = (
				3B7D681D25F214B100F93EF7 /* TTFMSubCategoryViewModel.swift */,
			);
			path = ViewModel;
			sourceTree = "<group>";
		};
		3B7D682925F216FE00F93EF7 /* Controllers */ = {
			isa = PBXGroup;
			children = (
				3B7D682325F216F300F93EF7 /* TTFMSubCategoryMainController.swift */,
			);
			path = Controllers;
			sourceTree = "<group>";
		};
		73A726CB65912867194D9934 /* Pods */ = {
			isa = PBXGroup;
			children = (
				FD39FFB5BAB14119E318D2DA /* Pods-TTXMLY.debug.xcconfig */,
				A231BEACAF01636B86277F6F /* Pods-TTXMLY.release.xcconfig */,
				C287025B3B9DF91ED78D2B04 /* Pods-TTXMLYTests.debug.xcconfig */,
				BEE95CC105A213190B898C28 /* Pods-TTXMLYTests.release.xcconfig */,
			);
			path = Pods;
			sourceTree = "<group>";
		};
		A830AED30E0F8CF88007DD60 /* Frameworks */ = {
			isa = PBXGroup;
			children = (
				10AE901FB3A2A4747D2F0959 /* Pods_TTXMLY.framework */,
				DE126CF8AC4EEA7CA656E633 /* Pods_TTXMLYTests.framework */,
			);
			name = Frameworks;
			sourceTree = "<group>";
		};
/* End PBXGroup section */

/* Begin PBXNativeTarget section */
		3B20FC5922C34F940026F0C8 /* TTXMLY */ = {
			isa = PBXNativeTarget;
			buildConfigurationList = 3B20FC7722C34F980026F0C8 /* Build configuration list for PBXNativeTarget "TTXMLY" */;
			buildPhases = (
				7FEC377A84DD23EC6F39AF91 /* [CP] Check Pods Manifest.lock */,
				3B20FC5622C34F940026F0C8 /* Sources */,
				3B20FC5722C34F940026F0C8 /* Frameworks */,
				3B20FC5822C34F940026F0C8 /* Resources */,
				85A1927F1C2F3D03B1CD62EC /* [CP] Embed Pods Frameworks */,
			);
			buildRules = (
			);
			dependencies = (
			);
			name = TTXMLY;
			productName = TTXMLY;
			productReference = 3B20FC5A22C34F940026F0C8 /* TTXMLY.app */;
			productType = "com.apple.product-type.application";
		};
		3B20FC6D22C34F980026F0C8 /* TTXMLYTests */ = {
			isa = PBXNativeTarget;
			buildConfigurationList = 3B20FC7A22C34F980026F0C8 /* Build configuration list for PBXNativeTarget "TTXMLYTests" */;
			buildPhases = (
				483C6B19DB608FF11EF58BEF /* [CP] Check Pods Manifest.lock */,
				3B20FC6A22C34F980026F0C8 /* Sources */,
				3B20FC6B22C34F980026F0C8 /* Frameworks */,
				3B20FC6C22C34F980026F0C8 /* Resources */,
			);
			buildRules = (
			);
			dependencies = (
				3B20FC7022C34F980026F0C8 /* PBXTargetDependency */,
			);
			name = TTXMLYTests;
			productName = TTXMLYTests;
			productReference = 3B20FC6E22C34F980026F0C8 /* TTXMLYTests.xctest */;
			productType = "com.apple.product-type.bundle.unit-test";
		};
/* End PBXNativeTarget section */

/* Begin PBXProject section */
		3B20FC5222C34F940026F0C8 /* Project object */ = {
			isa = PBXProject;
			attributes = {
				LastSwiftUpdateCheck = 1020;
				LastUpgradeCheck = 1020;
				ORGANIZATIONNAME = unitTao;
				TargetAttributes = {
					3B20FC5922C34F940026F0C8 = {
						CreatedOnToolsVersion = 10.2.1;
					};
					3B20FC6D22C34F980026F0C8 = {
						CreatedOnToolsVersion = 10.2.1;
						TestTargetID = 3B20FC5922C34F940026F0C8;
					};
				};
			};
			buildConfigurationList = 3B20FC5522C34F940026F0C8 /* Build configuration list for PBXProject "TTXMLY" */;
			compatibilityVersion = "Xcode 9.3";
			developmentRegion = en;
			hasScannedForEncodings = 0;
			knownRegions = (
				en,
				Base,
			);
			mainGroup = 3B20FC5122C34F940026F0C8;
			productRefGroup = 3B20FC5B22C34F940026F0C8 /* Products */;
			projectDirPath = "";
			projectRoot = "";
			targets = (
				3B20FC5922C34F940026F0C8 /* TTXMLY */,
				3B20FC6D22C34F980026F0C8 /* TTXMLYTests */,
			);
		};
/* End PBXProject section */

/* Begin PBXResourcesBuildPhase section */
		3B20FC5822C34F940026F0C8 /* Resources */ = {
			isa = PBXResourcesBuildPhase;
			buildActionMask = 2147483647;
			files = (
				3B20FC6822C34F980026F0C8 /* LaunchScreen.storyboard in Resources */,
				3B7D681025F1E25500F93EF7 /* TTFMSubCategoryHorizontalCell.xib in Resources */,
				3B1B9DB322EAD95E0053627E /* listenRecommend.json in Resources */,
				3B1B9DAF22EAD9500053627E /* listenMoreChannel.json in Resources */,
				3B20FC6522C34F980026F0C8 /* Assets.xcassets in Resources */,
				3B20FC6322C34F940026F0C8 /* Main.storyboard in Resources */,
				3B1B9DB222EAD95E0053627E /* listenSubscibe.json in Resources */,
			);
			runOnlyForDeploymentPostprocessing = 0;
		};
		3B20FC6C22C34F980026F0C8 /* Resources */ = {
			isa = PBXResourcesBuildPhase;
			buildActionMask = 2147483647;
			files = (
			);
			runOnlyForDeploymentPostprocessing = 0;
		};
/* End PBXResourcesBuildPhase section */

/* Begin PBXShellScriptBuildPhase section */
		483C6B19DB608FF11EF58BEF /* [CP] Check Pods Manifest.lock */ = {
			isa = PBXShellScriptBuildPhase;
			buildActionMask = 2147483647;
			files = (
			);
			inputFileListPaths = (
			);
			inputPaths = (
				"${PODS_PODFILE_DIR_PATH}/Podfile.lock",
				"${PODS_ROOT}/Manifest.lock",
			);
			name = "[CP] Check Pods Manifest.lock";
			outputFileListPaths = (
			);
			outputPaths = (
				"$(DERIVED_FILE_DIR)/Pods-TTXMLYTests-checkManifestLockResult.txt",
			);
			runOnlyForDeploymentPostprocessing = 0;
			shellPath = /bin/sh;
			shellScript = "diff \"${PODS_PODFILE_DIR_PATH}/Podfile.lock\" \"${PODS_ROOT}/Manifest.lock\" > /dev/null\nif [ $? != 0 ] ; then\n    # print error to STDERR\n    echo \"error: The sandbox is not in sync with the Podfile.lock. Run 'pod install' or update your CocoaPods installation.\" >&2\n    exit 1\nfi\n# This output is used by Xcode 'outputs' to avoid re-running this script phase.\necho \"SUCCESS\" > \"${SCRIPT_OUTPUT_FILE_0}\"\n";
			showEnvVarsInLog = 0;
		};
		7FEC377A84DD23EC6F39AF91 /* [CP] Check Pods Manifest.lock */ = {
			isa = PBXShellScriptBuildPhase;
			buildActionMask = 2147483647;
			files = (
			);
			inputFileListPaths = (
			);
			inputPaths = (
				"${PODS_PODFILE_DIR_PATH}/Podfile.lock",
				"${PODS_ROOT}/Manifest.lock",
			);
			name = "[CP] Check Pods Manifest.lock";
			outputFileListPaths = (
			);
			outputPaths = (
				"$(DERIVED_FILE_DIR)/Pods-TTXMLY-checkManifestLockResult.txt",
			);
			runOnlyForDeploymentPostprocessing = 0;
			shellPath = /bin/sh;
			shellScript = "diff \"${PODS_PODFILE_DIR_PATH}/Podfile.lock\" \"${PODS_ROOT}/Manifest.lock\" > /dev/null\nif [ $? != 0 ] ; then\n    # print error to STDERR\n    echo \"error: The sandbox is not in sync with the Podfile.lock. Run 'pod install' or update your CocoaPods installation.\" >&2\n    exit 1\nfi\n# This output is used by Xcode 'outputs' to avoid re-running this script phase.\necho \"SUCCESS\" > \"${SCRIPT_OUTPUT_FILE_0}\"\n";
			showEnvVarsInLog = 0;
		};
		85A1927F1C2F3D03B1CD62EC /* [CP] Embed Pods Frameworks */ = {
			isa = PBXShellScriptBuildPhase;
			buildActionMask = 2147483647;
			files = (
			);
			inputFileListPaths = (
				"${PODS_ROOT}/Target Support Files/Pods-TTXMLY/Pods-TTXMLY-frameworks-${CONFIGURATION}-input-files.xcfilelist",
			);
			name = "[CP] Embed Pods Frameworks";
			outputFileListPaths = (
				"${PODS_ROOT}/Target Support Files/Pods-TTXMLY/Pods-TTXMLY-frameworks-${CONFIGURATION}-output-files.xcfilelist",
			);
			runOnlyForDeploymentPostprocessing = 0;
			shellPath = /bin/sh;
			shellScript = "\"${PODS_ROOT}/Target Support Files/Pods-TTXMLY/Pods-TTXMLY-frameworks.sh\"\n";
			showEnvVarsInLog = 0;
		};
/* End PBXShellScriptBuildPhase section */

/* Begin PBXSourcesBuildPhase section */
		3B20FC5622C34F940026F0C8 /* Sources */ = {
			isa = PBXSourcesBuildPhase;
			buildActionMask = 2147483647;
			files = (
				3B14B23722D57D1100FD9B28 /* TTFMVipFooterView.swift in Sources */,
				3B14B1D322CB470000FD9B28 /* TTFMRecommendViewModel.swift in Sources */,
				3B20FC8722C363F50026F0C8 /* UIApplication.swift in Sources */,
				3B14B1CF22CAFEBA00FD9B28 /* TTFMRecommendModel.swift in Sources */,
				3B14B1A622C60C1600FD9B28 /* TTPageViewProtocol.swift in Sources */,
				3B14B20522D2DE5000FD9B28 /* TTFMOneKeyListenCell.swift in Sources */,
				3B7D681725F1E5B500F93EF7 /* TTFMSubCategoryApi.swift in Sources */,
				3B14B23C22D5835200FD9B28 /* TTFMVipCategoryButtonCell.swift in Sources */,
				3B14B34022DC4C2700FD9B28 /* TTFMRadioSquareCell.swift in Sources */,
				3B14B26422D6D57400FD9B28 /* TTFMHomeLiveRankCell.swift in Sources */,
				3B14B1A822C613A700FD9B28 /* TTPageTitleView.swift in Sources */,
				3B14B1E922CC993400FD9B28 /* TTCarouselViewLayoutAttributes.swift in Sources */,
				3B14B1F722CF454E00FD9B28 /* TTFMRecommendSquareCell.swift in Sources */,
				3B14B22D22D4675D00FD9B28 /* TTFMHomeVipModel.swift in Sources */,
				3B14B20D22D30E8C00FD9B28 /* TTReplicatorLayer.swift in Sources */,
				3B14B26822D6E84F00FD9B28 /* TTFMHomeLiveFooterView.swift in Sources */,
				3B14B1AE22C9E79700FD9B28 /* TTPageViewManager.swift in Sources */,
				3B14B1B822C9EC2200FD9B28 /* TTHomeRecommendViewController.swift in Sources */,
				3B14B21F22D42A3500FD9B28 /* TTFMCategoryAPI.swift in Sources */,
				3B20FC5E22C34F940026F0C8 /* AppDelegate.swift in Sources */,
				3B14B21D22D33F0100FD9B28 /* TTFMCategoryViewModel.swift in Sources */,
				3B14B21222D3188300FD9B28 /* TTFMForUCell.swift in Sources */,
				3B14B33E22DC4C0E00FD9B28 /* TTFMRadioSquareResultsCell.swift in Sources */,
				3B14B21022D317AE00FD9B28 /* TTFMRecommendForUCell.swift in Sources */,
				3B14B1FE22CF58A100FD9B28 /* TTFMAudioBookCell.swift in Sources */,
				3B14B1A422C6038D00FD9B28 /* TTPageStyle.swift in Sources */,
				3B1B9DB622EAD99B0053627E /* TTListenModel.swift in Sources */,
				3B14B1C722CA0F8400FD9B28 /* TTFindViewController.swift in Sources */,
				3B14B25622D5CB6200FD9B28 /* TTFMHomeLiveAPI.swift in Sources */,
				3B14B20322D2D6E600FD9B28 /* TTFMReCommendOneKeyListenCell.swift in Sources */,
				3B14B20822D2ED0B00FD9B28 /* TTFMRecommendLiveCell.swift in Sources */,
				3B14B25822D5EB4700FD9B28 /* TTFMHomeLiveBannerCell.swift in Sources */,
				3B7D67F925F0B67B00F93EF7 /* TTFMRecommendViewCellDelegate.swift in Sources */,
				3B14B1BD22C9FC6900FD9B28 /* TTFMBouncesContentView.swift in Sources */,
				3B1B9DC422EAF6D30053627E /* TTFMListenChannelVC.swift in Sources */,
				3B20FC8922C364230026F0C8 /* UIViewController.swift in Sources */,
				3B14B22B22D444C100FD9B28 /* TTHomeVIPViewController.swift in Sources */,
				3B14B1FC22CF4F3100FD9B28 /* TTFMRecommendAudioBookCell.swift in Sources */,
				3B14B22522D43FE900FD9B28 /* TTFMCategoryFooterView.swift in Sources */,
				3B1B9DBE22EAF65A0053627E /* TTFMListenSubscribeVC.swift in Sources */,
				3B14B25222D5C6A200FD9B28 /* TTHomeLiveModel.swift in Sources */,
				3B7D680825F0BF4F00F93EF7 /* TTFMNetworkManger.swift in Sources */,
				3B20FC9222C380F70026F0C8 /* UINavigationBar.swift in Sources */,
				3B20FC9422C46C4D0026F0C8 /* TTCustomNavBar.swift in Sources */,
				3B14B20022CF614000FD9B28 /* String.swift in Sources */,
				3B14B1BB22C9FB0900FD9B28 /* TTFMBasicContentView.swift in Sources */,
				3B14B1E722CC8B1500FD9B28 /* TTCarouselViewTransformer.swift in Sources */,
				3B20FC9622C46E360026F0C8 /* UIButton.swift in Sources */,
				3B7D680F25F1E25400F93EF7 /* TTFMSubCategoryHorizontalCell.swift in Sources */,
				3B14B1E122CC7BAA00FD9B28 /* TTCarouselCollectionView.swift in Sources */,
				3B14B1C422CA0F4400FD9B28 /* TTListenViewController.swift in Sources */,
				3B14B25022D5C35800FD9B28 /* TTHomeLiveViewController.swift in Sources */,
				3B14B33722DC1B3E00FD9B28 /* TTFMHomeBroadcastHeaderView.swift in Sources */,
				3B14B1DC22CC402F00FD9B28 /* TTFMRecommendGridCell.swift in Sources */,
				3B14B1DF22CC4AB300FD9B28 /* TTCarouselViewCell.swift in Sources */,
				3B14B1EB22CCA51000FD9B28 /* TTCarouselViewLayout.swift in Sources */,
				3B7D682425F216F300F93EF7 /* TTFMSubCategoryMainController.swift in Sources */,
				3B14B20A22D2EE3C00FD9B28 /* TTFMLiveCell.swift in Sources */,
				3B14B22322D43EAA00FD9B28 /* TTFMCategoryHeaderView.swift in Sources */,
				3B14B1AC22C9DD9700FD9B28 /* TTPageViewUntils.swift in Sources */,
				3B14B1CB22CA0FB300FD9B28 /* TTPlayViewController.swift in Sources */,
				3B14B23322D4909000FD9B28 /* TTFMVipBannerCell.swift in Sources */,
				3B14B33B22DC1EFB00FD9B28 /* TTFMBroadcastRadioCell.swift in Sources */,
				3B20FC8B22C3769D0026F0C8 /* DispatchQueue.swift in Sources */,
				3B14B23F22D590A900FD9B28 /* TTFMHomeVipHotCell.swift in Sources */,
				3B14B1D122CB0C7000FD9B28 /* TTFMRecommendAPI.swift in Sources */,
				3B20FC8322C3609B0026F0C8 /* TTNavigationBar.swift in Sources */,
				3B14B1D722CB660700FD9B28 /* TTFMRecommendCarouselCell.swift in Sources */,
				3B14B34322DC583700FD9B28 /* TTFMRadioExpandableCell.swift in Sources */,
				3B14B25A22D5EF4600FD9B28 /* TTFMHomeLiveHeaderView.swift in Sources */,
				3B1B9DCA22EAF7300053627E /* TTFMListenRecommendVC.swift in Sources */,
				3B14B1AA22C9D63800FD9B28 /* TTPageView.swift in Sources */,
				3B14B23522D4A46F00FD9B28 /* TTFMVipHeaderView.swift in Sources */,
				3B14B25422D5CA2D00FD9B28 /* TTFMHomeLiveViewModel.swift in Sources */,
				3B14B1E322CC7DE900FD9B28 /* TTCarouselView.swift in Sources */,
				3B14B1EE22CE011A00FD9B28 /* TTFMRecommendGuessULikeCell.swift in Sources */,
				3B20FC8E22C379B40026F0C8 /* Utils.swift in Sources */,
				3B14B1CD22CA0FC000FD9B28 /* TTMineViewController.swift in Sources */,
				3B14B24722D5B71F00FD9B28 /* TTFMVipEnjoyCell.swift in Sources */,
				3B14B26622D6D58C00FD9B28 /* TTFMLiveRankCell.swift in Sources */,
				3B14B19A22C5F57800FD9B28 /* TTNavigationController.swift in Sources */,
				3B14B1F022CEEB0F00FD9B28 /* TTFMGuessULikeCell.swift in Sources */,
				3B14B1D522CB5A3600FD9B28 /* TTFMRecommendAdCell.swift in Sources */,
				3B14B21922D3331500FD9B28 /* TTHomeCategoryViewController.swift in Sources */,
				3B14B1F322CF067E00FD9B28 /* TTFMRecommendHeaderView.swift in Sources */,
				3B14B1B422C9EA7300FD9B28 /* TTHomeViewController.swift in Sources */,
				3B14B22122D4371E00FD9B28 /* TTFMCategoryCell.swift in Sources */,
				3B20FC9022C37D0B0026F0C8 /* UINavigationController.swift in Sources */,
				3B14B25E22D6CEB700FD9B28 /* TTFMLiveCategoryCell.swift in Sources */,
				3B14B27022D70B2900FD9B28 /* TTHomeBroadcastViewController.swift in Sources */,
				3B14B24122D5B1C500FD9B28 /* TTFMVipHotCell.swift in Sources */,
				3B1B9DB822EADE7C0053627E /* TTFMListenHeaderView.swift in Sources */,
				3B14B1D922CC3FED00FD9B28 /* TTFMRecommendNewsCell.swift in Sources */,
				3B14B27222D70C5C00FD9B28 /* TTFMHomeBroadcastAPI.swift in Sources */,
				3B14B24522D5B70900FD9B28 /* TTFMHomeVipEnjoyCell.swift in Sources */,
				3B14B1A222C5FDCE00FD9B28 /* TTPageContentView.swift in Sources */,
				3B14B21B22D33D6A00FD9B28 /* TTFMCategoryModel.swift in Sources */,
				3B14B22F22D46D6A00FD9B28 /* TTFMHomeVipViewModel.swift in Sources */,
				3B14B1F522CF1EEC00FD9B28 /* TTFMRecommendFooterView.swift in Sources */,
				3B1B9DAD22EACEA20053627E /* TTListenApi.swift in Sources */,
				3B14B26122D6D18E00FD9B28 /* TTFMHomeLiveCategoryCell.swift in Sources */,
				3B7D681E25F214B100F93EF7 /* TTFMSubCategoryViewModel.swift in Sources */,
				3B14B1E522CC802D00FD9B28 /* TTCarouselViewProtocol.swift in Sources */,
				3B14B26A22D7017A00FD9B28 /* TTFMHomeLiveRecommendCell.swift in Sources */,
				3B14B23922D581B700FD9B28 /* TTFMVipCategoryCell.swift in Sources */,
				3B14B27422D70ECA00FD9B28 /* TTFMHomeBroadcastViewModel.swift in Sources */,
				3B14B1BF22C9FD5200FD9B28 /* TTFMIrregularityBasicContentView.swift in Sources */,
				3B14B33922DC1D5B00FD9B28 /* TTFMHomeBroadcastFooterView.swift in Sources */,
				3B14B24A22D5BDA200FD9B28 /* TTFMHomeVipCell.swift in Sources */,
				3B14B27622D70EE600FD9B28 /* TTFMHomeBroadcastModel.swift in Sources */,
				3B14B23122D4705200FD9B28 /* TTFMHomeVipAPI.swift in Sources */,
			);
			runOnlyForDeploymentPostprocessing = 0;
		};
		3B20FC6A22C34F980026F0C8 /* Sources */ = {
			isa = PBXSourcesBuildPhase;
			buildActionMask = 2147483647;
			files = (
				3B20FC7322C34F980026F0C8 /* TTXMLYTests.swift in Sources */,
			);
			runOnlyForDeploymentPostprocessing = 0;
		};
/* End PBXSourcesBuildPhase section */

/* Begin PBXTargetDependency section */
		3B20FC7022C34F980026F0C8 /* PBXTargetDependency */ = {
			isa = PBXTargetDependency;
			target = 3B20FC5922C34F940026F0C8 /* TTXMLY */;
			targetProxy = 3B20FC6F22C34F980026F0C8 /* PBXContainerItemProxy */;
		};
/* End PBXTargetDependency section */

/* Begin PBXVariantGroup section */
		3B20FC6122C34F940026F0C8 /* Main.storyboard */ = {
			isa = PBXVariantGroup;
			children = (
				3B20FC6222C34F940026F0C8 /* Base */,
			);
			name = Main.storyboard;
			sourceTree = "<group>";
		};
		3B20FC6622C34F980026F0C8 /* LaunchScreen.storyboard */ = {
			isa = PBXVariantGroup;
			children = (
				3B20FC6722C34F980026F0C8 /* Base */,
			);
			name = LaunchScreen.storyboard;
			sourceTree = "<group>";
		};
/* End PBXVariantGroup section */

/* Begin XCBuildConfiguration section */
		3B20FC7522C34F980026F0C8 /* Debug */ = {
			isa = XCBuildConfiguration;
			buildSettings = {
				ALWAYS_SEARCH_USER_PATHS = NO;
				CLANG_ANALYZER_NONNULL = YES;
				CLANG_ANALYZER_NUMBER_OBJECT_CONVERSION = YES_AGGRESSIVE;
				CLANG_CXX_LANGUAGE_STANDARD = "gnu++14";
				CLANG_CXX_LIBRARY = "libc++";
				CLANG_ENABLE_MODULES = YES;
				CLANG_ENABLE_OBJC_ARC = YES;
				CLANG_ENABLE_OBJC_WEAK = YES;
				CLANG_WARN_BLOCK_CAPTURE_AUTORELEASING = YES;
				CLANG_WARN_BOOL_CONVERSION = YES;
				CLANG_WARN_COMMA = YES;
				CLANG_WARN_CONSTANT_CONVERSION = YES;
				CLANG_WARN_DEPRECATED_OBJC_IMPLEMENTATIONS = YES;
				CLANG_WARN_DIRECT_OBJC_ISA_USAGE = YES_ERROR;
				CLANG_WARN_DOCUMENTATION_COMMENTS = YES;
				CLANG_WARN_EMPTY_BODY = YES;
				CLANG_WARN_ENUM_CONVERSION = YES;
				CLANG_WARN_INFINITE_RECURSION = YES;
				CLANG_WARN_INT_CONVERSION = YES;
				CLANG_WARN_NON_LITERAL_NULL_CONVERSION = YES;
				CLANG_WARN_OBJC_IMPLICIT_RETAIN_SELF = YES;
				CLANG_WARN_OBJC_LITERAL_CONVERSION = YES;
				CLANG_WARN_OBJC_ROOT_CLASS = YES_ERROR;
				CLANG_WARN_RANGE_LOOP_ANALYSIS = YES;
				CLANG_WARN_STRICT_PROTOTYPES = YES;
				CLANG_WARN_SUSPICIOUS_MOVE = YES;
				CLANG_WARN_UNGUARDED_AVAILABILITY = YES_AGGRESSIVE;
				CLANG_WARN_UNREACHABLE_CODE = YES;
				CLANG_WARN__DUPLICATE_METHOD_MATCH = YES;
				CODE_SIGN_IDENTITY = "iPhone Developer";
				COPY_PHASE_STRIP = NO;
				DEBUG_INFORMATION_FORMAT = dwarf;
				ENABLE_STRICT_OBJC_MSGSEND = YES;
				ENABLE_TESTABILITY = YES;
				GCC_C_LANGUAGE_STANDARD = gnu11;
				GCC_DYNAMIC_NO_PIC = NO;
				GCC_NO_COMMON_BLOCKS = YES;
				GCC_OPTIMIZATION_LEVEL = 0;
				GCC_PREPROCESSOR_DEFINITIONS = (
					"DEBUG=1",
					"$(inherited)",
				);
				GCC_WARN_64_TO_32_BIT_CONVERSION = YES;
				GCC_WARN_ABOUT_RETURN_TYPE = YES_ERROR;
				GCC_WARN_UNDECLARED_SELECTOR = YES;
				GCC_WARN_UNINITIALIZED_AUTOS = YES_AGGRESSIVE;
				GCC_WARN_UNUSED_FUNCTION = YES;
				GCC_WARN_UNUSED_VARIABLE = YES;
				IPHONEOS_DEPLOYMENT_TARGET = 12.2;
				MTL_ENABLE_DEBUG_INFO = INCLUDE_SOURCE;
				MTL_FAST_MATH = YES;
				ONLY_ACTIVE_ARCH = YES;
				SDKROOT = iphoneos;
				SWIFT_ACTIVE_COMPILATION_CONDITIONS = DEBUG;
				SWIFT_OPTIMIZATION_LEVEL = "-Onone";
			};
			name = Debug;
		};
		3B20FC7622C34F980026F0C8 /* Release */ = {
			isa = XCBuildConfiguration;
			buildSettings = {
				ALWAYS_SEARCH_USER_PATHS = NO;
				CLANG_ANALYZER_NONNULL = YES;
				CLANG_ANALYZER_NUMBER_OBJECT_CONVERSION = YES_AGGRESSIVE;
				CLANG_CXX_LANGUAGE_STANDARD = "gnu++14";
				CLANG_CXX_LIBRARY = "libc++";
				CLANG_ENABLE_MODULES = YES;
				CLANG_ENABLE_OBJC_ARC = YES;
				CLANG_ENABLE_OBJC_WEAK = YES;
				CLANG_WARN_BLOCK_CAPTURE_AUTORELEASING = YES;
				CLANG_WARN_BOOL_CONVERSION = YES;
				CLANG_WARN_COMMA = YES;
				CLANG_WARN_CONSTANT_CONVERSION = YES;
				CLANG_WARN_DEPRECATED_OBJC_IMPLEMENTATIONS = YES;
				CLANG_WARN_DIRECT_OBJC_ISA_USAGE = YES_ERROR;
				CLANG_WARN_DOCUMENTATION_COMMENTS = YES;
				CLANG_WARN_EMPTY_BODY = YES;
				CLANG_WARN_ENUM_CONVERSION = YES;
				CLANG_WARN_INFINITE_RECURSION = YES;
				CLANG_WARN_INT_CONVERSION = YES;
				CLANG_WARN_NON_LITERAL_NULL_CONVERSION = YES;
				CLANG_WARN_OBJC_IMPLICIT_RETAIN_SELF = YES;
				CLANG_WARN_OBJC_LITERAL_CONVERSION = YES;
				CLANG_WARN_OBJC_ROOT_CLASS = YES_ERROR;
				CLANG_WARN_RANGE_LOOP_ANALYSIS = YES;
				CLANG_WARN_STRICT_PROTOTYPES = YES;
				CLANG_WARN_SUSPICIOUS_MOVE = YES;
				CLANG_WARN_UNGUARDED_AVAILABILITY = YES_AGGRESSIVE;
				CLANG_WARN_UNREACHABLE_CODE = YES;
				CLANG_WARN__DUPLICATE_METHOD_MATCH = YES;
				CODE_SIGN_IDENTITY = "iPhone Developer";
				COPY_PHASE_STRIP = NO;
				DEBUG_INFORMATION_FORMAT = "dwarf-with-dsym";
				ENABLE_NS_ASSERTIONS = NO;
				ENABLE_STRICT_OBJC_MSGSEND = YES;
				GCC_C_LANGUAGE_STANDARD = gnu11;
				GCC_NO_COMMON_BLOCKS = YES;
				GCC_WARN_64_TO_32_BIT_CONVERSION = YES;
				GCC_WARN_ABOUT_RETURN_TYPE = YES_ERROR;
				GCC_WARN_UNDECLARED_SELECTOR = YES;
				GCC_WARN_UNINITIALIZED_AUTOS = YES_AGGRESSIVE;
				GCC_WARN_UNUSED_FUNCTION = YES;
				GCC_WARN_UNUSED_VARIABLE = YES;
				IPHONEOS_DEPLOYMENT_TARGET = 12.2;
				MTL_ENABLE_DEBUG_INFO = NO;
				MTL_FAST_MATH = YES;
				SDKROOT = iphoneos;
				SWIFT_COMPILATION_MODE = wholemodule;
				SWIFT_OPTIMIZATION_LEVEL = "-O";
				VALIDATE_PRODUCT = YES;
			};
			name = Release;
		};
		3B20FC7822C34F980026F0C8 /* Debug */ = {
			isa = XCBuildConfiguration;
			baseConfigurationReference = FD39FFB5BAB14119E318D2DA /* Pods-TTXMLY.debug.xcconfig */;
			buildSettings = {
				ASSETCATALOG_COMPILER_APPICON_NAME = AppIcon;
				CODE_SIGN_IDENTITY = "iPhone Developer";
				CODE_SIGN_STYLE = Automatic;
				DEVELOPMENT_TEAM = 4UW8B3X7J9;
				INFOPLIST_FILE = "$(SRCROOT)/TTXMLY/Support File/Info.plist";
				IPHONEOS_DEPLOYMENT_TARGET = 10.0;
				LD_RUNPATH_SEARCH_PATHS = (
					"$(inherited)",
					"@executable_path/Frameworks",
				);
				PRODUCT_BUNDLE_IDENTIFIER = cn.com.unitTao.TTXMLY;
				PRODUCT_NAME = "$(TARGET_NAME)";
				PROVISIONING_PROFILE_SPECIFIER = "";
				SWIFT_VERSION = 5.0;
				TARGETED_DEVICE_FAMILY = "1,2";
			};
			name = Debug;
		};
		3B20FC7922C34F980026F0C8 /* Release */ = {
			isa = XCBuildConfiguration;
			baseConfigurationReference = A231BEACAF01636B86277F6F /* Pods-TTXMLY.release.xcconfig */;
			buildSettings = {
				ASSETCATALOG_COMPILER_APPICON_NAME = AppIcon;
				CODE_SIGN_IDENTITY = "iPhone Developer";
				CODE_SIGN_STYLE = Automatic;
				DEVELOPMENT_TEAM = 4UW8B3X7J9;
				INFOPLIST_FILE = "$(SRCROOT)/TTXMLY/Support File/Info.plist";
				IPHONEOS_DEPLOYMENT_TARGET = 10.0;
				LD_RUNPATH_SEARCH_PATHS = (
					"$(inherited)",
					"@executable_path/Frameworks",
				);
				PRODUCT_BUNDLE_IDENTIFIER = cn.com.unitTao.TTXMLY;
				PRODUCT_NAME = "$(TARGET_NAME)";
				PROVISIONING_PROFILE_SPECIFIER = "";
				SWIFT_VERSION = 5.0;
				TARGETED_DEVICE_FAMILY = "1,2";
			};
			name = Release;
		};
		3B20FC7B22C34F980026F0C8 /* Debug */ = {
			isa = XCBuildConfiguration;
			baseConfigurationReference = C287025B3B9DF91ED78D2B04 /* Pods-TTXMLYTests.debug.xcconfig */;
			buildSettings = {
				ALWAYS_EMBED_SWIFT_STANDARD_LIBRARIES = YES;
				BUNDLE_LOADER = "$(TEST_HOST)";
				CODE_SIGN_STYLE = Automatic;
				INFOPLIST_FILE = TTXMLYTests/Info.plist;
				LD_RUNPATH_SEARCH_PATHS = (
					"$(inherited)",
					"@executable_path/Frameworks",
					"@loader_path/Frameworks",
				);
				PRODUCT_BUNDLE_IDENTIFIER = cn.com.unitTao.TTXMLYTests;
				PRODUCT_NAME = "$(TARGET_NAME)";
				SWIFT_VERSION = 5.0;
				TARGETED_DEVICE_FAMILY = "1,2";
				TEST_HOST = "$(BUILT_PRODUCTS_DIR)/TTXMLY.app/TTXMLY";
			};
			name = Debug;
		};
		3B20FC7C22C34F980026F0C8 /* Release */ = {
			isa = XCBuildConfiguration;
			baseConfigurationReference = BEE95CC105A213190B898C28 /* Pods-TTXMLYTests.release.xcconfig */;
			buildSettings = {
				ALWAYS_EMBED_SWIFT_STANDARD_LIBRARIES = YES;
				BUNDLE_LOADER = "$(TEST_HOST)";
				CODE_SIGN_STYLE = Automatic;
				INFOPLIST_FILE = TTXMLYTests/Info.plist;
				LD_RUNPATH_SEARCH_PATHS = (
					"$(inherited)",
					"@executable_path/Frameworks",
					"@loader_path/Frameworks",
				);
				PRODUCT_BUNDLE_IDENTIFIER = cn.com.unitTao.TTXMLYTests;
				PRODUCT_NAME = "$(TARGET_NAME)";
				SWIFT_VERSION = 5.0;
				TARGETED_DEVICE_FAMILY = "1,2";
				TEST_HOST = "$(BUILT_PRODUCTS_DIR)/TTXMLY.app/TTXMLY";
			};
			name = Release;
		};
/* End XCBuildConfiguration section */

/* Begin XCConfigurationList section */
		3B20FC5522C34F940026F0C8 /* Build configuration list for PBXProject "TTXMLY" */ = {
			isa = XCConfigurationList;
			buildConfigurations = (
				3B20FC7522C34F980026F0C8 /* Debug */,
				3B20FC7622C34F980026F0C8 /* Release */,
			);
			defaultConfigurationIsVisible = 0;
			defaultConfigurationName = Release;
		};
		3B20FC7722C34F980026F0C8 /* Build configuration list for PBXNativeTarget "TTXMLY" */ = {
			isa = XCConfigurationList;
			buildConfigurations = (
				3B20FC7822C34F980026F0C8 /* Debug */,
				3B20FC7922C34F980026F0C8 /* Release */,
			);
			defaultConfigurationIsVisible = 0;
			defaultConfigurationName = Release;
		};
		3B20FC7A22C34F980026F0C8 /* Build configuration list for PBXNativeTarget "TTXMLYTests" */ = {
			isa = XCConfigurationList;
			buildConfigurations = (
				3B20FC7B22C34F980026F0C8 /* Debug */,
				3B20FC7C22C34F980026F0C8 /* Release */,
			);
			defaultConfigurationIsVisible = 0;
			defaultConfigurationName = Release;
		};
/* End XCConfigurationList section */
	};
	rootObject = 3B20FC5222C34F940026F0C8 /* Project object */;
}
