// !$*UTF8*$!
{
	archiveVersion = 1;
	classes = {
	};
	objectVersion = 51;
	objects = {

/* Begin PBXBuildFile section */
		0EB6C0839F3A3F05F3B60EC4 /* Pods_TTXMLY_OC.framework in Frameworks */ = {isa = PBXBuildFile; fileRef = 43034612D20DAE06DC7E0A48 /* Pods_TTXMLY_OC.framework */; };
		3B9CFED625F5C81000E1E8BD /* AppDelegate.m in Sources */ = {isa = PBXBuildFile; fileRef = 3B9CFED525F5C81000E1E8BD /* AppDelegate.m */; };
		3B9CFED925F5C81000E1E8BD /* SceneDelegate.m in Sources */ = {isa = PBXBuildFile; fileRef = 3B9CFED825F5C81000E1E8BD /* SceneDelegate.m */; };
		3B9CFEDF25F5C81000E1E8BD /* Main.storyboard in Resources */ = {isa = PBXBuildFile; fileRef = 3B9CFEDD25F5C81000E1E8BD /* Main.storyboard */; };
		3B9CFEE125F5C81D00E1E8BD /* Assets.xcassets in Resources */ = {isa = PBXBuildFile; fileRef = 3B9CFEE025F5C81D00E1E8BD /* Assets.xcassets */; };
		3B9CFEE425F5C81D00E1E8BD /* LaunchScreen.storyboard in Resources */ = {isa = PBXBuildFile; fileRef = 3B9CFEE225F5C81D00E1E8BD /* LaunchScreen.storyboard */; };
		3B9CFEE725F5C81D00E1E8BD /* main.m in Sources */ = {isa = PBXBuildFile; fileRef = 3B9CFEE625F5C81D00E1E8BD /* main.m */; };
		3B9CFF0625F5CEAB00E1E8BD /* TTBaseRequest.m in Sources */ = {isa = PBXBuildFile; fileRef = 3B9CFF0525F5CEAB00E1E8BD /* TTBaseRequest.m */; };
		3B9CFF0C25F5D7E700E1E8BD /* TTBaseApi.m in Sources */ = {isa = PBXBuildFile; fileRef = 3B9CFF0B25F5D7E700E1E8BD /* TTBaseApi.m */; };
		3B9CFF1225F5D94200E1E8BD /* TTFindApi.m in Sources */ = {isa = PBXBuildFile; fileRef = 3B9CFF1125F5D94200E1E8BD /* TTFindApi.m */; };
		3B9CFF1B25F5F44600E1E8BD /* TTBaseNavigationController.m in Sources */ = {isa = PBXBuildFile; fileRef = 3B9CFF1A25F5F44600E1E8BD /* TTBaseNavigationController.m */; };
		3B9CFF2125F5F52400E1E8BD /* TTConstants.m in Sources */ = {isa = PBXBuildFile; fileRef = 3B9CFF2025F5F52400E1E8BD /* TTConstants.m */; };
		3B9CFF2925F5FB2900E1E8BD /* TTBaseViewController.m in Sources */ = {isa = PBXBuildFile; fileRef = 3B9CFF2825F5FB2900E1E8BD /* TTBaseViewController.m */; };
		3B9CFF3425F6036B00E1E8BD /* TTFindSubTitleView.m in Sources */ = {isa = PBXBuildFile; fileRef = 3B9CFF3325F6036B00E1E8BD /* TTFindSubTitleView.m */; };
		3B9CFF3925F60AF700E1E8BD /* TTFindViewController.m in Sources */ = {isa = PBXBuildFile; fileRef = 3B9CFF3825F60AF700E1E8BD /* TTFindViewController.m */; };
		3B9CFF3C25F60B1E00E1E8BD /* Find.storyboard in Resources */ = {isa = PBXBuildFile; fileRef = 3B9CFF3B25F60B1E00E1E8BD /* Find.storyboard */; };
		3B9CFF4025F6130A00E1E8BD /* TTBaseChildViewController.m in Sources */ = {isa = PBXBuildFile; fileRef = 3B9CFF3F25F6130A00E1E8BD /* TTBaseChildViewController.m */; };
		3B9CFF4525F6137100E1E8BD /* TTFindSubFactory.m in Sources */ = {isa = PBXBuildFile; fileRef = 3B9CFF4425F6137100E1E8BD /* TTFindSubFactory.m */; };
		3B9CFF4B25F6163200E1E8BD /* TTFindRecommendViewController.m in Sources */ = {isa = PBXBuildFile; fileRef = 3B9CFF4A25F6163200E1E8BD /* TTFindRecommendViewController.m */; };
		3B9CFF5125F6165600E1E8BD /* TTFindCategoryViewController.m in Sources */ = {isa = PBXBuildFile; fileRef = 3B9CFF5025F6165600E1E8BD /* TTFindCategoryViewController.m */; };
		3B9CFF5625F6166700E1E8BD /* TTFindRadioViewController.m in Sources */ = {isa = PBXBuildFile; fileRef = 3B9CFF5525F6166700E1E8BD /* TTFindRadioViewController.m */; };
		3B9CFF5C25F6167D00E1E8BD /* TTFindRankViewController.m in Sources */ = {isa = PBXBuildFile; fileRef = 3B9CFF5B25F6167D00E1E8BD /* TTFindRankViewController.m */; };
		3B9CFF6225F6168F00E1E8BD /* TTFindAnchorViewController.m in Sources */ = {isa = PBXBuildFile; fileRef = 3B9CFF6125F6168F00E1E8BD /* TTFindAnchorViewController.m */; };
		3B9CFF6D25F61D9F00E1E8BD /* TTSubscriptionViewController.m in Sources */ = {isa = PBXBuildFile; fileRef = 3B9CFF6C25F61D9F00E1E8BD /* TTSubscriptionViewController.m */; };
		3B9CFF7225F61E0B00E1E8BD /* TTSubscriptionFactory.m in Sources */ = {isa = PBXBuildFile; fileRef = 3B9CFF7125F61E0B00E1E8BD /* TTSubscriptionFactory.m */; };
		3B9CFF7825F61FE200E1E8BD /* TTSubscriptionRecommendController.m in Sources */ = {isa = PBXBuildFile; fileRef = 3B9CFF7725F61FE200E1E8BD /* TTSubscriptionRecommendController.m */; };
		3B9CFF7E25F6203000E1E8BD /* TTSubscriptionSubscriptionController.m in Sources */ = {isa = PBXBuildFile; fileRef = 3B9CFF7D25F6203000E1E8BD /* TTSubscriptionSubscriptionController.m */; };
		3B9CFF8425F6204D00E1E8BD /* TTSubscriptionHistoryController.m in Sources */ = {isa = PBXBuildFile; fileRef = 3B9CFF8325F6204D00E1E8BD /* TTSubscriptionHistoryController.m */; };
		3B9CFF8925F6213300E1E8BD /* TTSubscriptionNavView.m in Sources */ = {isa = PBXBuildFile; fileRef = 3B9CFF8825F6213300E1E8BD /* TTSubscriptionNavView.m */; };
		3B9CFF8E25F62C7F00E1E8BD /* TTRootViewController.m in Sources */ = {isa = PBXBuildFile; fileRef = 3B9CFF8D25F62C7F00E1E8BD /* TTRootViewController.m */; };
		3B9CFFBE25F723E600E1E8BD /* SubScribe.storyboard in Resources */ = {isa = PBXBuildFile; fileRef = 3B9CFFBD25F723E500E1E8BD /* SubScribe.storyboard */; };
		3B9CFFC525F724BD00E1E8BD /* TTPlayViewController.m in Sources */ = {isa = PBXBuildFile; fileRef = 3B9CFFC425F724BD00E1E8BD /* TTPlayViewController.m */; };
		3B9CFFC825F724CD00E1E8BD /* Play.storyboard in Resources */ = {isa = PBXBuildFile; fileRef = 3B9CFFC725F724CD00E1E8BD /* Play.storyboard */; };
		3B9CFFCF25F7255900E1E8BD /* TTDownloadViewController.m in Sources */ = {isa = PBXBuildFile; fileRef = 3B9CFFCE25F7255900E1E8BD /* TTDownloadViewController.m */; };
		3B9CFFD225F7256900E1E8BD /* Download.storyboard in Resources */ = {isa = PBXBuildFile; fileRef = 3B9CFFD125F7256900E1E8BD /* Download.storyboard */; };
		3B9CFFD825F7259F00E1E8BD /* TTMineViewController.m in Sources */ = {isa = PBXBuildFile; fileRef = 3B9CFFD725F7259F00E1E8BD /* TTMineViewController.m */; };
		3B9CFFDC25F725AD00E1E8BD /* Mine.storyboard in Resources */ = {isa = PBXBuildFile; fileRef = 3B9CFFDB25F725AD00E1E8BD /* Mine.storyboard */; };
		3B9CFFF125F74A8B00E1E8BD /* TTBaseModel.m in Sources */ = {isa = PBXBuildFile; fileRef = 3B9CFFF025F74A8B00E1E8BD /* TTBaseModel.m */; };
		3B9CFFF625F74DC800E1E8BD /* TTBaseAudioModel.m in Sources */ = {isa = PBXBuildFile; fileRef = 3B9CFFF525F74DC800E1E8BD /* TTBaseAudioModel.m */; };
		3B9CFFFA25F74E9B00E1E8BD /* TTFindRecommendModel.m in Sources */ = {isa = PBXBuildFile; fileRef = 3B9CFFF925F74E9B00E1E8BD /* TTFindRecommendModel.m */; };
/* End PBXBuildFile section */

/* Begin PBXFileReference section */
		3B9CFED125F5C81000E1E8BD /* TTXMLY_OC.app */ = {isa = PBXFileReference; explicitFileType = wrapper.application; includeInIndex = 0; path = TTXMLY_OC.app; sourceTree = BUILT_PRODUCTS_DIR; };
		3B9CFED425F5C81000E1E8BD /* AppDelegate.h */ = {isa = PBXFileReference; lastKnownFileType = sourcecode.c.h; path = AppDelegate.h; sourceTree = "<group>"; };
		3B9CFED525F5C81000E1E8BD /* AppDelegate.m */ = {isa = PBXFileReference; lastKnownFileType = sourcecode.c.objc; path = AppDelegate.m; sourceTree = "<group>"; };
		3B9CFED725F5C81000E1E8BD /* SceneDelegate.h */ = {isa = PBXFileReference; lastKnownFileType = sourcecode.c.h; path = SceneDelegate.h; sourceTree = "<group>"; };
		3B9CFED825F5C81000E1E8BD /* SceneDelegate.m */ = {isa = PBXFileReference; lastKnownFileType = sourcecode.c.objc; path = SceneDelegate.m; sourceTree = "<group>"; };
		3B9CFEDE25F5C81000E1E8BD /* Base */ = {isa = PBXFileReference; lastKnownFileType = file.storyboard; name = Base; path = Base.lproj/Main.storyboard; sourceTree = "<group>"; };
		3B9CFEE025F5C81D00E1E8BD /* Assets.xcassets */ = {isa = PBXFileReference; lastKnownFileType = folder.assetcatalog; path = Assets.xcassets; sourceTree = "<group>"; };
		3B9CFEE325F5C81D00E1E8BD /* Base */ = {isa = PBXFileReference; lastKnownFileType = file.storyboard; name = Base; path = Base.lproj/LaunchScreen.storyboard; sourceTree = "<group>"; };
		3B9CFEE525F5C81D00E1E8BD /* Info.plist */ = {isa = PBXFileReference; lastKnownFileType = text.plist.xml; path = Info.plist; sourceTree = "<group>"; };
		3B9CFEE625F5C81D00E1E8BD /* main.m */ = {isa = PBXFileReference; lastKnownFileType = sourcecode.c.objc; path = main.m; sourceTree = "<group>"; };
		3B9CFF0425F5CEAB00E1E8BD /* TTBaseRequest.h */ = {isa = PBXFileReference; lastKnownFileType = sourcecode.c.h; path = TTBaseRequest.h; sourceTree = "<group>"; };
		3B9CFF0525F5CEAB00E1E8BD /* TTBaseRequest.m */ = {isa = PBXFileReference; lastKnownFileType = sourcecode.c.objc; path = TTBaseRequest.m; sourceTree = "<group>"; };
		3B9CFF0A25F5D7E700E1E8BD /* TTBaseApi.h */ = {isa = PBXFileReference; lastKnownFileType = sourcecode.c.h; path = TTBaseApi.h; sourceTree = "<group>"; };
		3B9CFF0B25F5D7E700E1E8BD /* TTBaseApi.m */ = {isa = PBXFileReference; lastKnownFileType = sourcecode.c.objc; path = TTBaseApi.m; sourceTree = "<group>"; };
		3B9CFF1025F5D94200E1E8BD /* TTFindApi.h */ = {isa = PBXFileReference; lastKnownFileType = sourcecode.c.h; path = TTFindApi.h; sourceTree = "<group>"; };
		3B9CFF1125F5D94200E1E8BD /* TTFindApi.m */ = {isa = PBXFileReference; lastKnownFileType = sourcecode.c.objc; path = TTFindApi.m; sourceTree = "<group>"; };
		3B9CFF1925F5F44600E1E8BD /* TTBaseNavigationController.h */ = {isa = PBXFileReference; lastKnownFileType = sourcecode.c.h; path = TTBaseNavigationController.h; sourceTree = "<group>"; };
		3B9CFF1A25F5F44600E1E8BD /* TTBaseNavigationController.m */ = {isa = PBXFileReference; lastKnownFileType = sourcecode.c.objc; path = TTBaseNavigationController.m; sourceTree = "<group>"; };
		3B9CFF1F25F5F52400E1E8BD /* TTConstants.h */ = {isa = PBXFileReference; lastKnownFileType = sourcecode.c.h; path = TTConstants.h; sourceTree = "<group>"; };
		3B9CFF2025F5F52400E1E8BD /* TTConstants.m */ = {isa = PBXFileReference; lastKnownFileType = sourcecode.c.objc; path = TTConstants.m; sourceTree = "<group>"; };
		3B9CFF2525F5F7BD00E1E8BD /* TTXMLY_OC-Prefix.pch */ = {isa = PBXFileReference; lastKnownFileType = sourcecode.c.h; path = "TTXMLY_OC-Prefix.pch"; sourceTree = "<group>"; };
		3B9CFF2725F5FB2900E1E8BD /* TTBaseViewController.h */ = {isa = PBXFileReference; lastKnownFileType = sourcecode.c.h; path = TTBaseViewController.h; sourceTree = "<group>"; };
		3B9CFF2825F5FB2900E1E8BD /* TTBaseViewController.m */ = {isa = PBXFileReference; lastKnownFileType = sourcecode.c.objc; path = TTBaseViewController.m; sourceTree = "<group>"; };
		3B9CFF3225F6036B00E1E8BD /* TTFindSubTitleView.h */ = {isa = PBXFileReference; lastKnownFileType = sourcecode.c.h; path = TTFindSubTitleView.h; sourceTree = "<group>"; };
		3B9CFF3325F6036B00E1E8BD /* TTFindSubTitleView.m */ = {isa = PBXFileReference; lastKnownFileType = sourcecode.c.objc; path = TTFindSubTitleView.m; sourceTree = "<group>"; };
		3B9CFF3725F60AF700E1E8BD /* TTFindViewController.h */ = {isa = PBXFileReference; lastKnownFileType = sourcecode.c.h; path = TTFindViewController.h; sourceTree = "<group>"; };
		3B9CFF3825F60AF700E1E8BD /* TTFindViewController.m */ = {isa = PBXFileReference; lastKnownFileType = sourcecode.c.objc; path = TTFindViewController.m; sourceTree = "<group>"; };
		3B9CFF3B25F60B1E00E1E8BD /* Find.storyboard */ = {isa = PBXFileReference; lastKnownFileType = file.storyboard; path = Find.storyboard; sourceTree = "<group>"; };
		3B9CFF3E25F6130A00E1E8BD /* TTBaseChildViewController.h */ = {isa = PBXFileReference; lastKnownFileType = sourcecode.c.h; path = TTBaseChildViewController.h; sourceTree = "<group>"; };
		3B9CFF3F25F6130A00E1E8BD /* TTBaseChildViewController.m */ = {isa = PBXFileReference; lastKnownFileType = sourcecode.c.objc; path = TTBaseChildViewController.m; sourceTree = "<group>"; };
		3B9CFF4325F6137100E1E8BD /* TTFindSubFactory.h */ = {isa = PBXFileReference; lastKnownFileType = sourcecode.c.h; path = TTFindSubFactory.h; sourceTree = "<group>"; };
		3B9CFF4425F6137100E1E8BD /* TTFindSubFactory.m */ = {isa = PBXFileReference; lastKnownFileType = sourcecode.c.objc; path = TTFindSubFactory.m; sourceTree = "<group>"; };
		3B9CFF4925F6163200E1E8BD /* TTFindRecommendViewController.h */ = {isa = PBXFileReference; lastKnownFileType = sourcecode.c.h; path = TTFindRecommendViewController.h; sourceTree = "<group>"; };
		3B9CFF4A25F6163200E1E8BD /* TTFindRecommendViewController.m */ = {isa = PBXFileReference; lastKnownFileType = sourcecode.c.objc; path = TTFindRecommendViewController.m; sourceTree = "<group>"; };
		3B9CFF4F25F6165600E1E8BD /* TTFindCategoryViewController.h */ = {isa = PBXFileReference; lastKnownFileType = sourcecode.c.h; path = TTFindCategoryViewController.h; sourceTree = "<group>"; };
		3B9CFF5025F6165600E1E8BD /* TTFindCategoryViewController.m */ = {isa = PBXFileReference; lastKnownFileType = sourcecode.c.objc; path = TTFindCategoryViewController.m; sourceTree = "<group>"; };
		3B9CFF5425F6166700E1E8BD /* TTFindRadioViewController.h */ = {isa = PBXFileReference; lastKnownFileType = sourcecode.c.h; path = TTFindRadioViewController.h; sourceTree = "<group>"; };
		3B9CFF5525F6166700E1E8BD /* TTFindRadioViewController.m */ = {isa = PBXFileReference; lastKnownFileType = sourcecode.c.objc; path = TTFindRadioViewController.m; sourceTree = "<group>"; };
		3B9CFF5A25F6167D00E1E8BD /* TTFindRankViewController.h */ = {isa = PBXFileReference; lastKnownFileType = sourcecode.c.h; path = TTFindRankViewController.h; sourceTree = "<group>"; };
		3B9CFF5B25F6167D00E1E8BD /* TTFindRankViewController.m */ = {isa = PBXFileReference; lastKnownFileType = sourcecode.c.objc; path = TTFindRankViewController.m; sourceTree = "<group>"; };
		3B9CFF6025F6168F00E1E8BD /* TTFindAnchorViewController.h */ = {isa = PBXFileReference; lastKnownFileType = sourcecode.c.h; path = TTFindAnchorViewController.h; sourceTree = "<group>"; };
		3B9CFF6125F6168F00E1E8BD /* TTFindAnchorViewController.m */ = {isa = PBXFileReference; lastKnownFileType = sourcecode.c.objc; path = TTFindAnchorViewController.m; sourceTree = "<group>"; };
		3B9CFF6B25F61D9F00E1E8BD /* TTSubscriptionViewController.h */ = {isa = PBXFileReference; lastKnownFileType = sourcecode.c.h; path = TTSubscriptionViewController.h; sourceTree = "<group>"; };
		3B9CFF6C25F61D9F00E1E8BD /* TTSubscriptionViewController.m */ = {isa = PBXFileReference; lastKnownFileType = sourcecode.c.objc; path = TTSubscriptionViewController.m; sourceTree = "<group>"; };
		3B9CFF7025F61E0B00E1E8BD /* TTSubscriptionFactory.h */ = {isa = PBXFileReference; lastKnownFileType = sourcecode.c.h; path = TTSubscriptionFactory.h; sourceTree = "<group>"; };
		3B9CFF7125F61E0B00E1E8BD /* TTSubscriptionFactory.m */ = {isa = PBXFileReference; lastKnownFileType = sourcecode.c.objc; path = TTSubscriptionFactory.m; sourceTree = "<group>"; };
		3B9CFF7625F61FE200E1E8BD /* TTSubscriptionRecommendController.h */ = {isa = PBXFileReference; lastKnownFileType = sourcecode.c.h; path = TTSubscriptionRecommendController.h; sourceTree = "<group>"; };
		3B9CFF7725F61FE200E1E8BD /* TTSubscriptionRecommendController.m */ = {isa = PBXFileReference; lastKnownFileType = sourcecode.c.objc; path = TTSubscriptionRecommendController.m; sourceTree = "<group>"; };
		3B9CFF7C25F6203000E1E8BD /* TTSubscriptionSubscriptionController.h */ = {isa = PBXFileReference; lastKnownFileType = sourcecode.c.h; path = TTSubscriptionSubscriptionController.h; sourceTree = "<group>"; };
		3B9CFF7D25F6203000E1E8BD /* TTSubscriptionSubscriptionController.m */ = {isa = PBXFileReference; lastKnownFileType = sourcecode.c.objc; path = TTSubscriptionSubscriptionController.m; sourceTree = "<group>"; };
		3B9CFF8225F6204D00E1E8BD /* TTSubscriptionHistoryController.h */ = {isa = PBXFileReference; lastKnownFileType = sourcecode.c.h; path = TTSubscriptionHistoryController.h; sourceTree = "<group>"; };
		3B9CFF8325F6204D00E1E8BD /* TTSubscriptionHistoryController.m */ = {isa = PBXFileReference; lastKnownFileType = sourcecode.c.objc; path = TTSubscriptionHistoryController.m; sourceTree = "<group>"; };
		3B9CFF8725F6213300E1E8BD /* TTSubscriptionNavView.h */ = {isa = PBXFileReference; lastKnownFileType = sourcecode.c.h; path = TTSubscriptionNavView.h; sourceTree = "<group>"; };
		3B9CFF8825F6213300E1E8BD /* TTSubscriptionNavView.m */ = {isa = PBXFileReference; lastKnownFileType = sourcecode.c.objc; path = TTSubscriptionNavView.m; sourceTree = "<group>"; };
		3B9CFF8C25F62C7F00E1E8BD /* TTRootViewController.h */ = {isa = PBXFileReference; lastKnownFileType = sourcecode.c.h; path = TTRootViewController.h; sourceTree = "<group>"; };
		3B9CFF8D25F62C7F00E1E8BD /* TTRootViewController.m */ = {isa = PBXFileReference; lastKnownFileType = sourcecode.c.objc; path = TTRootViewController.m; sourceTree = "<group>"; };
		3B9CFFBD25F723E500E1E8BD /* SubScribe.storyboard */ = {isa = PBXFileReference; lastKnownFileType = file.storyboard; path = SubScribe.storyboard; sourceTree = "<group>"; };
		3B9CFFC325F724BD00E1E8BD /* TTPlayViewController.h */ = {isa = PBXFileReference; lastKnownFileType = sourcecode.c.h; path = TTPlayViewController.h; sourceTree = "<group>"; };
		3B9CFFC425F724BD00E1E8BD /* TTPlayViewController.m */ = {isa = PBXFileReference; lastKnownFileType = sourcecode.c.objc; path = TTPlayViewController.m; sourceTree = "<group>"; };
		3B9CFFC725F724CD00E1E8BD /* Play.storyboard */ = {isa = PBXFileReference; lastKnownFileType = file.storyboard; path = Play.storyboard; sourceTree = "<group>"; };
		3B9CFFCD25F7255900E1E8BD /* TTDownloadViewController.h */ = {isa = PBXFileReference; lastKnownFileType = sourcecode.c.h; path = TTDownloadViewController.h; sourceTree = "<group>"; };
		3B9CFFCE25F7255900E1E8BD /* TTDownloadViewController.m */ = {isa = PBXFileReference; lastKnownFileType = sourcecode.c.objc; path = TTDownloadViewController.m; sourceTree = "<group>"; };
		3B9CFFD125F7256900E1E8BD /* Download.storyboard */ = {isa = PBXFileReference; lastKnownFileType = file.storyboard; path = Download.storyboard; sourceTree = "<group>"; };
		3B9CFFD625F7259F00E1E8BD /* TTMineViewController.h */ = {isa = PBXFileReference; lastKnownFileType = sourcecode.c.h; path = TTMineViewController.h; sourceTree = "<group>"; };
		3B9CFFD725F7259F00E1E8BD /* TTMineViewController.m */ = {isa = PBXFileReference; lastKnownFileType = sourcecode.c.objc; path = TTMineViewController.m; sourceTree = "<group>"; };
		3B9CFFDB25F725AD00E1E8BD /* Mine.storyboard */ = {isa = PBXFileReference; lastKnownFileType = file.storyboard; path = Mine.storyboard; sourceTree = "<group>"; };
		3B9CFFEF25F74A8B00E1E8BD /* TTBaseModel.h */ = {isa = PBXFileReference; lastKnownFileType = sourcecode.c.h; path = TTBaseModel.h; sourceTree = "<group>"; };
		3B9CFFF025F74A8B00E1E8BD /* TTBaseModel.m */ = {isa = PBXFileReference; lastKnownFileType = sourcecode.c.objc; path = TTBaseModel.m; sourceTree = "<group>"; };
		3B9CFFF425F74DC800E1E8BD /* TTBaseAudioModel.h */ = {isa = PBXFileReference; lastKnownFileType = sourcecode.c.h; path = TTBaseAudioModel.h; sourceTree = "<group>"; };
		3B9CFFF525F74DC800E1E8BD /* TTBaseAudioModel.m */ = {isa = PBXFileReference; lastKnownFileType = sourcecode.c.objc; path = TTBaseAudioModel.m; sourceTree = "<group>"; };
		3B9CFFF825F74E9B00E1E8BD /* TTFindRecommendModel.h */ = {isa = PBXFileReference; lastKnownFileType = sourcecode.c.h; path = TTFindRecommendModel.h; sourceTree = "<group>"; };
		3B9CFFF925F74E9B00E1E8BD /* TTFindRecommendModel.m */ = {isa = PBXFileReference; lastKnownFileType = sourcecode.c.objc; path = TTFindRecommendModel.m; sourceTree = "<group>"; };
		43034612D20DAE06DC7E0A48 /* Pods_TTXMLY_OC.framework */ = {isa = PBXFileReference; explicitFileType = wrapper.framework; includeInIndex = 0; path = Pods_TTXMLY_OC.framework; sourceTree = BUILT_PRODUCTS_DIR; };
		5C2C7C70490494139E95CEE3 /* Pods-TTXMLY_OC.release.xcconfig */ = {isa = PBXFileReference; includeInIndex = 1; lastKnownFileType = text.xcconfig; name = "Pods-TTXMLY_OC.release.xcconfig"; path = "Target Support Files/Pods-TTXMLY_OC/Pods-TTXMLY_OC.release.xcconfig"; sourceTree = "<group>"; };
		A4D070405A6161717BDFE754 /* Pods-TTXMLY_OC.debug.xcconfig */ = {isa = PBXFileReference; includeInIndex = 1; lastKnownFileType = text.xcconfig; name = "Pods-TTXMLY_OC.debug.xcconfig"; path = "Target Support Files/Pods-TTXMLY_OC/Pods-TTXMLY_OC.debug.xcconfig"; sourceTree = "<group>"; };
/* End PBXFileReference section */

/* Begin PBXFrameworksBuildPhase section */
		3B9CFECE25F5C81000E1E8BD /* Frameworks */ = {
			isa = PBXFrameworksBuildPhase;
			buildActionMask = 2147483647;
			files = (
				0EB6C0839F3A3F05F3B60EC4 /* Pods_TTXMLY_OC.framework in Frameworks */,
			);
			runOnlyForDeploymentPostprocessing = 0;
		};
/* End PBXFrameworksBuildPhase section */

/* Begin PBXGroup section */
		3B9CFEC825F5C81000E1E8BD = {
			isa = PBXGroup;
			children = (
				3B9CFED325F5C81000E1E8BD /* TTXMLY_OC */,
				3B9CFED225F5C81000E1E8BD /* Products */,
				77B713C97F517CCA9E5C486A /* Pods */,
				BF5BC0166688E85A757F3F64 /* Frameworks */,
			);
			sourceTree = "<group>";
		};
		3B9CFED225F5C81000E1E8BD /* Products */ = {
			isa = PBXGroup;
			children = (
				3B9CFED125F5C81000E1E8BD /* TTXMLY_OC.app */,
			);
			name = Products;
			sourceTree = "<group>";
		};
		3B9CFED325F5C81000E1E8BD /* TTXMLY_OC */ = {
			isa = PBXGroup;
			children = (
				3B9CFF2D25F601CC00E1E8BD /* Modules */,
				3B9CFF2C25F6017C00E1E8BD /* Resources */,
				3B9CFF1525F5F3E800E1E8BD /* Common */,
				3B9CFF0225F5CE5A00E1E8BD /* Net */,
				3B9CFEEE25F5C82F00E1E8BD /* AppDelegate */,
				3B9CFEF125F5C87600E1E8BD /* Storyboard */,
				3B9CFEF225F5C89100E1E8BD /* Support Files */,
			);
			path = TTXMLY_OC;
			sourceTree = "<group>";
		};
		3B9CFEEE25F5C82F00E1E8BD /* AppDelegate */ = {
			isa = PBXGroup;
			children = (
				3B9CFED425F5C81000E1E8BD /* AppDelegate.h */,
				3B9CFED525F5C81000E1E8BD /* AppDelegate.m */,
				3B9CFED725F5C81000E1E8BD /* SceneDelegate.h */,
				3B9CFED825F5C81000E1E8BD /* SceneDelegate.m */,
				3B9CFEE625F5C81D00E1E8BD /* main.m */,
			);
			path = AppDelegate;
			sourceTree = "<group>";
		};
		3B9CFEF125F5C87600E1E8BD /* Storyboard */ = {
			isa = PBXGroup;
			children = (
				3B9CFF3B25F60B1E00E1E8BD /* Find.storyboard */,
				3B9CFFBD25F723E500E1E8BD /* SubScribe.storyboard */,
				3B9CFFC725F724CD00E1E8BD /* Play.storyboard */,
				3B9CFFD125F7256900E1E8BD /* Download.storyboard */,
				3B9CFFDB25F725AD00E1E8BD /* Mine.storyboard */,
				3B9CFEDD25F5C81000E1E8BD /* Main.storyboard */,
				3B9CFEE225F5C81D00E1E8BD /* LaunchScreen.storyboard */,
			);
			path = Storyboard;
			sourceTree = "<group>";
		};
		3B9CFEF225F5C89100E1E8BD /* Support Files */ = {
			isa = PBXGroup;
			children = (
				3B9CFEE525F5C81D00E1E8BD /* Info.plist */,
				3B9CFF2525F5F7BD00E1E8BD /* TTXMLY_OC-Prefix.pch */,
			);
			path = "Support Files";
			sourceTree = "<group>";
		};
		3B9CFF0225F5CE5A00E1E8BD /* Net */ = {
			isa = PBXGroup;
			children = (
				3B9CFF0E25F5D92300E1E8BD /* Api */,
				3B9CFF0325F5CE7C00E1E8BD /* Base */,
			);
			path = Net;
			sourceTree = "<group>";
		};
		3B9CFF0325F5CE7C00E1E8BD /* Base */ = {
			isa = PBXGroup;
			children = (
				3B9CFF0425F5CEAB00E1E8BD /* TTBaseRequest.h */,
				3B9CFF0525F5CEAB00E1E8BD /* TTBaseRequest.m */,
				3B9CFF0A25F5D7E700E1E8BD /* TTBaseApi.h */,
				3B9CFF0B25F5D7E700E1E8BD /* TTBaseApi.m */,
			);
			path = Base;
			sourceTree = "<group>";
		};
		3B9CFF0E25F5D92300E1E8BD /* Api */ = {
			isa = PBXGroup;
			children = (
				3B9CFF0F25F5D92C00E1E8BD /* Find */,
			);
			path = Api;
			sourceTree = "<group>";
		};
		3B9CFF0F25F5D92C00E1E8BD /* Find */ = {
			isa = PBXGroup;
			children = (
				3B9CFF1025F5D94200E1E8BD /* TTFindApi.h */,
				3B9CFF1125F5D94200E1E8BD /* TTFindApi.m */,
			);
			path = Find;
			sourceTree = "<group>";
		};
		3B9CFF1525F5F3E800E1E8BD /* Common */ = {
			isa = PBXGroup;
			children = (
				3B9CFFEE25F74A6800E1E8BD /* Model */,
				3B9CFF1E25F5F4DC00E1E8BD /* Constants */,
				3B9CFF1625F5F3FA00E1E8BD /* UI */,
			);
			path = Common;
			sourceTree = "<group>";
		};
		3B9CFF1625F5F3FA00E1E8BD /* UI */ = {
			isa = PBXGroup;
			children = (
				3B9CFF1825F5F41000E1E8BD /* BaseNav */,
				3B9CFF1725F5F40200E1E8BD /* BaseVC */,
			);
			path = UI;
			sourceTree = "<group>";
		};
		3B9CFF1725F5F40200E1E8BD /* BaseVC */ = {
			isa = PBXGroup;
			children = (
				3B9CFF2725F5FB2900E1E8BD /* TTBaseViewController.h */,
				3B9CFF2825F5FB2900E1E8BD /* TTBaseViewController.m */,
				3B9CFF3E25F6130A00E1E8BD /* TTBaseChildViewController.h */,
				3B9CFF3F25F6130A00E1E8BD /* TTBaseChildViewController.m */,
			);
			path = BaseVC;
			sourceTree = "<group>";
		};
		3B9CFF1825F5F41000E1E8BD /* BaseNav */ = {
			isa = PBXGroup;
			children = (
				3B9CFF1925F5F44600E1E8BD /* TTBaseNavigationController.h */,
				3B9CFF1A25F5F44600E1E8BD /* TTBaseNavigationController.m */,
			);
			path = BaseNav;
			sourceTree = "<group>";
		};
		3B9CFF1E25F5F4DC00E1E8BD /* Constants */ = {
			isa = PBXGroup;
			children = (
				3B9CFF1F25F5F52400E1E8BD /* TTConstants.h */,
				3B9CFF2025F5F52400E1E8BD /* TTConstants.m */,
			);
			path = Constants;
			sourceTree = "<group>";
		};
		3B9CFF2C25F6017C00E1E8BD /* Resources */ = {
			isa = PBXGroup;
			children = (
				3B9CFEE025F5C81D00E1E8BD /* Assets.xcassets */,
			);
			path = Resources;
			sourceTree = "<group>";
		};
		3B9CFF2D25F601CC00E1E8BD /* Modules */ = {
			isa = PBXGroup;
			children = (
				3B9CFFD425F7258A00E1E8BD /* Mine */,
				3B9CFFCA25F7252800E1E8BD /* Download */,
				3B9CFFC125F7249900E1E8BD /* Play */,
				3B9CFF8B25F62C6200E1E8BD /* Root */,
				3B9CFF6525F61AF200E1E8BD /* Subscription */,
				3B9CFF2E25F601DF00E1E8BD /* Find */,
			);
			path = Modules;
			sourceTree = "<group>";
		};
		3B9CFF2E25F601DF00E1E8BD /* Find */ = {
			isa = PBXGroup;
			children = (
				3B9CFF4225F6134B00E1E8BD /* Factory */,
				3B9CFF3125F6034300E1E8BD /* Models */,
				3B9CFF3025F6033900E1E8BD /* Views */,
				3B9CFF2F25F6032B00E1E8BD /* Controllers */,
			);
			path = Find;
			sourceTree = "<group>";
		};
		3B9CFF2F25F6032B00E1E8BD /* Controllers */ = {
			isa = PBXGroup;
			children = (
				3B9CFF5F25F6168000E1E8BD /* Anchor */,
				3B9CFF5925F6167100E1E8BD /* Rank */,
				3B9CFF5325F6165A00E1E8BD /* Radio */,
				3B9CFF4E25F6164400E1E8BD /* Category */,
				3B9CFF4825F6161A00E1E8BD /* Recommend */,
				3B9CFF3725F60AF700E1E8BD /* TTFindViewController.h */,
				3B9CFF3825F60AF700E1E8BD /* TTFindViewController.m */,
			);
			path = Controllers;
			sourceTree = "<group>";
		};
		3B9CFF3025F6033900E1E8BD /* Views */ = {
			isa = PBXGroup;
			children = (
				3B9CFF3225F6036B00E1E8BD /* TTFindSubTitleView.h */,
				3B9CFF3325F6036B00E1E8BD /* TTFindSubTitleView.m */,
			);
			path = Views;
			sourceTree = "<group>";
		};
		3B9CFF3125F6034300E1E8BD /* Models */ = {
			isa = PBXGroup;
			children = (
				3B9CFFDE25F7489600E1E8BD /* Recommend */,
			);
			path = Models;
			sourceTree = "<group>";
		};
		3B9CFF4225F6134B00E1E8BD /* Factory */ = {
			isa = PBXGroup;
			children = (
				3B9CFF4325F6137100E1E8BD /* TTFindSubFactory.h */,
				3B9CFF4425F6137100E1E8BD /* TTFindSubFactory.m */,
			);
			path = Factory;
			sourceTree = "<group>";
		};
		3B9CFF4825F6161A00E1E8BD /* Recommend */ = {
			isa = PBXGroup;
			children = (
				3B9CFF4925F6163200E1E8BD /* TTFindRecommendViewController.h */,
				3B9CFF4A25F6163200E1E8BD /* TTFindRecommendViewController.m */,
			);
			path = Recommend;
			sourceTree = "<group>";
		};
		3B9CFF4E25F6164400E1E8BD /* Category */ = {
			isa = PBXGroup;
			children = (
				3B9CFF4F25F6165600E1E8BD /* TTFindCategoryViewController.h */,
				3B9CFF5025F6165600E1E8BD /* TTFindCategoryViewController.m */,
			);
			path = Category;
			sourceTree = "<group>";
		};
		3B9CFF5325F6165A00E1E8BD /* Radio */ = {
			isa = PBXGroup;
			children = (
				3B9CFF5425F6166700E1E8BD /* TTFindRadioViewController.h */,
				3B9CFF5525F6166700E1E8BD /* TTFindRadioViewController.m */,
			);
			path = Radio;
			sourceTree = "<group>";
		};
		3B9CFF5925F6167100E1E8BD /* Rank */ = {
			isa = PBXGroup;
			children = (
				3B9CFF5A25F6167D00E1E8BD /* TTFindRankViewController.h */,
				3B9CFF5B25F6167D00E1E8BD /* TTFindRankViewController.m */,
			);
			path = Rank;
			sourceTree = "<group>";
		};
		3B9CFF5F25F6168000E1E8BD /* Anchor */ = {
			isa = PBXGroup;
			children = (
				3B9CFF6025F6168F00E1E8BD /* TTFindAnchorViewController.h */,
				3B9CFF6125F6168F00E1E8BD /* TTFindAnchorViewController.m */,
			);
			path = Anchor;
			sourceTree = "<group>";
		};
		3B9CFF6525F61AF200E1E8BD /* Subscription */ = {
			isa = PBXGroup;
			children = (
				3B9CFF6F25F61DE600E1E8BD /* Factory */,
				3B9CFF6825F61B4600E1E8BD /* Models */,
				3B9CFF6725F61B4000E1E8BD /* Views */,
				3B9CFF6625F61B3900E1E8BD /* Controllers */,
			);
			path = Subscription;
			sourceTree = "<group>";
		};
		3B9CFF6625F61B3900E1E8BD /* Controllers */ = {
			isa = PBXGroup;
			children = (
				3B9CFF8125F6203900E1E8BD /* History */,
				3B9CFF7B25F6201400E1E8BD /* Subscription */,
				3B9CFF7525F61FB700E1E8BD /* Recommend */,
				3B9CFF6B25F61D9F00E1E8BD /* TTSubscriptionViewController.h */,
				3B9CFF6C25F61D9F00E1E8BD /* TTSubscriptionViewController.m */,
			);
			path = Controllers;
			sourceTree = "<group>";
		};
		3B9CFF6725F61B4000E1E8BD /* Views */ = {
			isa = PBXGroup;
			children = (
				3B9CFF8725F6213300E1E8BD /* TTSubscriptionNavView.h */,
				3B9CFF8825F6213300E1E8BD /* TTSubscriptionNavView.m */,
			);
			path = Views;
			sourceTree = "<group>";
		};
		3B9CFF6825F61B4600E1E8BD /* Models */ = {
			isa = PBXGroup;
			children = (
			);
			path = Models;
			sourceTree = "<group>";
		};
		3B9CFF6F25F61DE600E1E8BD /* Factory */ = {
			isa = PBXGroup;
			children = (
				3B9CFF7025F61E0B00E1E8BD /* TTSubscriptionFactory.h */,
				3B9CFF7125F61E0B00E1E8BD /* TTSubscriptionFactory.m */,
			);
			path = Factory;
			sourceTree = "<group>";
		};
		3B9CFF7525F61FB700E1E8BD /* Recommend */ = {
			isa = PBXGroup;
			children = (
				3B9CFF7625F61FE200E1E8BD /* TTSubscriptionRecommendController.h */,
				3B9CFF7725F61FE200E1E8BD /* TTSubscriptionRecommendController.m */,
			);
			path = Recommend;
			sourceTree = "<group>";
		};
		3B9CFF7B25F6201400E1E8BD /* Subscription */ = {
			isa = PBXGroup;
			children = (
				3B9CFF7C25F6203000E1E8BD /* TTSubscriptionSubscriptionController.h */,
				3B9CFF7D25F6203000E1E8BD /* TTSubscriptionSubscriptionController.m */,
			);
			path = Subscription;
			sourceTree = "<group>";
		};
		3B9CFF8125F6203900E1E8BD /* History */ = {
			isa = PBXGroup;
			children = (
				3B9CFF8225F6204D00E1E8BD /* TTSubscriptionHistoryController.h */,
				3B9CFF8325F6204D00E1E8BD /* TTSubscriptionHistoryController.m */,
			);
			path = History;
			sourceTree = "<group>";
		};
		3B9CFF8B25F62C6200E1E8BD /* Root */ = {
			isa = PBXGroup;
			children = (
				3B9CFF8C25F62C7F00E1E8BD /* TTRootViewController.h */,
				3B9CFF8D25F62C7F00E1E8BD /* TTRootViewController.m */,
			);
			path = Root;
			sourceTree = "<group>";
		};
		3B9CFFC125F7249900E1E8BD /* Play */ = {
			isa = PBXGroup;
			children = (
				3B9CFFC225F724A100E1E8BD /* Controllers */,
			);
			path = Play;
			sourceTree = "<group>";
		};
		3B9CFFC225F724A100E1E8BD /* Controllers */ = {
			isa = PBXGroup;
			children = (
				3B9CFFC325F724BD00E1E8BD /* TTPlayViewController.h */,
				3B9CFFC425F724BD00E1E8BD /* TTPlayViewController.m */,
			);
			path = Controllers;
			sourceTree = "<group>";
		};
		3B9CFFCA25F7252800E1E8BD /* Download */ = {
			isa = PBXGroup;
			children = (
				3B9CFFCC25F7253D00E1E8BD /* Controllers */,
			);
			path = Download;
			sourceTree = "<group>";
		};
		3B9CFFCC25F7253D00E1E8BD /* Controllers */ = {
			isa = PBXGroup;
			children = (
				3B9CFFCD25F7255900E1E8BD /* TTDownloadViewController.h */,
				3B9CFFCE25F7255900E1E8BD /* TTDownloadViewController.m */,
			);
			path = Controllers;
			sourceTree = "<group>";
		};
		3B9CFFD425F7258A00E1E8BD /* Mine */ = {
			isa = PBXGroup;
			children = (
				3B9CFFD525F7259100E1E8BD /* Controllers */,
			);
			path = Mine;
			sourceTree = "<group>";
		};
		3B9CFFD525F7259100E1E8BD /* Controllers */ = {
			isa = PBXGroup;
			children = (
				3B9CFFD625F7259F00E1E8BD /* TTMineViewController.h */,
				3B9CFFD725F7259F00E1E8BD /* TTMineViewController.m */,
			);
			path = Controllers;
			sourceTree = "<group>";
		};
		3B9CFFDE25F7489600E1E8BD /* Recommend */ = {
			isa = PBXGroup;
			children = (
				3B9CFFF825F74E9B00E1E8BD /* TTFindRecommendModel.h */,
				3B9CFFF925F74E9B00E1E8BD /* TTFindRecommendModel.m */,
			);
			path = Recommend;
			sourceTree = "<group>";
		};
		3B9CFFEE25F74A6800E1E8BD /* Model */ = {
			isa = PBXGroup;
			children = (
				3B9CFFEF25F74A8B00E1E8BD /* TTBaseModel.h */,
				3B9CFFF025F74A8B00E1E8BD /* TTBaseModel.m */,
				3B9CFFF425F74DC800E1E8BD /* TTBaseAudioModel.h */,
				3B9CFFF525F74DC800E1E8BD /* TTBaseAudioModel.m */,
			);
			path = Model;
			sourceTree = "<group>";
		};
		77B713C97F517CCA9E5C486A /* Pods */ = {
			isa = PBXGroup;
			children = (
				A4D070405A6161717BDFE754 /* Pods-TTXMLY_OC.debug.xcconfig */,
				5C2C7C70490494139E95CEE3 /* Pods-TTXMLY_OC.release.xcconfig */,
			);
			path = Pods;
			sourceTree = "<group>";
		};
		BF5BC0166688E85A757F3F64 /* Frameworks */ = {
			isa = PBXGroup;
			children = (
				43034612D20DAE06DC7E0A48 /* Pods_TTXMLY_OC.framework */,
			);
			name = Frameworks;
			sourceTree = "<group>";
		};
/* End PBXGroup section */

/* Begin PBXNativeTarget section */
		3B9CFED025F5C81000E1E8BD /* TTXMLY_OC */ = {
			isa = PBXNativeTarget;
			buildConfigurationList = 3B9CFEEA25F5C81D00E1E8BD /* Build configuration list for PBXNativeTarget "TTXMLY_OC" */;
			buildPhases = (
				25890FCD2BE3564D9C1460D7 /* [CP] Check Pods Manifest.lock */,
				3B9CFECD25F5C81000E1E8BD /* Sources */,
				3B9CFECE25F5C81000E1E8BD /* Frameworks */,
				3B9CFECF25F5C81000E1E8BD /* Resources */,
				C98E848AE7212BFC557F79A4 /* [CP] Embed Pods Frameworks */,
			);
			buildRules = (
			);
			dependencies = (
			);
			name = TTXMLY_OC;
			productName = TTXMLY_OC;
			productReference = 3B9CFED125F5C81000E1E8BD /* TTXMLY_OC.app */;
			productType = "com.apple.product-type.application";
		};
/* End PBXNativeTarget section */

/* Begin PBXProject section */
		3B9CFEC925F5C81000E1E8BD /* Project object */ = {
			isa = PBXProject;
			attributes = {
				LastUpgradeCheck = 1240;
				TargetAttributes = {
					3B9CFED025F5C81000E1E8BD = {
						CreatedOnToolsVersion = 12.4;
					};
				};
			};
			buildConfigurationList = 3B9CFECC25F5C81000E1E8BD /* Build configuration list for PBXProject "TTXMLY_OC" */;
			compatibilityVersion = "Xcode 9.3";
			developmentRegion = en;
			hasScannedForEncodings = 0;
			knownRegions = (
				en,
				Base,
			);
			mainGroup = 3B9CFEC825F5C81000E1E8BD;
			productRefGroup = 3B9CFED225F5C81000E1E8BD /* Products */;
			projectDirPath = "";
			projectRoot = "";
			targets = (
				3B9CFED025F5C81000E1E8BD /* TTXMLY_OC */,
			);
		};
/* End PBXProject section */

/* Begin PBXResourcesBuildPhase section */
		3B9CFECF25F5C81000E1E8BD /* Resources */ = {
			isa = PBXResourcesBuildPhase;
			buildActionMask = 2147483647;
			files = (
				3B9CFFD225F7256900E1E8BD /* Download.storyboard in Resources */,
				3B9CFEE425F5C81D00E1E8BD /* LaunchScreen.storyboard in Resources */,
				3B9CFFBE25F723E600E1E8BD /* SubScribe.storyboard in Resources */,
				3B9CFEE125F5C81D00E1E8BD /* Assets.xcassets in Resources */,
				3B9CFEDF25F5C81000E1E8BD /* Main.storyboard in Resources */,
				3B9CFFC825F724CD00E1E8BD /* Play.storyboard in Resources */,
				3B9CFF3C25F60B1E00E1E8BD /* Find.storyboard in Resources */,
				3B9CFFDC25F725AD00E1E8BD /* Mine.storyboard in Resources */,
			);
			runOnlyForDeploymentPostprocessing = 0;
		};
/* End PBXResourcesBuildPhase section */

/* Begin PBXShellScriptBuildPhase section */
		25890FCD2BE3564D9C1460D7 /* [CP] Check Pods Manifest.lock */ = {
			isa = PBXShellScriptBuildPhase;
			buildActionMask = 2147483647;
			files = (
			);
			inputFileListPaths = (
			);
			inputPaths = (
				"${PODS_PODFILE_DIR_PATH}/Podfile.lock",
				"${PODS_ROOT}/Manifest.lock",
			);
			name = "[CP] Check Pods Manifest.lock";
			outputFileListPaths = (
			);
			outputPaths = (
				"$(DERIVED_FILE_DIR)/Pods-TTXMLY_OC-checkManifestLockResult.txt",
			);
			runOnlyForDeploymentPostprocessing = 0;
			shellPath = /bin/sh;
			shellScript = "diff \"${PODS_PODFILE_DIR_PATH}/Podfile.lock\" \"${PODS_ROOT}/Manifest.lock\" > /dev/null\nif [ $? != 0 ] ; then\n    # print error to STDERR\n    echo \"error: The sandbox is not in sync with the Podfile.lock. Run 'pod install' or update your CocoaPods installation.\" >&2\n    exit 1\nfi\n# This output is used by Xcode 'outputs' to avoid re-running this script phase.\necho \"SUCCESS\" > \"${SCRIPT_OUTPUT_FILE_0}\"\n";
			showEnvVarsInLog = 0;
		};
		C98E848AE7212BFC557F79A4 /* [CP] Embed Pods Frameworks */ = {
			isa = PBXShellScriptBuildPhase;
			buildActionMask = 2147483647;
			files = (
			);
			inputFileListPaths = (
				"${PODS_ROOT}/Target Support Files/Pods-TTXMLY_OC/Pods-TTXMLY_OC-frameworks-${CONFIGURATION}-input-files.xcfilelist",
			);
			name = "[CP] Embed Pods Frameworks";
			outputFileListPaths = (
				"${PODS_ROOT}/Target Support Files/Pods-TTXMLY_OC/Pods-TTXMLY_OC-frameworks-${CONFIGURATION}-output-files.xcfilelist",
			);
			runOnlyForDeploymentPostprocessing = 0;
			shellPath = /bin/sh;
			shellScript = "\"${PODS_ROOT}/Target Support Files/Pods-TTXMLY_OC/Pods-TTXMLY_OC-frameworks.sh\"\n";
			showEnvVarsInLog = 0;
		};
/* End PBXShellScriptBuildPhase section */

/* Begin PBXSourcesBuildPhase section */
		3B9CFECD25F5C81000E1E8BD /* Sources */ = {
			isa = PBXSourcesBuildPhase;
			buildActionMask = 2147483647;
			files = (
				3B9CFED625F5C81000E1E8BD /* AppDelegate.m in Sources */,
				3B9CFFCF25F7255900E1E8BD /* TTDownloadViewController.m in Sources */,
				3B9CFF0C25F5D7E700E1E8BD /* TTBaseApi.m in Sources */,
				3B9CFF6225F6168F00E1E8BD /* TTFindAnchorViewController.m in Sources */,
				3B9CFF3925F60AF700E1E8BD /* TTFindViewController.m in Sources */,
				3B9CFEE725F5C81D00E1E8BD /* main.m in Sources */,
				3B9CFF1225F5D94200E1E8BD /* TTFindApi.m in Sources */,
				3B9CFF0625F5CEAB00E1E8BD /* TTBaseRequest.m in Sources */,
				3B9CFF8925F6213300E1E8BD /* TTSubscriptionNavView.m in Sources */,
				3B9CFF2125F5F52400E1E8BD /* TTConstants.m in Sources */,
				3B9CFF5125F6165600E1E8BD /* TTFindCategoryViewController.m in Sources */,
				3B9CFF7E25F6203000E1E8BD /* TTSubscriptionSubscriptionController.m in Sources */,
				3B9CFF2925F5FB2900E1E8BD /* TTBaseViewController.m in Sources */,
				3B9CFF8E25F62C7F00E1E8BD /* TTRootViewController.m in Sources */,
				3B9CFF4B25F6163200E1E8BD /* TTFindRecommendViewController.m in Sources */,
				3B9CFF7225F61E0B00E1E8BD /* TTSubscriptionFactory.m in Sources */,
				3B9CFF4025F6130A00E1E8BD /* TTBaseChildViewController.m in Sources */,
				3B9CFFC525F724BD00E1E8BD /* TTPlayViewController.m in Sources */,
				3B9CFF4525F6137100E1E8BD /* TTFindSubFactory.m in Sources */,
				3B9CFF1B25F5F44600E1E8BD /* TTBaseNavigationController.m in Sources */,
				3B9CFF8425F6204D00E1E8BD /* TTSubscriptionHistoryController.m in Sources */,
				3B9CFF7825F61FE200E1E8BD /* TTSubscriptionRecommendController.m in Sources */,
				3B9CFF6D25F61D9F00E1E8BD /* TTSubscriptionViewController.m in Sources */,
				3B9CFF5625F6166700E1E8BD /* TTFindRadioViewController.m in Sources */,
				3B9CFED925F5C81000E1E8BD /* SceneDelegate.m in Sources */,
				3B9CFFD825F7259F00E1E8BD /* TTMineViewController.m in Sources */,
				3B9CFFF125F74A8B00E1E8BD /* TTBaseModel.m in Sources */,
				3B9CFFF625F74DC800E1E8BD /* TTBaseAudioModel.m in Sources */,
				3B9CFF5C25F6167D00E1E8BD /* TTFindRankViewController.m in Sources */,
				3B9CFFFA25F74E9B00E1E8BD /* TTFindRecommendModel.m in Sources */,
				3B9CFF3425F6036B00E1E8BD /* TTFindSubTitleView.m in Sources */,
			);
			runOnlyForDeploymentPostprocessing = 0;
		};
/* End PBXSourcesBuildPhase section */

/* Begin PBXVariantGroup section */
		3B9CFEDD25F5C81000E1E8BD /* Main.storyboard */ = {
			isa = PBXVariantGroup;
			children = (
				3B9CFEDE25F5C81000E1E8BD /* Base */,
			);
			name = Main.storyboard;
			sourceTree = "<group>";
		};
		3B9CFEE225F5C81D00E1E8BD /* LaunchScreen.storyboard */ = {
			isa = PBXVariantGroup;
			children = (
				3B9CFEE325F5C81D00E1E8BD /* Base */,
			);
			name = LaunchScreen.storyboard;
			sourceTree = "<group>";
		};
/* End PBXVariantGroup section */

/* Begin XCBuildConfiguration section */
		3B9CFEE825F5C81D00E1E8BD /* Debug */ = {
			isa = XCBuildConfiguration;
			buildSettings = {
				ALWAYS_SEARCH_USER_PATHS = NO;
				CLANG_ANALYZER_NONNULL = YES;
				CLANG_ANALYZER_NUMBER_OBJECT_CONVERSION = YES_AGGRESSIVE;
				CLANG_CXX_LANGUAGE_STANDARD = "gnu++14";
				CLANG_CXX_LIBRARY = "libc++";
				CLANG_ENABLE_MODULES = YES;
				CLANG_ENABLE_OBJC_ARC = YES;
				CLANG_ENABLE_OBJC_WEAK = YES;
				CLANG_WARN_BLOCK_CAPTURE_AUTORELEASING = YES;
				CLANG_WARN_BOOL_CONVERSION = YES;
				CLANG_WARN_COMMA = YES;
				CLANG_WARN_CONSTANT_CONVERSION = YES;
				CLANG_WARN_DEPRECATED_OBJC_IMPLEMENTATIONS = YES;
				CLANG_WARN_DIRECT_OBJC_ISA_USAGE = YES_ERROR;
				CLANG_WARN_DOCUMENTATION_COMMENTS = YES;
				CLANG_WARN_EMPTY_BODY = YES;
				CLANG_WARN_ENUM_CONVERSION = YES;
				CLANG_WARN_INFINITE_RECURSION = YES;
				CLANG_WARN_INT_CONVERSION = YES;
				CLANG_WARN_NON_LITERAL_NULL_CONVERSION = YES;
				CLANG_WARN_OBJC_IMPLICIT_RETAIN_SELF = YES;
				CLANG_WARN_OBJC_LITERAL_CONVERSION = YES;
				CLANG_WARN_OBJC_ROOT_CLASS = YES_ERROR;
				CLANG_WARN_QUOTED_INCLUDE_IN_FRAMEWORK_HEADER = YES;
				CLANG_WARN_RANGE_LOOP_ANALYSIS = YES;
				CLANG_WARN_STRICT_PROTOTYPES = YES;
				CLANG_WARN_SUSPICIOUS_MOVE = YES;
				CLANG_WARN_UNGUARDED_AVAILABILITY = YES_AGGRESSIVE;
				CLANG_WARN_UNREACHABLE_CODE = YES;
				CLANG_WARN__DUPLICATE_METHOD_MATCH = YES;
				COPY_PHASE_STRIP = NO;
				DEBUG_INFORMATION_FORMAT = dwarf;
				ENABLE_STRICT_OBJC_MSGSEND = YES;
				ENABLE_TESTABILITY = YES;
				GCC_C_LANGUAGE_STANDARD = gnu11;
				GCC_DYNAMIC_NO_PIC = NO;
				GCC_NO_COMMON_BLOCKS = YES;
				GCC_OPTIMIZATION_LEVEL = 0;
				GCC_PREPROCESSOR_DEFINITIONS = (
					"DEBUG=1",
					"$(inherited)",
				);
				GCC_WARN_64_TO_32_BIT_CONVERSION = YES;
				GCC_WARN_ABOUT_RETURN_TYPE = YES_ERROR;
				GCC_WARN_UNDECLARED_SELECTOR = YES;
				GCC_WARN_UNINITIALIZED_AUTOS = YES_AGGRESSIVE;
				GCC_WARN_UNUSED_FUNCTION = YES;
				GCC_WARN_UNUSED_VARIABLE = YES;
				IPHONEOS_DEPLOYMENT_TARGET = 10.0;
				MTL_ENABLE_DEBUG_INFO = INCLUDE_SOURCE;
				MTL_FAST_MATH = YES;
				ONLY_ACTIVE_ARCH = YES;
				SDKROOT = iphoneos;
			};
			name = Debug;
		};
		3B9CFEE925F5C81D00E1E8BD /* Release */ = {
			isa = XCBuildConfiguration;
			buildSettings = {
				ALWAYS_SEARCH_USER_PATHS = NO;
				CLANG_ANALYZER_NONNULL = YES;
				CLANG_ANALYZER_NUMBER_OBJECT_CONVERSION = YES_AGGRESSIVE;
				CLANG_CXX_LANGUAGE_STANDARD = "gnu++14";
				CLANG_CXX_LIBRARY = "libc++";
				CLANG_ENABLE_MODULES = YES;
				CLANG_ENABLE_OBJC_ARC = YES;
				CLANG_ENABLE_OBJC_WEAK = YES;
				CLANG_WARN_BLOCK_CAPTURE_AUTORELEASING = YES;
				CLANG_WARN_BOOL_CONVERSION = YES;
				CLANG_WARN_COMMA = YES;
				CLANG_WARN_CONSTANT_CONVERSION = YES;
				CLANG_WARN_DEPRECATED_OBJC_IMPLEMENTATIONS = YES;
				CLANG_WARN_DIRECT_OBJC_ISA_USAGE = YES_ERROR;
				CLANG_WARN_DOCUMENTATION_COMMENTS = YES;
				CLANG_WARN_EMPTY_BODY = YES;
				CLANG_WARN_ENUM_CONVERSION = YES;
				CLANG_WARN_INFINITE_RECURSION = YES;
				CLANG_WARN_INT_CONVERSION = YES;
				CLANG_WARN_NON_LITERAL_NULL_CONVERSION = YES;
				CLANG_WARN_OBJC_IMPLICIT_RETAIN_SELF = YES;
				CLANG_WARN_OBJC_LITERAL_CONVERSION = YES;
				CLANG_WARN_OBJC_ROOT_CLASS = YES_ERROR;
				CLANG_WARN_QUOTED_INCLUDE_IN_FRAMEWORK_HEADER = YES;
				CLANG_WARN_RANGE_LOOP_ANALYSIS = YES;
				CLANG_WARN_STRICT_PROTOTYPES = YES;
				CLANG_WARN_SUSPICIOUS_MOVE = YES;
				CLANG_WARN_UNGUARDED_AVAILABILITY = YES_AGGRESSIVE;
				CLANG_WARN_UNREACHABLE_CODE = YES;
				CLANG_WARN__DUPLICATE_METHOD_MATCH = YES;
				COPY_PHASE_STRIP = NO;
				DEBUG_INFORMATION_FORMAT = "dwarf-with-dsym";
				ENABLE_NS_ASSERTIONS = NO;
				ENABLE_STRICT_OBJC_MSGSEND = YES;
				GCC_C_LANGUAGE_STANDARD = gnu11;
				GCC_NO_COMMON_BLOCKS = YES;
				GCC_WARN_64_TO_32_BIT_CONVERSION = YES;
				GCC_WARN_ABOUT_RETURN_TYPE = YES_ERROR;
				GCC_WARN_UNDECLARED_SELECTOR = YES;
				GCC_WARN_UNINITIALIZED_AUTOS = YES_AGGRESSIVE;
				GCC_WARN_UNUSED_FUNCTION = YES;
				GCC_WARN_UNUSED_VARIABLE = YES;
				IPHONEOS_DEPLOYMENT_TARGET = 10.0;
				MTL_ENABLE_DEBUG_INFO = NO;
				MTL_FAST_MATH = YES;
				SDKROOT = iphoneos;
				VALIDATE_PRODUCT = YES;
			};
			name = Release;
		};
		3B9CFEEB25F5C81D00E1E8BD /* Debug */ = {
			isa = XCBuildConfiguration;
			baseConfigurationReference = A4D070405A6161717BDFE754 /* Pods-TTXMLY_OC.debug.xcconfig */;
			buildSettings = {
				ASSETCATALOG_COMPILER_APPICON_NAME = AppIcon;
				ASSETCATALOG_COMPILER_GLOBAL_ACCENT_COLOR_NAME = AccentColor;
				CODE_SIGN_STYLE = Automatic;
				GCC_PREFIX_HEADER = "/Users/qdsg/Documents/Github/iOSCollection/TTXMLY_OC/TTXMLY_OC/Support Files/TTXMLY_OC-Prefix.pch";
				INFOPLIST_FILE = "TTXMLY_OC/Support Files/Info.plist";
				LD_RUNPATH_SEARCH_PATHS = (
					"$(inherited)",
					"@executable_path/Frameworks",
				);
				OTHER_LDFLAGS = (
					"-ObjC",
					"$(inherited)",
					"-l\"sqlite3\"",
					"-l\"z\"",
					"-framework",
					"\"AFNetworking\"",
					"-framework",
					"\"Accelerate\"",
					"-framework",
					"\"AssetsLibrary\"",
					"-framework",
					"\"CoreFoundation\"",
					"-framework",
					"\"CoreText\"",
					"-framework",
					"\"DZNEmptyDataSet\"",
					"-framework",
					"\"FDFullscreenPopGesture\"",
					"-framework",
					"\"FMDB\"",
					"-framework",
					"\"Foundation\"",
					"-framework",
					"\"ImageIO\"",
					"-framework",
					"\"MJExtension\"",
					"-framework",
					"\"Masonry\"",
					"-framework",
					"\"MobileCoreServices\"",
					"-framework",
					"\"QuartzCore\"",
					"-framework",
					"\"ReactiveCocoa\"",
					"-framework",
					"\"SDWebImage\"",
					"-framework",
					"\"UIKit\"",
					"-framework",
					"\"YYCache\"",
					"-framework",
					"\"YYImage\"",
					"-framework",
					"\"YYText\"",
					"-framework",
					"\"YYWebImage\"",
				);
				PRODUCT_BUNDLE_IDENTIFIER = "cn.com.tTao.TTXMLY-OC";
				PRODUCT_NAME = "$(TARGET_NAME)";
				TARGETED_DEVICE_FAMILY = "1,2";
			};
			name = Debug;
		};
		3B9CFEEC25F5C81D00E1E8BD /* Release */ = {
			isa = XCBuildConfiguration;
			baseConfigurationReference = 5C2C7C70490494139E95CEE3 /* Pods-TTXMLY_OC.release.xcconfig */;
			buildSettings = {
				ASSETCATALOG_COMPILER_APPICON_NAME = AppIcon;
				ASSETCATALOG_COMPILER_GLOBAL_ACCENT_COLOR_NAME = AccentColor;
				CODE_SIGN_STYLE = Automatic;
				GCC_PREFIX_HEADER = "/Users/qdsg/Documents/Github/iOSCollection/TTXMLY_OC/TTXMLY_OC/Support Files/TTXMLY_OC-Prefix.pch";
				INFOPLIST_FILE = "TTXMLY_OC/Support Files/Info.plist";
				LD_RUNPATH_SEARCH_PATHS = (
					"$(inherited)",
					"@executable_path/Frameworks",
				);
				OTHER_LDFLAGS = (
					"-ObjC",
					"$(inherited)",
					"-l\"sqlite3\"",
					"-l\"z\"",
					"-framework",
					"\"AFNetworking\"",
					"-framework",
					"\"Accelerate\"",
					"-framework",
					"\"AssetsLibrary\"",
					"-framework",
					"\"CoreFoundation\"",
					"-framework",
					"\"CoreText\"",
					"-framework",
					"\"DZNEmptyDataSet\"",
					"-framework",
					"\"FDFullscreenPopGesture\"",
					"-framework",
					"\"FMDB\"",
					"-framework",
					"\"Foundation\"",
					"-framework",
					"\"ImageIO\"",
					"-framework",
					"\"MJExtension\"",
					"-framework",
					"\"Masonry\"",
					"-framework",
					"\"MobileCoreServices\"",
					"-framework",
					"\"QuartzCore\"",
					"-framework",
					"\"ReactiveCocoa\"",
					"-framework",
					"\"SDWebImage\"",
					"-framework",
					"\"UIKit\"",
					"-framework",
					"\"YYCache\"",
					"-framework",
					"\"YYImage\"",
					"-framework",
					"\"YYText\"",
					"-framework",
					"\"YYWebImage\"",
				);
				PRODUCT_BUNDLE_IDENTIFIER = "cn.com.tTao.TTXMLY-OC";
				PRODUCT_NAME = "$(TARGET_NAME)";
				TARGETED_DEVICE_FAMILY = "1,2";
			};
			name = Release;
		};
/* End XCBuildConfiguration section */

/* Begin XCConfigurationList section */
		3B9CFECC25F5C81000E1E8BD /* Build configuration list for PBXProject "TTXMLY_OC" */ = {
			isa = XCConfigurationList;
			buildConfigurations = (
				3B9CFEE825F5C81D00E1E8BD /* Debug */,
				3B9CFEE925F5C81D00E1E8BD /* Release */,
			);
			defaultConfigurationIsVisible = 0;
			defaultConfigurationName = Release;
		};
		3B9CFEEA25F5C81D00E1E8BD /* Build configuration list for PBXNativeTarget "TTXMLY_OC" */ = {
			isa = XCConfigurationList;
			buildConfigurations = (
				3B9CFEEB25F5C81D00E1E8BD /* Debug */,
				3B9CFEEC25F5C81D00E1E8BD /* Release */,
			);
			defaultConfigurationIsVisible = 0;
			defaultConfigurationName = Release;
		};
/* End XCConfigurationList section */
	};
	rootObject = 3B9CFEC925F5C81000E1E8BD /* Project object */;
}
