// !$*UTF8*$!
{
	archiveVersion = 1;
	classes = {
	};
	objectVersion = 52;
	objects = {

/* Begin PBXBuildFile section */
		3B21171D25CBA8FB00E685A3 /* AppDelegate.swift in Sources */ = {isa = PBXBuildFile; fileRef = 3B21171C25CBA8FB00E685A3 /* AppDelegate.swift */; };
		3B21171F25CBA8FB00E685A3 /* SceneDelegate.swift in Sources */ = {isa = PBXBuildFile; fileRef = 3B21171E25CBA8FB00E685A3 /* SceneDelegate.swift */; };
		3B21172425CBA8FB00E685A3 /* Main.storyboard in Resources */ = {isa = PBXBuildFile; fileRef = 3B21172225CBA8FB00E685A3 /* Main.storyboard */; };
		3B21172625CBA90300E685A3 /* Assets.xcassets in Resources */ = {isa = PBXBuildFile; fileRef = 3B21172525CBA90300E685A3 /* Assets.xcassets */; };
		3B21172925CBA90300E685A3 /* LaunchScreen.storyboard in Resources */ = {isa = PBXBuildFile; fileRef = 3B21172725CBA90300E685A3 /* LaunchScreen.storyboard */; };
		3B21173625CBC17D00E685A3 /* WeatherViewController.swift in Sources */ = {isa = PBXBuildFile; fileRef = 3B21173525CBC17D00E685A3 /* WeatherViewController.swift */; };
		3B21173B25CBC28900E685A3 /* Forecast.swift in Sources */ = {isa = PBXBuildFile; fileRef = 3B21173A25CBC28900E685A3 /* Forecast.swift */; };
		3B21174025CBC2F000E685A3 /* Weather.swift in Sources */ = {isa = PBXBuildFile; fileRef = 3B21173F25CBC2F000E685A3 /* Weather.swift */; };
		3B21174425CBC9AB00E685A3 /* weathericons-regular-webfont.ttf in Resources */ = {isa = PBXBuildFile; fileRef = 3B21174325CBC9AB00E685A3 /* weathericons-regular-webfont.ttf */; };
		3B21174825CBCDAC00E685A3 /* ForecastView.swift in Sources */ = {isa = PBXBuildFile; fileRef = 3B21174725CBCDAC00E685A3 /* ForecastView.swift */; };
		3B21174C25CBCDBF00E685A3 /* ForecastView.xib in Resources */ = {isa = PBXBuildFile; fileRef = 3B21174B25CBCDBF00E685A3 /* ForecastView.xib */; };
		3B21175325CBE7FC00E685A3 /* Observable.swift in Sources */ = {isa = PBXBuildFile; fileRef = 3B21175225CBE7FC00E685A3 /* Observable.swift */; };
		3B21175825CBE96500E685A3 /* LocationService.swift in Sources */ = {isa = PBXBuildFile; fileRef = 3B21175725CBE96500E685A3 /* LocationService.swift */; };
		3B21175B25CBEA0500E685A3 /* Error.swift in Sources */ = {isa = PBXBuildFile; fileRef = 3B21175A25CBEA0500E685A3 /* Error.swift */; };
		3B21175F25CBED3600E685A3 /* WeatherServiceProtocol.swift in Sources */ = {isa = PBXBuildFile; fileRef = 3B21175E25CBED3600E685A3 /* WeatherServiceProtocol.swift */; };
		3B21176325CBEFB800E685A3 /* Temperature.swift in Sources */ = {isa = PBXBuildFile; fileRef = 3B21176225CBEFB800E685A3 /* Temperature.swift */; };
		3B21176625CBF01400E685A3 /* TemperatureConverter.swift in Sources */ = {isa = PBXBuildFile; fileRef = 3B21176525CBF01400E685A3 /* TemperatureConverter.swift */; };
		3B21176925CBF14700E685A3 /* WeatherIcon.swift in Sources */ = {isa = PBXBuildFile; fileRef = 3B21176825CBF14700E685A3 /* WeatherIcon.swift */; };
		3B21176C25CBF29B00E685A3 /* WeatherBuilder.swift in Sources */ = {isa = PBXBuildFile; fileRef = 3B21176B25CBF29B00E685A3 /* WeatherBuilder.swift */; };
		3B21176F25CBF70500E685A3 /* ForecastViewModel.swift in Sources */ = {isa = PBXBuildFile; fileRef = 3B21176E25CBF70500E685A3 /* ForecastViewModel.swift */; };
		3B21177225CBF85000E685A3 /* WeatherViewModel.swift in Sources */ = {isa = PBXBuildFile; fileRef = 3B21177125CBF85000E685A3 /* WeatherViewModel.swift */; };
		3B21177525CBF9F000E685A3 /* OpenWeatherMapService.swift in Sources */ = {isa = PBXBuildFile; fileRef = 3B21177425CBF9F000E685A3 /* OpenWeatherMapService.swift */; };
		3B21177925CCE01100E685A3 /* SwiftyJSON in Frameworks */ = {isa = PBXBuildFile; productRef = 3B21177825CCE01100E685A3 /* SwiftyJSON */; };
		3B21177C25CCE23600E685A3 /* ForecastDateTime.swift in Sources */ = {isa = PBXBuildFile; fileRef = 3B21177B25CCE23600E685A3 /* ForecastDateTime.swift */; };
		3B21178025CE463E00E685A3 /* ShareService.swift in Sources */ = {isa = PBXBuildFile; fileRef = 3B21177F25CE463E00E685A3 /* ShareService.swift */; };
/* End PBXBuildFile section */

/* Begin PBXFileReference section */
		3B21171925CBA8FB00E685A3 /* WeatherApp.app */ = {isa = PBXFileReference; explicitFileType = wrapper.application; includeInIndex = 0; path = WeatherApp.app; sourceTree = BUILT_PRODUCTS_DIR; };
		3B21171C25CBA8FB00E685A3 /* AppDelegate.swift */ = {isa = PBXFileReference; lastKnownFileType = sourcecode.swift; path = AppDelegate.swift; sourceTree = "<group>"; };
		3B21171E25CBA8FB00E685A3 /* SceneDelegate.swift */ = {isa = PBXFileReference; lastKnownFileType = sourcecode.swift; path = SceneDelegate.swift; sourceTree = "<group>"; };
		3B21172325CBA8FB00E685A3 /* Base */ = {isa = PBXFileReference; lastKnownFileType = file.storyboard; name = Base; path = Base.lproj/Main.storyboard; sourceTree = "<group>"; };
		3B21172525CBA90300E685A3 /* Assets.xcassets */ = {isa = PBXFileReference; lastKnownFileType = folder.assetcatalog; path = Assets.xcassets; sourceTree = "<group>"; };
		3B21172825CBA90300E685A3 /* Base */ = {isa = PBXFileReference; lastKnownFileType = file.storyboard; name = Base; path = Base.lproj/LaunchScreen.storyboard; sourceTree = "<group>"; };
		3B21172A25CBA90300E685A3 /* Info.plist */ = {isa = PBXFileReference; lastKnownFileType = text.plist.xml; path = Info.plist; sourceTree = "<group>"; };
		3B21173525CBC17D00E685A3 /* WeatherViewController.swift */ = {isa = PBXFileReference; lastKnownFileType = sourcecode.swift; path = WeatherViewController.swift; sourceTree = "<group>"; };
		3B21173A25CBC28900E685A3 /* Forecast.swift */ = {isa = PBXFileReference; lastKnownFileType = sourcecode.swift; path = Forecast.swift; sourceTree = "<group>"; };
		3B21173F25CBC2F000E685A3 /* Weather.swift */ = {isa = PBXFileReference; lastKnownFileType = sourcecode.swift; path = Weather.swift; sourceTree = "<group>"; };
		3B21174325CBC9AB00E685A3 /* weathericons-regular-webfont.ttf */ = {isa = PBXFileReference; lastKnownFileType = file; path = "weathericons-regular-webfont.ttf"; sourceTree = "<group>"; };
		3B21174725CBCDAC00E685A3 /* ForecastView.swift */ = {isa = PBXFileReference; lastKnownFileType = sourcecode.swift; path = ForecastView.swift; sourceTree = "<group>"; };
		3B21174B25CBCDBF00E685A3 /* ForecastView.xib */ = {isa = PBXFileReference; lastKnownFileType = file.xib; path = ForecastView.xib; sourceTree = "<group>"; };
		3B21175225CBE7FC00E685A3 /* Observable.swift */ = {isa = PBXFileReference; lastKnownFileType = sourcecode.swift; path = Observable.swift; sourceTree = "<group>"; };
		3B21175725CBE96500E685A3 /* LocationService.swift */ = {isa = PBXFileReference; lastKnownFileType = sourcecode.swift; path = LocationService.swift; sourceTree = "<group>"; };
		3B21175A25CBEA0500E685A3 /* Error.swift */ = {isa = PBXFileReference; lastKnownFileType = sourcecode.swift; path = Error.swift; sourceTree = "<group>"; };
		3B21175E25CBED3600E685A3 /* WeatherServiceProtocol.swift */ = {isa = PBXFileReference; lastKnownFileType = sourcecode.swift; path = WeatherServiceProtocol.swift; sourceTree = "<group>"; };
		3B21176225CBEFB800E685A3 /* Temperature.swift */ = {isa = PBXFileReference; lastKnownFileType = sourcecode.swift; path = Temperature.swift; sourceTree = "<group>"; };
		3B21176525CBF01400E685A3 /* TemperatureConverter.swift */ = {isa = PBXFileReference; lastKnownFileType = sourcecode.swift; path = TemperatureConverter.swift; sourceTree = "<group>"; };
		3B21176825CBF14700E685A3 /* WeatherIcon.swift */ = {isa = PBXFileReference; lastKnownFileType = sourcecode.swift; path = WeatherIcon.swift; sourceTree = "<group>"; };
		3B21176B25CBF29B00E685A3 /* WeatherBuilder.swift */ = {isa = PBXFileReference; lastKnownFileType = sourcecode.swift; path = WeatherBuilder.swift; sourceTree = "<group>"; };
		3B21176E25CBF70500E685A3 /* ForecastViewModel.swift */ = {isa = PBXFileReference; lastKnownFileType = sourcecode.swift; path = ForecastViewModel.swift; sourceTree = "<group>"; };
		3B21177125CBF85000E685A3 /* WeatherViewModel.swift */ = {isa = PBXFileReference; lastKnownFileType = sourcecode.swift; path = WeatherViewModel.swift; sourceTree = "<group>"; };
		3B21177425CBF9F000E685A3 /* OpenWeatherMapService.swift */ = {isa = PBXFileReference; lastKnownFileType = sourcecode.swift; path = OpenWeatherMapService.swift; sourceTree = "<group>"; };
		3B21177B25CCE23600E685A3 /* ForecastDateTime.swift */ = {isa = PBXFileReference; lastKnownFileType = sourcecode.swift; path = ForecastDateTime.swift; sourceTree = "<group>"; };
		3B21177F25CE463E00E685A3 /* ShareService.swift */ = {isa = PBXFileReference; lastKnownFileType = sourcecode.swift; path = ShareService.swift; sourceTree = "<group>"; };
/* End PBXFileReference section */

/* Begin PBXFrameworksBuildPhase section */
		3B21171625CBA8FB00E685A3 /* Frameworks */ = {
			isa = PBXFrameworksBuildPhase;
			buildActionMask = 2147483647;
			files = (
				3B21177925CCE01100E685A3 /* SwiftyJSON in Frameworks */,
			);
			runOnlyForDeploymentPostprocessing = 0;
		};
/* End PBXFrameworksBuildPhase section */

/* Begin PBXGroup section */
		3B21171025CBA8FB00E685A3 = {
			isa = PBXGroup;
			children = (
				3B21171B25CBA8FB00E685A3 /* WeatherApp */,
				3B21171A25CBA8FB00E685A3 /* Products */,
			);
			sourceTree = "<group>";
		};
		3B21171A25CBA8FB00E685A3 /* Products */ = {
			isa = PBXGroup;
			children = (
				3B21171925CBA8FB00E685A3 /* WeatherApp.app */,
			);
			name = Products;
			sourceTree = "<group>";
		};
		3B21171B25CBA8FB00E685A3 /* WeatherApp */ = {
			isa = PBXGroup;
			children = (
				3B21175125CBE7E200E685A3 /* Common */,
				3B21174225CBC98D00E685A3 /* Fonts */,
				3B21173325CBC14200E685A3 /* Features */,
				3B21171C25CBA8FB00E685A3 /* AppDelegate.swift */,
				3B21171E25CBA8FB00E685A3 /* SceneDelegate.swift */,
				3B21173125CBA91F00E685A3 /* Storyboards */,
				3B21172525CBA90300E685A3 /* Assets.xcassets */,
				3B21172A25CBA90300E685A3 /* Info.plist */,
			);
			path = WeatherApp;
			sourceTree = "<group>";
		};
		3B21173125CBA91F00E685A3 /* Storyboards */ = {
			isa = PBXGroup;
			children = (
				3B21172225CBA8FB00E685A3 /* Main.storyboard */,
				3B21172725CBA90300E685A3 /* LaunchScreen.storyboard */,
			);
			path = Storyboards;
			sourceTree = "<group>";
		};
		3B21173325CBC14200E685A3 /* Features */ = {
			isa = PBXGroup;
			children = (
				3B21173825CBC20500E685A3 /* Forecast */,
				3B21173425CBC14C00E685A3 /* Weather */,
			);
			path = Features;
			sourceTree = "<group>";
		};
		3B21173425CBC14C00E685A3 /* Weather */ = {
			isa = PBXGroup;
			children = (
				3B21175D25CBED1100E685A3 /* Services */,
				3B21173E25CBC2CE00E685A3 /* Models */,
				3B21173525CBC17D00E685A3 /* WeatherViewController.swift */,
				3B21177125CBF85000E685A3 /* WeatherViewModel.swift */,
			);
			path = Weather;
			sourceTree = "<group>";
		};
		3B21173825CBC20500E685A3 /* Forecast */ = {
			isa = PBXGroup;
			children = (
				3B21174625CBCD8700E685A3 /* Views */,
				3B21173925CBC27900E685A3 /* Models */,
				3B21176E25CBF70500E685A3 /* ForecastViewModel.swift */,
			);
			path = Forecast;
			sourceTree = "<group>";
		};
		3B21173925CBC27900E685A3 /* Models */ = {
			isa = PBXGroup;
			children = (
				3B21173A25CBC28900E685A3 /* Forecast.swift */,
			);
			path = Models;
			sourceTree = "<group>";
		};
		3B21173E25CBC2CE00E685A3 /* Models */ = {
			isa = PBXGroup;
			children = (
				3B21173F25CBC2F000E685A3 /* Weather.swift */,
				3B21176225CBEFB800E685A3 /* Temperature.swift */,
				3B21176525CBF01400E685A3 /* TemperatureConverter.swift */,
				3B21176825CBF14700E685A3 /* WeatherIcon.swift */,
				3B21176B25CBF29B00E685A3 /* WeatherBuilder.swift */,
			);
			path = Models;
			sourceTree = "<group>";
		};
		3B21174225CBC98D00E685A3 /* Fonts */ = {
			isa = PBXGroup;
			children = (
				3B21174325CBC9AB00E685A3 /* weathericons-regular-webfont.ttf */,
			);
			path = Fonts;
			sourceTree = "<group>";
		};
		3B21174625CBCD8700E685A3 /* Views */ = {
			isa = PBXGroup;
			children = (
				3B21174725CBCDAC00E685A3 /* ForecastView.swift */,
				3B21174B25CBCDBF00E685A3 /* ForecastView.xib */,
			);
			path = Views;
			sourceTree = "<group>";
		};
		3B21175125CBE7E200E685A3 /* Common */ = {
			isa = PBXGroup;
			children = (
				3B21175225CBE7FC00E685A3 /* Observable.swift */,
				3B21175725CBE96500E685A3 /* LocationService.swift */,
				3B21175A25CBEA0500E685A3 /* Error.swift */,
				3B21177B25CCE23600E685A3 /* ForecastDateTime.swift */,
				3B21177F25CE463E00E685A3 /* ShareService.swift */,
			);
			path = Common;
			sourceTree = "<group>";
		};
		3B21175D25CBED1100E685A3 /* Services */ = {
			isa = PBXGroup;
			children = (
				3B21175E25CBED3600E685A3 /* WeatherServiceProtocol.swift */,
				3B21177425CBF9F000E685A3 /* OpenWeatherMapService.swift */,
			);
			path = Services;
			sourceTree = "<group>";
		};
/* End PBXGroup section */

/* Begin PBXNativeTarget section */
		3B21171825CBA8FB00E685A3 /* WeatherApp */ = {
			isa = PBXNativeTarget;
			buildConfigurationList = 3B21172D25CBA90300E685A3 /* Build configuration list for PBXNativeTarget "WeatherApp" */;
			buildPhases = (
				3B21171525CBA8FB00E685A3 /* Sources */,
				3B21171625CBA8FB00E685A3 /* Frameworks */,
				3B21171725CBA8FB00E685A3 /* Resources */,
			);
			buildRules = (
			);
			dependencies = (
			);
			name = WeatherApp;
			packageProductDependencies = (
				3B21177825CCE01100E685A3 /* SwiftyJSON */,
			);
			productName = WeatherApp;
			productReference = 3B21171925CBA8FB00E685A3 /* WeatherApp.app */;
			productType = "com.apple.product-type.application";
		};
/* End PBXNativeTarget section */

/* Begin PBXProject section */
		3B21171125CBA8FB00E685A3 /* Project object */ = {
			isa = PBXProject;
			attributes = {
				LastSwiftUpdateCheck = 1240;
				LastUpgradeCheck = 1240;
				TargetAttributes = {
					3B21171825CBA8FB00E685A3 = {
						CreatedOnToolsVersion = 12.4;
					};
				};
			};
			buildConfigurationList = 3B21171425CBA8FB00E685A3 /* Build configuration list for PBXProject "WeatherApp" */;
			compatibilityVersion = "Xcode 9.3";
			developmentRegion = en;
			hasScannedForEncodings = 0;
			knownRegions = (
				en,
				Base,
			);
			mainGroup = 3B21171025CBA8FB00E685A3;
			packageReferences = (
				3B21177725CCE01100E685A3 /* XCRemoteSwiftPackageReference "SwiftyJSON" */,
			);
			productRefGroup = 3B21171A25CBA8FB00E685A3 /* Products */;
			projectDirPath = "";
			projectRoot = "";
			targets = (
				3B21171825CBA8FB00E685A3 /* WeatherApp */,
			);
		};
/* End PBXProject section */

/* Begin PBXResourcesBuildPhase section */
		3B21171725CBA8FB00E685A3 /* Resources */ = {
			isa = PBXResourcesBuildPhase;
			buildActionMask = 2147483647;
			files = (
				3B21172925CBA90300E685A3 /* LaunchScreen.storyboard in Resources */,
				3B21172625CBA90300E685A3 /* Assets.xcassets in Resources */,
				3B21174425CBC9AB00E685A3 /* weathericons-regular-webfont.ttf in Resources */,
				3B21172425CBA8FB00E685A3 /* Main.storyboard in Resources */,
				3B21174C25CBCDBF00E685A3 /* ForecastView.xib in Resources */,
			);
			runOnlyForDeploymentPostprocessing = 0;
		};
/* End PBXResourcesBuildPhase section */

/* Begin PBXSourcesBuildPhase section */
		3B21171525CBA8FB00E685A3 /* Sources */ = {
			isa = PBXSourcesBuildPhase;
			buildActionMask = 2147483647;
			files = (
				3B21175325CBE7FC00E685A3 /* Observable.swift in Sources */,
				3B21177525CBF9F000E685A3 /* OpenWeatherMapService.swift in Sources */,
				3B21173B25CBC28900E685A3 /* Forecast.swift in Sources */,
				3B21175825CBE96500E685A3 /* LocationService.swift in Sources */,
				3B21176625CBF01400E685A3 /* TemperatureConverter.swift in Sources */,
				3B21171D25CBA8FB00E685A3 /* AppDelegate.swift in Sources */,
				3B21173625CBC17D00E685A3 /* WeatherViewController.swift in Sources */,
				3B21176C25CBF29B00E685A3 /* WeatherBuilder.swift in Sources */,
				3B21171F25CBA8FB00E685A3 /* SceneDelegate.swift in Sources */,
				3B21176325CBEFB800E685A3 /* Temperature.swift in Sources */,
				3B21176F25CBF70500E685A3 /* ForecastViewModel.swift in Sources */,
				3B21174025CBC2F000E685A3 /* Weather.swift in Sources */,
				3B21178025CE463E00E685A3 /* ShareService.swift in Sources */,
				3B21175B25CBEA0500E685A3 /* Error.swift in Sources */,
				3B21177C25CCE23600E685A3 /* ForecastDateTime.swift in Sources */,
				3B21175F25CBED3600E685A3 /* WeatherServiceProtocol.swift in Sources */,
				3B21177225CBF85000E685A3 /* WeatherViewModel.swift in Sources */,
				3B21174825CBCDAC00E685A3 /* ForecastView.swift in Sources */,
				3B21176925CBF14700E685A3 /* WeatherIcon.swift in Sources */,
			);
			runOnlyForDeploymentPostprocessing = 0;
		};
/* End PBXSourcesBuildPhase section */

/* Begin PBXVariantGroup section */
		3B21172225CBA8FB00E685A3 /* Main.storyboard */ = {
			isa = PBXVariantGroup;
			children = (
				3B21172325CBA8FB00E685A3 /* Base */,
			);
			name = Main.storyboard;
			sourceTree = "<group>";
		};
		3B21172725CBA90300E685A3 /* LaunchScreen.storyboard */ = {
			isa = PBXVariantGroup;
			children = (
				3B21172825CBA90300E685A3 /* Base */,
			);
			name = LaunchScreen.storyboard;
			sourceTree = "<group>";
		};
/* End PBXVariantGroup section */

/* Begin XCBuildConfiguration section */
		3B21172B25CBA90300E685A3 /* Debug */ = {
			isa = XCBuildConfiguration;
			buildSettings = {
				ALWAYS_SEARCH_USER_PATHS = NO;
				CLANG_ANALYZER_NONNULL = YES;
				CLANG_ANALYZER_NUMBER_OBJECT_CONVERSION = YES_AGGRESSIVE;
				CLANG_CXX_LANGUAGE_STANDARD = "gnu++14";
				CLANG_CXX_LIBRARY = "libc++";
				CLANG_ENABLE_MODULES = YES;
				CLANG_ENABLE_OBJC_ARC = YES;
				CLANG_ENABLE_OBJC_WEAK = YES;
				CLANG_WARN_BLOCK_CAPTURE_AUTORELEASING = YES;
				CLANG_WARN_BOOL_CONVERSION = YES;
				CLANG_WARN_COMMA = YES;
				CLANG_WARN_CONSTANT_CONVERSION = YES;
				CLANG_WARN_DEPRECATED_OBJC_IMPLEMENTATIONS = YES;
				CLANG_WARN_DIRECT_OBJC_ISA_USAGE = YES_ERROR;
				CLANG_WARN_DOCUMENTATION_COMMENTS = YES;
				CLANG_WARN_EMPTY_BODY = YES;
				CLANG_WARN_ENUM_CONVERSION = YES;
				CLANG_WARN_INFINITE_RECURSION = YES;
				CLANG_WARN_INT_CONVERSION = YES;
				CLANG_WARN_NON_LITERAL_NULL_CONVERSION = YES;
				CLANG_WARN_OBJC_IMPLICIT_RETAIN_SELF = YES;
				CLANG_WARN_OBJC_LITERAL_CONVERSION = YES;
				CLANG_WARN_OBJC_ROOT_CLASS = YES_ERROR;
				CLANG_WARN_QUOTED_INCLUDE_IN_FRAMEWORK_HEADER = YES;
				CLANG_WARN_RANGE_LOOP_ANALYSIS = YES;
				CLANG_WARN_STRICT_PROTOTYPES = YES;
				CLANG_WARN_SUSPICIOUS_MOVE = YES;
				CLANG_WARN_UNGUARDED_AVAILABILITY = YES_AGGRESSIVE;
				CLANG_WARN_UNREACHABLE_CODE = YES;
				CLANG_WARN__DUPLICATE_METHOD_MATCH = YES;
				COPY_PHASE_STRIP = NO;
				DEBUG_INFORMATION_FORMAT = dwarf;
				ENABLE_STRICT_OBJC_MSGSEND = YES;
				ENABLE_TESTABILITY = YES;
				GCC_C_LANGUAGE_STANDARD = gnu11;
				GCC_DYNAMIC_NO_PIC = NO;
				GCC_NO_COMMON_BLOCKS = YES;
				GCC_OPTIMIZATION_LEVEL = 0;
				GCC_PREPROCESSOR_DEFINITIONS = (
					"DEBUG=1",
					"$(inherited)",
				);
				GCC_WARN_64_TO_32_BIT_CONVERSION = YES;
				GCC_WARN_ABOUT_RETURN_TYPE = YES_ERROR;
				GCC_WARN_UNDECLARED_SELECTOR = YES;
				GCC_WARN_UNINITIALIZED_AUTOS = YES_AGGRESSIVE;
				GCC_WARN_UNUSED_FUNCTION = YES;
				GCC_WARN_UNUSED_VARIABLE = YES;
				IPHONEOS_DEPLOYMENT_TARGET = 14.4;
				MTL_ENABLE_DEBUG_INFO = INCLUDE_SOURCE;
				MTL_FAST_MATH = YES;
				ONLY_ACTIVE_ARCH = YES;
				SDKROOT = iphoneos;
				SWIFT_ACTIVE_COMPILATION_CONDITIONS = DEBUG;
				SWIFT_OPTIMIZATION_LEVEL = "-Onone";
			};
			name = Debug;
		};
		3B21172C25CBA90300E685A3 /* Release */ = {
			isa = XCBuildConfiguration;
			buildSettings = {
				ALWAYS_SEARCH_USER_PATHS = NO;
				CLANG_ANALYZER_NONNULL = YES;
				CLANG_ANALYZER_NUMBER_OBJECT_CONVERSION = YES_AGGRESSIVE;
				CLANG_CXX_LANGUAGE_STANDARD = "gnu++14";
				CLANG_CXX_LIBRARY = "libc++";
				CLANG_ENABLE_MODULES = YES;
				CLANG_ENABLE_OBJC_ARC = YES;
				CLANG_ENABLE_OBJC_WEAK = YES;
				CLANG_WARN_BLOCK_CAPTURE_AUTORELEASING = YES;
				CLANG_WARN_BOOL_CONVERSION = YES;
				CLANG_WARN_COMMA = YES;
				CLANG_WARN_CONSTANT_CONVERSION = YES;
				CLANG_WARN_DEPRECATED_OBJC_IMPLEMENTATIONS = YES;
				CLANG_WARN_DIRECT_OBJC_ISA_USAGE = YES_ERROR;
				CLANG_WARN_DOCUMENTATION_COMMENTS = YES;
				CLANG_WARN_EMPTY_BODY = YES;
				CLANG_WARN_ENUM_CONVERSION = YES;
				CLANG_WARN_INFINITE_RECURSION = YES;
				CLANG_WARN_INT_CONVERSION = YES;
				CLANG_WARN_NON_LITERAL_NULL_CONVERSION = YES;
				CLANG_WARN_OBJC_IMPLICIT_RETAIN_SELF = YES;
				CLANG_WARN_OBJC_LITERAL_CONVERSION = YES;
				CLANG_WARN_OBJC_ROOT_CLASS = YES_ERROR;
				CLANG_WARN_QUOTED_INCLUDE_IN_FRAMEWORK_HEADER = YES;
				CLANG_WARN_RANGE_LOOP_ANALYSIS = YES;
				CLANG_WARN_STRICT_PROTOTYPES = YES;
				CLANG_WARN_SUSPICIOUS_MOVE = YES;
				CLANG_WARN_UNGUARDED_AVAILABILITY = YES_AGGRESSIVE;
				CLANG_WARN_UNREACHABLE_CODE = YES;
				CLANG_WARN__DUPLICATE_METHOD_MATCH = YES;
				COPY_PHASE_STRIP = NO;
				DEBUG_INFORMATION_FORMAT = "dwarf-with-dsym";
				ENABLE_NS_ASSERTIONS = NO;
				ENABLE_STRICT_OBJC_MSGSEND = YES;
				GCC_C_LANGUAGE_STANDARD = gnu11;
				GCC_NO_COMMON_BLOCKS = YES;
				GCC_WARN_64_TO_32_BIT_CONVERSION = YES;
				GCC_WARN_ABOUT_RETURN_TYPE = YES_ERROR;
				GCC_WARN_UNDECLARED_SELECTOR = YES;
				GCC_WARN_UNINITIALIZED_AUTOS = YES_AGGRESSIVE;
				GCC_WARN_UNUSED_FUNCTION = YES;
				GCC_WARN_UNUSED_VARIABLE = YES;
				IPHONEOS_DEPLOYMENT_TARGET = 14.4;
				MTL_ENABLE_DEBUG_INFO = NO;
				MTL_FAST_MATH = YES;
				SDKROOT = iphoneos;
				SWIFT_COMPILATION_MODE = wholemodule;
				SWIFT_OPTIMIZATION_LEVEL = "-O";
				VALIDATE_PRODUCT = YES;
			};
			name = Release;
		};
		3B21172E25CBA90300E685A3 /* Debug */ = {
			isa = XCBuildConfiguration;
			buildSettings = {
				ASSETCATALOG_COMPILER_APPICON_NAME = AppIcon;
				ASSETCATALOG_COMPILER_GLOBAL_ACCENT_COLOR_NAME = AccentColor;
				CODE_SIGN_STYLE = Automatic;
				DEVELOPMENT_TEAM = 4UW8B3X7J9;
				INFOPLIST_FILE = WeatherApp/Info.plist;
				LD_RUNPATH_SEARCH_PATHS = (
					"$(inherited)",
					"@executable_path/Frameworks",
				);
				PRODUCT_BUNDLE_IDENTIFIER = cn.com.tTao.WeatherApp;
				PRODUCT_NAME = "$(TARGET_NAME)";
				SWIFT_VERSION = 5.0;
				TARGETED_DEVICE_FAMILY = "1,2";
			};
			name = Debug;
		};
		3B21172F25CBA90300E685A3 /* Release */ = {
			isa = XCBuildConfiguration;
			buildSettings = {
				ASSETCATALOG_COMPILER_APPICON_NAME = AppIcon;
				ASSETCATALOG_COMPILER_GLOBAL_ACCENT_COLOR_NAME = AccentColor;
				CODE_SIGN_STYLE = Automatic;
				DEVELOPMENT_TEAM = 4UW8B3X7J9;
				INFOPLIST_FILE = WeatherApp/Info.plist;
				LD_RUNPATH_SEARCH_PATHS = (
					"$(inherited)",
					"@executable_path/Frameworks",
				);
				PRODUCT_BUNDLE_IDENTIFIER = cn.com.tTao.WeatherApp;
				PRODUCT_NAME = "$(TARGET_NAME)";
				SWIFT_VERSION = 5.0;
				TARGETED_DEVICE_FAMILY = "1,2";
			};
			name = Release;
		};
/* End XCBuildConfiguration section */

/* Begin XCConfigurationList section */
		3B21171425CBA8FB00E685A3 /* Build configuration list for PBXProject "WeatherApp" */ = {
			isa = XCConfigurationList;
			buildConfigurations = (
				3B21172B25CBA90300E685A3 /* Debug */,
				3B21172C25CBA90300E685A3 /* Release */,
			);
			defaultConfigurationIsVisible = 0;
			defaultConfigurationName = Release;
		};
		3B21172D25CBA90300E685A3 /* Build configuration list for PBXNativeTarget "WeatherApp" */ = {
			isa = XCConfigurationList;
			buildConfigurations = (
				3B21172E25CBA90300E685A3 /* Debug */,
				3B21172F25CBA90300E685A3 /* Release */,
			);
			defaultConfigurationIsVisible = 0;
			defaultConfigurationName = Release;
		};
/* End XCConfigurationList section */

/* Begin XCRemoteSwiftPackageReference section */
		3B21177725CCE01100E685A3 /* XCRemoteSwiftPackageReference "SwiftyJSON" */ = {
			isa = XCRemoteSwiftPackageReference;
			repositoryURL = "https://github.com/SwiftyJSON/SwiftyJSON.git";
			requirement = {
				kind = upToNextMajorVersion;
				minimumVersion = 5.0.0;
			};
		};
/* End XCRemoteSwiftPackageReference section */

/* Begin XCSwiftPackageProductDependency section */
		3B21177825CCE01100E685A3 /* SwiftyJSON */ = {
			isa = XCSwiftPackageProductDependency;
			package = 3B21177725CCE01100E685A3 /* XCRemoteSwiftPackageReference "SwiftyJSON" */;
			productName = SwiftyJSON;
		};
/* End XCSwiftPackageProductDependency section */
	};
	rootObject = 3B21171125CBA8FB00E685A3 /* Project object */;
}
